
Microsoft Visual Studio Solution File, Format Version 12.00
# Visual Studio Version 17
Project("{8BC9CEB8-8B4A-11D0-8D11-00A0C91BC942}") = "ALL_BUILD", "ALL_BUILD.vcxproj", "{5C826545-D92A-35ED-8028-6D5F874F3C38}"
	ProjectSection(ProjectDependencies) = postProject
		{227B7A2B-128B-3EFC-8D93-C23E7D78C6EF} = {227B7A2B-128B-3EFC-8D93-C23E7D78C6EF}
		{C01F7B37-5FF8-3F86-9EC6-A5E253F1C2AE} = {C01F7B37-5FF8-3F86-9EC6-A5E253F1C2AE}
		{30D7DF26-DA43-3A49-B24A-CFD0804AF2C4} = {30D7DF26-DA43-3A49-B24A-CFD0804AF2C4}
		{8155A764-A27E-39B6-A38E-D279B23E5A7C} = {8155A764-A27E-39B6-A38E-D279B23E5A7C}
	EndProjectSection
EndProject
Project("{8BC9CEB8-8B4A-11D0-8D11-00A0C91BC942}") = "INSTALL", "INSTALL.vcxproj", "{E8D266DD-8337-3D82-8085-643BB77712CE}"
	ProjectSection(ProjectDependencies) = postProject
		{5C826545-D92A-35ED-8028-6D5F874F3C38} = {5C826545-D92A-35ED-8028-6D5F874F3C38}
		{227B7A2B-128B-3EFC-8D93-C23E7D78C6EF} = {227B7A2B-128B-3EFC-8D93-C23E7D78C6EF}
	EndProjectSection
EndProject
Project("{8BC9CEB8-8B4A-11D0-8D11-00A0C91BC942}") = "RUN_TESTS", "RUN_TESTS.vcxproj", "{FB5CC804-DCA3-338E-B3AC-84FC21914089}"
	ProjectSection(ProjectDependencies) = postProject
		{227B7A2B-128B-3EFC-8D93-C23E7D78C6EF} = {227B7A2B-128B-3EFC-8D93-C23E7D78C6EF}
	EndProjectSection
EndProject
Project("{8BC9CEB8-8B4A-11D0-8D11-00A0C91BC942}") = "ZERO_CHECK", "..\\ZERO_CHECK.vcxproj", "{227B7A2B-128B-3EFC-8D93-C23E7D78C6EF}"
	ProjectSection(ProjectDependencies) = postProject
	EndProjectSection
EndProject
Project("{8BC9CEB8-8B4A-11D0-8D11-00A0C91BC942}") = "dcmdata", "..\dcmdata\libsrc\dcmdata.vcxproj", "{D1FCF2FC-2240-32F9-80C9-1FC470223A4B}"
	ProjectSection(ProjectDependencies) = postProject
		{227B7A2B-128B-3EFC-8D93-C23E7D78C6EF} = {227B7A2B-128B-3EFC-8D93-C23E7D78C6EF}
		{28D5B11C-79E0-3E62-AF2A-763B078637E0} = {28D5B11C-79E0-3E62-AF2A-763B078637E0}
		{2221AE82-6C37-374A-963A-AD3C33D3F0F0} = {2221AE82-6C37-374A-963A-AD3C33D3F0F0}
	EndProjectSection
EndProject
Project("{8BC9CEB8-8B4A-11D0-8D11-00A0C91BC942}") = "dcmnet", "..\dcmnet\libsrc\dcmnet.vcxproj", "{BAD96C48-5BE4-3870-9C6B-15EFDB6B69E3}"
	ProjectSection(ProjectDependencies) = postProject
		{227B7A2B-128B-3EFC-8D93-C23E7D78C6EF} = {227B7A2B-128B-3EFC-8D93-C23E7D78C6EF}
		{D1FCF2FC-2240-32F9-80C9-1FC470223A4B} = {D1FCF2FC-2240-32F9-80C9-1FC470223A4B}
		{28D5B11C-79E0-3E62-AF2A-763B078637E0} = {28D5B11C-79E0-3E62-AF2A-763B078637E0}
		{2221AE82-6C37-374A-963A-AD3C33D3F0F0} = {2221AE82-6C37-374A-963A-AD3C33D3F0F0}
	EndProjectSection
EndProject
Project("{8BC9CEB8-8B4A-11D0-8D11-00A0C91BC942}") = "dcmtls", "..\dcmtls\libsrc\dcmtls.vcxproj", "{96F48DBE-3B09-38E1-9C38-246022AACC6D}"
	ProjectSection(ProjectDependencies) = postProject
		{227B7A2B-128B-3EFC-8D93-C23E7D78C6EF} = {227B7A2B-128B-3EFC-8D93-C23E7D78C6EF}
		{D1FCF2FC-2240-32F9-80C9-1FC470223A4B} = {D1FCF2FC-2240-32F9-80C9-1FC470223A4B}
		{BAD96C48-5BE4-3870-9C6B-15EFDB6B69E3} = {BAD96C48-5BE4-3870-9C6B-15EFDB6B69E3}
		{28D5B11C-79E0-3E62-AF2A-763B078637E0} = {28D5B11C-79E0-3E62-AF2A-763B078637E0}
		{2221AE82-6C37-374A-963A-AD3C33D3F0F0} = {2221AE82-6C37-374A-963A-AD3C33D3F0F0}
	EndProjectSection
EndProject
Project("{8BC9CEB8-8B4A-11D0-8D11-00A0C91BC942}") = "dcmwlm", "libsrc\dcmwlm.vcxproj", "{C01F7B37-5FF8-3F86-9EC6-A5E253F1C2AE}"
	ProjectSection(ProjectDependencies) = postProject
		{227B7A2B-128B-3EFC-8D93-C23E7D78C6EF} = {227B7A2B-128B-3EFC-8D93-C23E7D78C6EF}
		{D1FCF2FC-2240-32F9-80C9-1FC470223A4B} = {D1FCF2FC-2240-32F9-80C9-1FC470223A4B}
		{BAD96C48-5BE4-3870-9C6B-15EFDB6B69E3} = {BAD96C48-5BE4-3870-9C6B-15EFDB6B69E3}
		{28D5B11C-79E0-3E62-AF2A-763B078637E0} = {28D5B11C-79E0-3E62-AF2A-763B078637E0}
		{2221AE82-6C37-374A-963A-AD3C33D3F0F0} = {2221AE82-6C37-374A-963A-AD3C33D3F0F0}
	EndProjectSection
EndProject
Project("{8BC9CEB8-8B4A-11D0-8D11-00A0C91BC942}") = "oflog", "..\oflog\libsrc\oflog.vcxproj", "{28D5B11C-79E0-3E62-AF2A-763B078637E0}"
	ProjectSection(ProjectDependencies) = postProject
		{227B7A2B-128B-3EFC-8D93-C23E7D78C6EF} = {227B7A2B-128B-3EFC-8D93-C23E7D78C6EF}
		{2221AE82-6C37-374A-963A-AD3C33D3F0F0} = {2221AE82-6C37-374A-963A-AD3C33D3F0F0}
	EndProjectSection
EndProject
Project("{8BC9CEB8-8B4A-11D0-8D11-00A0C91BC942}") = "ofstd", "..\ofstd\libsrc\ofstd.vcxproj", "{2221AE82-6C37-374A-963A-AD3C33D3F0F0}"
	ProjectSection(ProjectDependencies) = postProject
		{227B7A2B-128B-3EFC-8D93-C23E7D78C6EF} = {227B7A2B-128B-3EFC-8D93-C23E7D78C6EF}
	EndProjectSection
EndProject
Project("{8BC9CEB8-8B4A-11D0-8D11-00A0C91BC942}") = "wlmscpfs", "apps\wlmscpfs.vcxproj", "{30D7DF26-DA43-3A49-B24A-CFD0804AF2C4}"
	ProjectSection(ProjectDependencies) = postProject
		{227B7A2B-128B-3EFC-8D93-C23E7D78C6EF} = {227B7A2B-128B-3EFC-8D93-C23E7D78C6EF}
		{D1FCF2FC-2240-32F9-80C9-1FC470223A4B} = {D1FCF2FC-2240-32F9-80C9-1FC470223A4B}
		{BAD96C48-5BE4-3870-9C6B-15EFDB6B69E3} = {BAD96C48-5BE4-3870-9C6B-15EFDB6B69E3}
		{96F48DBE-3B09-38E1-9C38-246022AACC6D} = {96F48DBE-3B09-38E1-9C38-246022AACC6D}
		{C01F7B37-5FF8-3F86-9EC6-A5E253F1C2AE} = {C01F7B37-5FF8-3F86-9EC6-A5E253F1C2AE}
		{28D5B11C-79E0-3E62-AF2A-763B078637E0} = {28D5B11C-79E0-3E62-AF2A-763B078637E0}
		{2221AE82-6C37-374A-963A-AD3C33D3F0F0} = {2221AE82-6C37-374A-963A-AD3C33D3F0F0}
	EndProjectSection
EndProject
Project("{8BC9CEB8-8B4A-11D0-8D11-00A0C91BC942}") = "wltest", "tests\wltest.vcxproj", "{8155A764-A27E-39B6-A38E-D279B23E5A7C}"
	ProjectSection(ProjectDependencies) = postProject
		{227B7A2B-128B-3EFC-8D93-C23E7D78C6EF} = {227B7A2B-128B-3EFC-8D93-C23E7D78C6EF}
		{D1FCF2FC-2240-32F9-80C9-1FC470223A4B} = {D1FCF2FC-2240-32F9-80C9-1FC470223A4B}
		{BAD96C48-5BE4-3870-9C6B-15EFDB6B69E3} = {BAD96C48-5BE4-3870-9C6B-15EFDB6B69E3}
		{96F48DBE-3B09-38E1-9C38-246022AACC6D} = {96F48DBE-3B09-38E1-9C38-246022AACC6D}
		{C01F7B37-5FF8-3F86-9EC6-A5E253F1C2AE} = {C01F7B37-5FF8-3F86-9EC6-A5E253F1C2AE}
		{28D5B11C-79E0-3E62-AF2A-763B078637E0} = {28D5B11C-79E0-3E62-AF2A-763B078637E0}
		{2221AE82-6C37-374A-963A-AD3C33D3F0F0} = {2221AE82-6C37-374A-963A-AD3C33D3F0F0}
	EndProjectSection
EndProject
Global
	GlobalSection(SolutionConfigurationPlatforms) = preSolution
		Debug|x64 = Debug|x64
		Release|x64 = Release|x64
		MinSizeRel|x64 = MinSizeRel|x64
		RelWithDebInfo|x64 = RelWithDebInfo|x64
	EndGlobalSection
	GlobalSection(ProjectConfigurationPlatforms) = postSolution
		{5C826545-D92A-35ED-8028-6D5F874F3C38}.Debug|x64.ActiveCfg = Debug|x64
		{5C826545-D92A-35ED-8028-6D5F874F3C38}.Debug|x64.Build.0 = Debug|x64
		{5C826545-D92A-35ED-8028-6D5F874F3C38}.Release|x64.ActiveCfg = Release|x64
		{5C826545-D92A-35ED-8028-6D5F874F3C38}.Release|x64.Build.0 = Release|x64
		{5C826545-D92A-35ED-8028-6D5F874F3C38}.MinSizeRel|x64.ActiveCfg = MinSizeRel|x64
		{5C826545-D92A-35ED-8028-6D5F874F3C38}.MinSizeRel|x64.Build.0 = MinSizeRel|x64
		{5C826545-D92A-35ED-8028-6D5F874F3C38}.RelWithDebInfo|x64.ActiveCfg = RelWithDebInfo|x64
		{5C826545-D92A-35ED-8028-6D5F874F3C38}.RelWithDebInfo|x64.Build.0 = RelWithDebInfo|x64
		{E8D266DD-8337-3D82-8085-643BB77712CE}.Debug|x64.ActiveCfg = Debug|x64
		{E8D266DD-8337-3D82-8085-643BB77712CE}.Release|x64.ActiveCfg = Release|x64
		{E8D266DD-8337-3D82-8085-643BB77712CE}.MinSizeRel|x64.ActiveCfg = MinSizeRel|x64
		{E8D266DD-8337-3D82-8085-643BB77712CE}.RelWithDebInfo|x64.ActiveCfg = RelWithDebInfo|x64
		{FB5CC804-DCA3-338E-B3AC-84FC21914089}.Debug|x64.ActiveCfg = Debug|x64
		{FB5CC804-DCA3-338E-B3AC-84FC21914089}.Release|x64.ActiveCfg = Release|x64
		{FB5CC804-DCA3-338E-B3AC-84FC21914089}.MinSizeRel|x64.ActiveCfg = MinSizeRel|x64
		{FB5CC804-DCA3-338E-B3AC-84FC21914089}.RelWithDebInfo|x64.ActiveCfg = RelWithDebInfo|x64
		{227B7A2B-128B-3EFC-8D93-C23E7D78C6EF}.Debug|x64.ActiveCfg = Debug|x64
		{227B7A2B-128B-3EFC-8D93-C23E7D78C6EF}.Debug|x64.Build.0 = Debug|x64
		{227B7A2B-128B-3EFC-8D93-C23E7D78C6EF}.Release|x64.ActiveCfg = Release|x64
		{227B7A2B-128B-3EFC-8D93-C23E7D78C6EF}.Release|x64.Build.0 = Release|x64
		{227B7A2B-128B-3EFC-8D93-C23E7D78C6EF}.MinSizeRel|x64.ActiveCfg = MinSizeRel|x64
		{227B7A2B-128B-3EFC-8D93-C23E7D78C6EF}.MinSizeRel|x64.Build.0 = MinSizeRel|x64
		{227B7A2B-128B-3EFC-8D93-C23E7D78C6EF}.RelWithDebInfo|x64.ActiveCfg = RelWithDebInfo|x64
		{227B7A2B-128B-3EFC-8D93-C23E7D78C6EF}.RelWithDebInfo|x64.Build.0 = RelWithDebInfo|x64
		{D1FCF2FC-2240-32F9-80C9-1FC470223A4B}.Debug|x64.ActiveCfg = Debug|x64
		{D1FCF2FC-2240-32F9-80C9-1FC470223A4B}.Debug|x64.Build.0 = Debug|x64
		{D1FCF2FC-2240-32F9-80C9-1FC470223A4B}.Release|x64.ActiveCfg = Release|x64
		{D1FCF2FC-2240-32F9-80C9-1FC470223A4B}.Release|x64.Build.0 = Release|x64
		{D1FCF2FC-2240-32F9-80C9-1FC470223A4B}.MinSizeRel|x64.ActiveCfg = MinSizeRel|x64
		{D1FCF2FC-2240-32F9-80C9-1FC470223A4B}.MinSizeRel|x64.Build.0 = MinSizeRel|x64
		{D1FCF2FC-2240-32F9-80C9-1FC470223A4B}.RelWithDebInfo|x64.ActiveCfg = RelWithDebInfo|x64
		{D1FCF2FC-2240-32F9-80C9-1FC470223A4B}.RelWithDebInfo|x64.Build.0 = RelWithDebInfo|x64
		{BAD96C48-5BE4-3870-9C6B-15EFDB6B69E3}.Debug|x64.ActiveCfg = Debug|x64
		{BAD96C48-5BE4-3870-9C6B-15EFDB6B69E3}.Debug|x64.Build.0 = Debug|x64
		{BAD96C48-5BE4-3870-9C6B-15EFDB6B69E3}.Release|x64.ActiveCfg = Release|x64
		{BAD96C48-5BE4-3870-9C6B-15EFDB6B69E3}.Release|x64.Build.0 = Release|x64
		{BAD96C48-5BE4-3870-9C6B-15EFDB6B69E3}.MinSizeRel|x64.ActiveCfg = MinSizeRel|x64
		{BAD96C48-5BE4-3870-9C6B-15EFDB6B69E3}.MinSizeRel|x64.Build.0 = MinSizeRel|x64
		{BAD96C48-5BE4-3870-9C6B-15EFDB6B69E3}.RelWithDebInfo|x64.ActiveCfg = RelWithDebInfo|x64
		{BAD96C48-5BE4-3870-9C6B-15EFDB6B69E3}.RelWithDebInfo|x64.Build.0 = RelWithDebInfo|x64
		{96F48DBE-3B09-38E1-9C38-246022AACC6D}.Debug|x64.ActiveCfg = Debug|x64
		{96F48DBE-3B09-38E1-9C38-246022AACC6D}.Debug|x64.Build.0 = Debug|x64
		{96F48DBE-3B09-38E1-9C38-246022AACC6D}.Release|x64.ActiveCfg = Release|x64
		{96F48DBE-3B09-38E1-9C38-246022AACC6D}.Release|x64.Build.0 = Release|x64
		{96F48DBE-3B09-38E1-9C38-246022AACC6D}.MinSizeRel|x64.ActiveCfg = MinSizeRel|x64
		{96F48DBE-3B09-38E1-9C38-246022AACC6D}.MinSizeRel|x64.Build.0 = MinSizeRel|x64
		{96F48DBE-3B09-38E1-9C38-246022AACC6D}.RelWithDebInfo|x64.ActiveCfg = RelWithDebInfo|x64
		{96F48DBE-3B09-38E1-9C38-246022AACC6D}.RelWithDebInfo|x64.Build.0 = RelWithDebInfo|x64
		{C01F7B37-5FF8-3F86-9EC6-A5E253F1C2AE}.Debug|x64.ActiveCfg = Debug|x64
		{C01F7B37-5FF8-3F86-9EC6-A5E253F1C2AE}.Debug|x64.Build.0 = Debug|x64
		{C01F7B37-5FF8-3F86-9EC6-A5E253F1C2AE}.Release|x64.ActiveCfg = Release|x64
		{C01F7B37-5FF8-3F86-9EC6-A5E253F1C2AE}.Release|x64.Build.0 = Release|x64
		{C01F7B37-5FF8-3F86-9EC6-A5E253F1C2AE}.MinSizeRel|x64.ActiveCfg = MinSizeRel|x64
		{C01F7B37-5FF8-3F86-9EC6-A5E253F1C2AE}.MinSizeRel|x64.Build.0 = MinSizeRel|x64
		{C01F7B37-5FF8-3F86-9EC6-A5E253F1C2AE}.RelWithDebInfo|x64.ActiveCfg = RelWithDebInfo|x64
		{C01F7B37-5FF8-3F86-9EC6-A5E253F1C2AE}.RelWithDebInfo|x64.Build.0 = RelWithDebInfo|x64
		{28D5B11C-79E0-3E62-AF2A-763B078637E0}.Debug|x64.ActiveCfg = Debug|x64
		{28D5B11C-79E0-3E62-AF2A-763B078637E0}.Debug|x64.Build.0 = Debug|x64
		{28D5B11C-79E0-3E62-AF2A-763B078637E0}.Release|x64.ActiveCfg = Release|x64
		{28D5B11C-79E0-3E62-AF2A-763B078637E0}.Release|x64.Build.0 = Release|x64
		{28D5B11C-79E0-3E62-AF2A-763B078637E0}.MinSizeRel|x64.ActiveCfg = MinSizeRel|x64
		{28D5B11C-79E0-3E62-AF2A-763B078637E0}.MinSizeRel|x64.Build.0 = MinSizeRel|x64
		{28D5B11C-79E0-3E62-AF2A-763B078637E0}.RelWithDebInfo|x64.ActiveCfg = RelWithDebInfo|x64
		{28D5B11C-79E0-3E62-AF2A-763B078637E0}.RelWithDebInfo|x64.Build.0 = RelWithDebInfo|x64
		{2221AE82-6C37-374A-963A-AD3C33D3F0F0}.Debug|x64.ActiveCfg = Debug|x64
		{2221AE82-6C37-374A-963A-AD3C33D3F0F0}.Debug|x64.Build.0 = Debug|x64
		{2221AE82-6C37-374A-963A-AD3C33D3F0F0}.Release|x64.ActiveCfg = Release|x64
		{2221AE82-6C37-374A-963A-AD3C33D3F0F0}.Release|x64.Build.0 = Release|x64
		{2221AE82-6C37-374A-963A-AD3C33D3F0F0}.MinSizeRel|x64.ActiveCfg = MinSizeRel|x64
		{2221AE82-6C37-374A-963A-AD3C33D3F0F0}.MinSizeRel|x64.Build.0 = MinSizeRel|x64
		{2221AE82-6C37-374A-963A-AD3C33D3F0F0}.RelWithDebInfo|x64.ActiveCfg = RelWithDebInfo|x64
		{2221AE82-6C37-374A-963A-AD3C33D3F0F0}.RelWithDebInfo|x64.Build.0 = RelWithDebInfo|x64
		{30D7DF26-DA43-3A49-B24A-CFD0804AF2C4}.Debug|x64.ActiveCfg = Debug|x64
		{30D7DF26-DA43-3A49-B24A-CFD0804AF2C4}.Debug|x64.Build.0 = Debug|x64
		{30D7DF26-DA43-3A49-B24A-CFD0804AF2C4}.Release|x64.ActiveCfg = Release|x64
		{30D7DF26-DA43-3A49-B24A-CFD0804AF2C4}.Release|x64.Build.0 = Release|x64
		{30D7DF26-DA43-3A49-B24A-CFD0804AF2C4}.MinSizeRel|x64.ActiveCfg = MinSizeRel|x64
		{30D7DF26-DA43-3A49-B24A-CFD0804AF2C4}.MinSizeRel|x64.Build.0 = MinSizeRel|x64
		{30D7DF26-DA43-3A49-B24A-CFD0804AF2C4}.RelWithDebInfo|x64.ActiveCfg = RelWithDebInfo|x64
		{30D7DF26-DA43-3A49-B24A-CFD0804AF2C4}.RelWithDebInfo|x64.Build.0 = RelWithDebInfo|x64
		{8155A764-A27E-39B6-A38E-D279B23E5A7C}.Debug|x64.ActiveCfg = Debug|x64
		{8155A764-A27E-39B6-A38E-D279B23E5A7C}.Debug|x64.Build.0 = Debug|x64
		{8155A764-A27E-39B6-A38E-D279B23E5A7C}.Release|x64.ActiveCfg = Release|x64
		{8155A764-A27E-39B6-A38E-D279B23E5A7C}.Release|x64.Build.0 = Release|x64
		{8155A764-A27E-39B6-A38E-D279B23E5A7C}.MinSizeRel|x64.ActiveCfg = MinSizeRel|x64
		{8155A764-A27E-39B6-A38E-D279B23E5A7C}.MinSizeRel|x64.Build.0 = MinSizeRel|x64
		{8155A764-A27E-39B6-A38E-D279B23E5A7C}.RelWithDebInfo|x64.ActiveCfg = RelWithDebInfo|x64
		{8155A764-A27E-39B6-A38E-D279B23E5A7C}.RelWithDebInfo|x64.Build.0 = RelWithDebInfo|x64
	EndGlobalSection
	GlobalSection(ExtensibilityGlobals) = postSolution
		SolutionGuid = {9351E637-130A-3010-B97F-FCB3C46536FC}
	EndGlobalSection
	GlobalSection(ExtensibilityAddIns) = postSolution
	EndGlobalSection
EndGlobal
