
Microsoft Visual Studio Solution File, Format Version 12.00
# Visual Studio Version 17
Project("{8BC9CEB8-8B4A-11D0-8D11-00A0C91BC942}") = "ALL_BUILD", "ALL_BUILD.vcxproj", "{020F5A4B-4AE1-33E6-BE04-CAE967157B8C}"
	ProjectSection(ProjectDependencies) = postProject
		{CA1738A5-5F45-3D69-B5CB-54D1B4D41ECE} = {CA1738A5-5F45-3D69-B5CB-54D1B4D41ECE}
		{EF4E316A-EBB5-3E41-B534-B68BA8554D0C} = {EF4E316A-EBB5-3E41-B534-B68BA8554D0C}
		{E594FC92-2866-3116-A2EB-D7E0CED7F11C} = {E594FC92-2866-3116-A2EB-D7E0CED7F11C}
		{1ED00DC2-794A-38D6-B9A0-DAC29AEFBDD3} = {1ED00DC2-794A-38D6-B9A0-DAC29AEFBDD3}
		{7FF8D1F5-5489-3667-8D21-15C209C8F5BE} = {7FF8D1F5-5489-3667-8D21-15C209C8F5BE}
		{3D687723-752F-324E-B78E-932C3CEB3F0D} = {3D687723-752F-324E-B78E-932C3CEB3F0D}
		{C7D57C3A-3AC1-351B-9E53-08A96BE2AB38} = {C7D57C3A-3AC1-351B-9E53-08A96BE2AB38}
		{A8DE32E0-A894-3926-86CE-F7849CD9BA20} = {A8DE32E0-A894-3926-86CE-F7849CD9BA20}
		{F987C42B-5AFF-33E2-BB2B-B5577E4D24DA} = {F987C42B-5AFF-33E2-BB2B-B5577E4D24DA}
		{3201111C-9430-38C6-AC9D-93D4187503F5} = {3201111C-9430-38C6-AC9D-93D4187503F5}
		{9A226D91-69E3-3BD3-888A-BE5D80BEC93B} = {9A226D91-69E3-3BD3-888A-BE5D80BEC93B}
		{57C12035-3703-3279-952E-7BD711176225} = {57C12035-3703-3279-952E-7BD711176225}
		{B124CE02-6410-3B99-B703-83051FC16A3C} = {B124CE02-6410-3B99-B703-83051FC16A3C}
	EndProjectSection
EndProject
Project("{8BC9CEB8-8B4A-11D0-8D11-00A0C91BC942}") = "INSTALL", "INSTALL.vcxproj", "{C20DE1F6-2E42-3E06-990E-0645C4A43A1B}"
	ProjectSection(ProjectDependencies) = postProject
		{020F5A4B-4AE1-33E6-BE04-CAE967157B8C} = {020F5A4B-4AE1-33E6-BE04-CAE967157B8C}
		{CA1738A5-5F45-3D69-B5CB-54D1B4D41ECE} = {CA1738A5-5F45-3D69-B5CB-54D1B4D41ECE}
	EndProjectSection
EndProject
Project("{8BC9CEB8-8B4A-11D0-8D11-00A0C91BC942}") = "RUN_TESTS", "RUN_TESTS.vcxproj", "{E25918E1-2977-3618-A8ED-D05320FD025E}"
	ProjectSection(ProjectDependencies) = postProject
		{CA1738A5-5F45-3D69-B5CB-54D1B4D41ECE} = {CA1738A5-5F45-3D69-B5CB-54D1B4D41ECE}
	EndProjectSection
EndProject
Project("{8BC9CEB8-8B4A-11D0-8D11-00A0C91BC942}") = "ZERO_CHECK", "..\\ZERO_CHECK.vcxproj", "{CA1738A5-5F45-3D69-B5CB-54D1B4D41ECE}"
	ProjectSection(ProjectDependencies) = postProject
	EndProjectSection
EndProject
Project("{8BC9CEB8-8B4A-11D0-8D11-00A0C91BC942}") = "dcmdata", "..\dcmdata\libsrc\dcmdata.vcxproj", "{5683008B-CD9C-3259-81E1-6479B60B96E7}"
	ProjectSection(ProjectDependencies) = postProject
		{CA1738A5-5F45-3D69-B5CB-54D1B4D41ECE} = {CA1738A5-5F45-3D69-B5CB-54D1B4D41ECE}
		{02C978AA-2BBF-39B2-919F-574286D90B46} = {02C978AA-2BBF-39B2-919F-574286D90B46}
		{7B6A3B36-ABE7-30B5-8E79-48CDF3563F3A} = {7B6A3B36-ABE7-30B5-8E79-48CDF3563F3A}
	EndProjectSection
EndProject
Project("{8BC9CEB8-8B4A-11D0-8D11-00A0C91BC942}") = "dcmdsig", "..\dcmsign\libsrc\dcmdsig.vcxproj", "{0D8AC90C-8AD1-3932-AC07-FE1AC7BE8573}"
	ProjectSection(ProjectDependencies) = postProject
		{CA1738A5-5F45-3D69-B5CB-54D1B4D41ECE} = {CA1738A5-5F45-3D69-B5CB-54D1B4D41ECE}
		{5683008B-CD9C-3259-81E1-6479B60B96E7} = {5683008B-CD9C-3259-81E1-6479B60B96E7}
		{02C978AA-2BBF-39B2-919F-574286D90B46} = {02C978AA-2BBF-39B2-919F-574286D90B46}
		{7B6A3B36-ABE7-30B5-8E79-48CDF3563F3A} = {7B6A3B36-ABE7-30B5-8E79-48CDF3563F3A}
	EndProjectSection
EndProject
Project("{8BC9CEB8-8B4A-11D0-8D11-00A0C91BC942}") = "dcmimage", "..\dcmimage\libsrc\dcmimage.vcxproj", "{5D29E045-B3B4-3DF3-BC20-084BB333A66E}"
	ProjectSection(ProjectDependencies) = postProject
		{CA1738A5-5F45-3D69-B5CB-54D1B4D41ECE} = {CA1738A5-5F45-3D69-B5CB-54D1B4D41ECE}
		{5683008B-CD9C-3259-81E1-6479B60B96E7} = {5683008B-CD9C-3259-81E1-6479B60B96E7}
		{2E22CFCA-9B75-39CB-85A5-B6632211793A} = {2E22CFCA-9B75-39CB-85A5-B6632211793A}
		{02C978AA-2BBF-39B2-919F-574286D90B46} = {02C978AA-2BBF-39B2-919F-574286D90B46}
		{7B6A3B36-ABE7-30B5-8E79-48CDF3563F3A} = {7B6A3B36-ABE7-30B5-8E79-48CDF3563F3A}
	EndProjectSection
EndProject
Project("{8BC9CEB8-8B4A-11D0-8D11-00A0C91BC942}") = "dcmimgle", "..\dcmimgle\libsrc\dcmimgle.vcxproj", "{2E22CFCA-9B75-39CB-85A5-B6632211793A}"
	ProjectSection(ProjectDependencies) = postProject
		{CA1738A5-5F45-3D69-B5CB-54D1B4D41ECE} = {CA1738A5-5F45-3D69-B5CB-54D1B4D41ECE}
		{5683008B-CD9C-3259-81E1-6479B60B96E7} = {5683008B-CD9C-3259-81E1-6479B60B96E7}
		{02C978AA-2BBF-39B2-919F-574286D90B46} = {02C978AA-2BBF-39B2-919F-574286D90B46}
		{7B6A3B36-ABE7-30B5-8E79-48CDF3563F3A} = {7B6A3B36-ABE7-30B5-8E79-48CDF3563F3A}
	EndProjectSection
EndProject
Project("{8BC9CEB8-8B4A-11D0-8D11-00A0C91BC942}") = "dcmmkcrv", "apps\dcmmkcrv.vcxproj", "{EF4E316A-EBB5-3E41-B534-B68BA8554D0C}"
	ProjectSection(ProjectDependencies) = postProject
		{CA1738A5-5F45-3D69-B5CB-54D1B4D41ECE} = {CA1738A5-5F45-3D69-B5CB-54D1B4D41ECE}
		{5683008B-CD9C-3259-81E1-6479B60B96E7} = {5683008B-CD9C-3259-81E1-6479B60B96E7}
		{0D8AC90C-8AD1-3932-AC07-FE1AC7BE8573} = {0D8AC90C-8AD1-3932-AC07-FE1AC7BE8573}
		{5D29E045-B3B4-3DF3-BC20-084BB333A66E} = {5D29E045-B3B4-3DF3-BC20-084BB333A66E}
		{2E22CFCA-9B75-39CB-85A5-B6632211793A} = {2E22CFCA-9B75-39CB-85A5-B6632211793A}
		{4F525855-C562-3AB1-B63B-2432D60021FD} = {4F525855-C562-3AB1-B63B-2432D60021FD}
		{02C978AA-2BBF-39B2-919F-574286D90B46} = {02C978AA-2BBF-39B2-919F-574286D90B46}
		{7B6A3B36-ABE7-30B5-8E79-48CDF3563F3A} = {7B6A3B36-ABE7-30B5-8E79-48CDF3563F3A}
	EndProjectSection
EndProject
Project("{8BC9CEB8-8B4A-11D0-8D11-00A0C91BC942}") = "dcmmklut", "apps\dcmmklut.vcxproj", "{E594FC92-2866-3116-A2EB-D7E0CED7F11C}"
	ProjectSection(ProjectDependencies) = postProject
		{CA1738A5-5F45-3D69-B5CB-54D1B4D41ECE} = {CA1738A5-5F45-3D69-B5CB-54D1B4D41ECE}
		{5683008B-CD9C-3259-81E1-6479B60B96E7} = {5683008B-CD9C-3259-81E1-6479B60B96E7}
		{0D8AC90C-8AD1-3932-AC07-FE1AC7BE8573} = {0D8AC90C-8AD1-3932-AC07-FE1AC7BE8573}
		{5D29E045-B3B4-3DF3-BC20-084BB333A66E} = {5D29E045-B3B4-3DF3-BC20-084BB333A66E}
		{2E22CFCA-9B75-39CB-85A5-B6632211793A} = {2E22CFCA-9B75-39CB-85A5-B6632211793A}
		{4F525855-C562-3AB1-B63B-2432D60021FD} = {4F525855-C562-3AB1-B63B-2432D60021FD}
		{02C978AA-2BBF-39B2-919F-574286D90B46} = {02C978AA-2BBF-39B2-919F-574286D90B46}
		{7B6A3B36-ABE7-30B5-8E79-48CDF3563F3A} = {7B6A3B36-ABE7-30B5-8E79-48CDF3563F3A}
	EndProjectSection
EndProject
Project("{8BC9CEB8-8B4A-11D0-8D11-00A0C91BC942}") = "dcmnet", "..\dcmnet\libsrc\dcmnet.vcxproj", "{D65C5E5D-E201-349C-8DA1-A0E261FA1C4A}"
	ProjectSection(ProjectDependencies) = postProject
		{CA1738A5-5F45-3D69-B5CB-54D1B4D41ECE} = {CA1738A5-5F45-3D69-B5CB-54D1B4D41ECE}
		{5683008B-CD9C-3259-81E1-6479B60B96E7} = {5683008B-CD9C-3259-81E1-6479B60B96E7}
		{02C978AA-2BBF-39B2-919F-574286D90B46} = {02C978AA-2BBF-39B2-919F-574286D90B46}
		{7B6A3B36-ABE7-30B5-8E79-48CDF3563F3A} = {7B6A3B36-ABE7-30B5-8E79-48CDF3563F3A}
	EndProjectSection
EndProject
Project("{8BC9CEB8-8B4A-11D0-8D11-00A0C91BC942}") = "dcmp2pgm", "apps\dcmp2pgm.vcxproj", "{1ED00DC2-794A-38D6-B9A0-DAC29AEFBDD3}"
	ProjectSection(ProjectDependencies) = postProject
		{CA1738A5-5F45-3D69-B5CB-54D1B4D41ECE} = {CA1738A5-5F45-3D69-B5CB-54D1B4D41ECE}
		{5683008B-CD9C-3259-81E1-6479B60B96E7} = {5683008B-CD9C-3259-81E1-6479B60B96E7}
		{0D8AC90C-8AD1-3932-AC07-FE1AC7BE8573} = {0D8AC90C-8AD1-3932-AC07-FE1AC7BE8573}
		{5D29E045-B3B4-3DF3-BC20-084BB333A66E} = {5D29E045-B3B4-3DF3-BC20-084BB333A66E}
		{2E22CFCA-9B75-39CB-85A5-B6632211793A} = {2E22CFCA-9B75-39CB-85A5-B6632211793A}
		{D65C5E5D-E201-349C-8DA1-A0E261FA1C4A} = {D65C5E5D-E201-349C-8DA1-A0E261FA1C4A}
		{57C12035-3703-3279-952E-7BD711176225} = {57C12035-3703-3279-952E-7BD711176225}
		{0F46D84B-0C3E-3EA5-A08D-2207DC007E59} = {0F46D84B-0C3E-3EA5-A08D-2207DC007E59}
		{4F525855-C562-3AB1-B63B-2432D60021FD} = {4F525855-C562-3AB1-B63B-2432D60021FD}
		{A9036F80-A23D-348B-995A-E911E0959F8E} = {A9036F80-A23D-348B-995A-E911E0959F8E}
		{02C978AA-2BBF-39B2-919F-574286D90B46} = {02C978AA-2BBF-39B2-919F-574286D90B46}
		{7B6A3B36-ABE7-30B5-8E79-48CDF3563F3A} = {7B6A3B36-ABE7-30B5-8E79-48CDF3563F3A}
	EndProjectSection
EndProject
Project("{8BC9CEB8-8B4A-11D0-8D11-00A0C91BC942}") = "dcmprscp", "apps\dcmprscp.vcxproj", "{7FF8D1F5-5489-3667-8D21-15C209C8F5BE}"
	ProjectSection(ProjectDependencies) = postProject
		{CA1738A5-5F45-3D69-B5CB-54D1B4D41ECE} = {CA1738A5-5F45-3D69-B5CB-54D1B4D41ECE}
		{5683008B-CD9C-3259-81E1-6479B60B96E7} = {5683008B-CD9C-3259-81E1-6479B60B96E7}
		{0D8AC90C-8AD1-3932-AC07-FE1AC7BE8573} = {0D8AC90C-8AD1-3932-AC07-FE1AC7BE8573}
		{5D29E045-B3B4-3DF3-BC20-084BB333A66E} = {5D29E045-B3B4-3DF3-BC20-084BB333A66E}
		{2E22CFCA-9B75-39CB-85A5-B6632211793A} = {2E22CFCA-9B75-39CB-85A5-B6632211793A}
		{D65C5E5D-E201-349C-8DA1-A0E261FA1C4A} = {D65C5E5D-E201-349C-8DA1-A0E261FA1C4A}
		{57C12035-3703-3279-952E-7BD711176225} = {57C12035-3703-3279-952E-7BD711176225}
		{0F46D84B-0C3E-3EA5-A08D-2207DC007E59} = {0F46D84B-0C3E-3EA5-A08D-2207DC007E59}
		{4F525855-C562-3AB1-B63B-2432D60021FD} = {4F525855-C562-3AB1-B63B-2432D60021FD}
		{A9036F80-A23D-348B-995A-E911E0959F8E} = {A9036F80-A23D-348B-995A-E911E0959F8E}
		{02C978AA-2BBF-39B2-919F-574286D90B46} = {02C978AA-2BBF-39B2-919F-574286D90B46}
		{7B6A3B36-ABE7-30B5-8E79-48CDF3563F3A} = {7B6A3B36-ABE7-30B5-8E79-48CDF3563F3A}
	EndProjectSection
EndProject
Project("{8BC9CEB8-8B4A-11D0-8D11-00A0C91BC942}") = "dcmprscu", "apps\dcmprscu.vcxproj", "{3D687723-752F-324E-B78E-932C3CEB3F0D}"
	ProjectSection(ProjectDependencies) = postProject
		{CA1738A5-5F45-3D69-B5CB-54D1B4D41ECE} = {CA1738A5-5F45-3D69-B5CB-54D1B4D41ECE}
		{5683008B-CD9C-3259-81E1-6479B60B96E7} = {5683008B-CD9C-3259-81E1-6479B60B96E7}
		{0D8AC90C-8AD1-3932-AC07-FE1AC7BE8573} = {0D8AC90C-8AD1-3932-AC07-FE1AC7BE8573}
		{5D29E045-B3B4-3DF3-BC20-084BB333A66E} = {5D29E045-B3B4-3DF3-BC20-084BB333A66E}
		{2E22CFCA-9B75-39CB-85A5-B6632211793A} = {2E22CFCA-9B75-39CB-85A5-B6632211793A}
		{D65C5E5D-E201-349C-8DA1-A0E261FA1C4A} = {D65C5E5D-E201-349C-8DA1-A0E261FA1C4A}
		{57C12035-3703-3279-952E-7BD711176225} = {57C12035-3703-3279-952E-7BD711176225}
		{0F46D84B-0C3E-3EA5-A08D-2207DC007E59} = {0F46D84B-0C3E-3EA5-A08D-2207DC007E59}
		{4F525855-C562-3AB1-B63B-2432D60021FD} = {4F525855-C562-3AB1-B63B-2432D60021FD}
		{A9036F80-A23D-348B-995A-E911E0959F8E} = {A9036F80-A23D-348B-995A-E911E0959F8E}
		{02C978AA-2BBF-39B2-919F-574286D90B46} = {02C978AA-2BBF-39B2-919F-574286D90B46}
		{7B6A3B36-ABE7-30B5-8E79-48CDF3563F3A} = {7B6A3B36-ABE7-30B5-8E79-48CDF3563F3A}
	EndProjectSection
EndProject
Project("{8BC9CEB8-8B4A-11D0-8D11-00A0C91BC942}") = "dcmpschk", "apps\dcmpschk.vcxproj", "{C7D57C3A-3AC1-351B-9E53-08A96BE2AB38}"
	ProjectSection(ProjectDependencies) = postProject
		{CA1738A5-5F45-3D69-B5CB-54D1B4D41ECE} = {CA1738A5-5F45-3D69-B5CB-54D1B4D41ECE}
		{5683008B-CD9C-3259-81E1-6479B60B96E7} = {5683008B-CD9C-3259-81E1-6479B60B96E7}
		{0D8AC90C-8AD1-3932-AC07-FE1AC7BE8573} = {0D8AC90C-8AD1-3932-AC07-FE1AC7BE8573}
		{5D29E045-B3B4-3DF3-BC20-084BB333A66E} = {5D29E045-B3B4-3DF3-BC20-084BB333A66E}
		{2E22CFCA-9B75-39CB-85A5-B6632211793A} = {2E22CFCA-9B75-39CB-85A5-B6632211793A}
		{D65C5E5D-E201-349C-8DA1-A0E261FA1C4A} = {D65C5E5D-E201-349C-8DA1-A0E261FA1C4A}
		{57C12035-3703-3279-952E-7BD711176225} = {57C12035-3703-3279-952E-7BD711176225}
		{0F46D84B-0C3E-3EA5-A08D-2207DC007E59} = {0F46D84B-0C3E-3EA5-A08D-2207DC007E59}
		{4F525855-C562-3AB1-B63B-2432D60021FD} = {4F525855-C562-3AB1-B63B-2432D60021FD}
		{A9036F80-A23D-348B-995A-E911E0959F8E} = {A9036F80-A23D-348B-995A-E911E0959F8E}
		{02C978AA-2BBF-39B2-919F-574286D90B46} = {02C978AA-2BBF-39B2-919F-574286D90B46}
		{7B6A3B36-ABE7-30B5-8E79-48CDF3563F3A} = {7B6A3B36-ABE7-30B5-8E79-48CDF3563F3A}
	EndProjectSection
EndProject
Project("{8BC9CEB8-8B4A-11D0-8D11-00A0C91BC942}") = "dcmpsmk", "apps\dcmpsmk.vcxproj", "{A8DE32E0-A894-3926-86CE-F7849CD9BA20}"
	ProjectSection(ProjectDependencies) = postProject
		{CA1738A5-5F45-3D69-B5CB-54D1B4D41ECE} = {CA1738A5-5F45-3D69-B5CB-54D1B4D41ECE}
		{5683008B-CD9C-3259-81E1-6479B60B96E7} = {5683008B-CD9C-3259-81E1-6479B60B96E7}
		{0D8AC90C-8AD1-3932-AC07-FE1AC7BE8573} = {0D8AC90C-8AD1-3932-AC07-FE1AC7BE8573}
		{5D29E045-B3B4-3DF3-BC20-084BB333A66E} = {5D29E045-B3B4-3DF3-BC20-084BB333A66E}
		{2E22CFCA-9B75-39CB-85A5-B6632211793A} = {2E22CFCA-9B75-39CB-85A5-B6632211793A}
		{D65C5E5D-E201-349C-8DA1-A0E261FA1C4A} = {D65C5E5D-E201-349C-8DA1-A0E261FA1C4A}
		{57C12035-3703-3279-952E-7BD711176225} = {57C12035-3703-3279-952E-7BD711176225}
		{0F46D84B-0C3E-3EA5-A08D-2207DC007E59} = {0F46D84B-0C3E-3EA5-A08D-2207DC007E59}
		{4F525855-C562-3AB1-B63B-2432D60021FD} = {4F525855-C562-3AB1-B63B-2432D60021FD}
		{A9036F80-A23D-348B-995A-E911E0959F8E} = {A9036F80-A23D-348B-995A-E911E0959F8E}
		{02C978AA-2BBF-39B2-919F-574286D90B46} = {02C978AA-2BBF-39B2-919F-574286D90B46}
		{7B6A3B36-ABE7-30B5-8E79-48CDF3563F3A} = {7B6A3B36-ABE7-30B5-8E79-48CDF3563F3A}
	EndProjectSection
EndProject
Project("{8BC9CEB8-8B4A-11D0-8D11-00A0C91BC942}") = "dcmpsprt", "apps\dcmpsprt.vcxproj", "{F987C42B-5AFF-33E2-BB2B-B5577E4D24DA}"
	ProjectSection(ProjectDependencies) = postProject
		{CA1738A5-5F45-3D69-B5CB-54D1B4D41ECE} = {CA1738A5-5F45-3D69-B5CB-54D1B4D41ECE}
		{5683008B-CD9C-3259-81E1-6479B60B96E7} = {5683008B-CD9C-3259-81E1-6479B60B96E7}
		{0D8AC90C-8AD1-3932-AC07-FE1AC7BE8573} = {0D8AC90C-8AD1-3932-AC07-FE1AC7BE8573}
		{5D29E045-B3B4-3DF3-BC20-084BB333A66E} = {5D29E045-B3B4-3DF3-BC20-084BB333A66E}
		{2E22CFCA-9B75-39CB-85A5-B6632211793A} = {2E22CFCA-9B75-39CB-85A5-B6632211793A}
		{D65C5E5D-E201-349C-8DA1-A0E261FA1C4A} = {D65C5E5D-E201-349C-8DA1-A0E261FA1C4A}
		{57C12035-3703-3279-952E-7BD711176225} = {57C12035-3703-3279-952E-7BD711176225}
		{0F46D84B-0C3E-3EA5-A08D-2207DC007E59} = {0F46D84B-0C3E-3EA5-A08D-2207DC007E59}
		{4F525855-C562-3AB1-B63B-2432D60021FD} = {4F525855-C562-3AB1-B63B-2432D60021FD}
		{A9036F80-A23D-348B-995A-E911E0959F8E} = {A9036F80-A23D-348B-995A-E911E0959F8E}
		{02C978AA-2BBF-39B2-919F-574286D90B46} = {02C978AA-2BBF-39B2-919F-574286D90B46}
		{7B6A3B36-ABE7-30B5-8E79-48CDF3563F3A} = {7B6A3B36-ABE7-30B5-8E79-48CDF3563F3A}
	EndProjectSection
EndProject
Project("{8BC9CEB8-8B4A-11D0-8D11-00A0C91BC942}") = "dcmpsrcv", "apps\dcmpsrcv.vcxproj", "{3201111C-9430-38C6-AC9D-93D4187503F5}"
	ProjectSection(ProjectDependencies) = postProject
		{CA1738A5-5F45-3D69-B5CB-54D1B4D41ECE} = {CA1738A5-5F45-3D69-B5CB-54D1B4D41ECE}
		{5683008B-CD9C-3259-81E1-6479B60B96E7} = {5683008B-CD9C-3259-81E1-6479B60B96E7}
		{0D8AC90C-8AD1-3932-AC07-FE1AC7BE8573} = {0D8AC90C-8AD1-3932-AC07-FE1AC7BE8573}
		{5D29E045-B3B4-3DF3-BC20-084BB333A66E} = {5D29E045-B3B4-3DF3-BC20-084BB333A66E}
		{2E22CFCA-9B75-39CB-85A5-B6632211793A} = {2E22CFCA-9B75-39CB-85A5-B6632211793A}
		{D65C5E5D-E201-349C-8DA1-A0E261FA1C4A} = {D65C5E5D-E201-349C-8DA1-A0E261FA1C4A}
		{57C12035-3703-3279-952E-7BD711176225} = {57C12035-3703-3279-952E-7BD711176225}
		{0F46D84B-0C3E-3EA5-A08D-2207DC007E59} = {0F46D84B-0C3E-3EA5-A08D-2207DC007E59}
		{4F525855-C562-3AB1-B63B-2432D60021FD} = {4F525855-C562-3AB1-B63B-2432D60021FD}
		{A9036F80-A23D-348B-995A-E911E0959F8E} = {A9036F80-A23D-348B-995A-E911E0959F8E}
		{02C978AA-2BBF-39B2-919F-574286D90B46} = {02C978AA-2BBF-39B2-919F-574286D90B46}
		{7B6A3B36-ABE7-30B5-8E79-48CDF3563F3A} = {7B6A3B36-ABE7-30B5-8E79-48CDF3563F3A}
	EndProjectSection
EndProject
Project("{8BC9CEB8-8B4A-11D0-8D11-00A0C91BC942}") = "dcmpssnd", "apps\dcmpssnd.vcxproj", "{9A226D91-69E3-3BD3-888A-BE5D80BEC93B}"
	ProjectSection(ProjectDependencies) = postProject
		{CA1738A5-5F45-3D69-B5CB-54D1B4D41ECE} = {CA1738A5-5F45-3D69-B5CB-54D1B4D41ECE}
		{5683008B-CD9C-3259-81E1-6479B60B96E7} = {5683008B-CD9C-3259-81E1-6479B60B96E7}
		{0D8AC90C-8AD1-3932-AC07-FE1AC7BE8573} = {0D8AC90C-8AD1-3932-AC07-FE1AC7BE8573}
		{5D29E045-B3B4-3DF3-BC20-084BB333A66E} = {5D29E045-B3B4-3DF3-BC20-084BB333A66E}
		{2E22CFCA-9B75-39CB-85A5-B6632211793A} = {2E22CFCA-9B75-39CB-85A5-B6632211793A}
		{D65C5E5D-E201-349C-8DA1-A0E261FA1C4A} = {D65C5E5D-E201-349C-8DA1-A0E261FA1C4A}
		{57C12035-3703-3279-952E-7BD711176225} = {57C12035-3703-3279-952E-7BD711176225}
		{0F46D84B-0C3E-3EA5-A08D-2207DC007E59} = {0F46D84B-0C3E-3EA5-A08D-2207DC007E59}
		{4F525855-C562-3AB1-B63B-2432D60021FD} = {4F525855-C562-3AB1-B63B-2432D60021FD}
		{A9036F80-A23D-348B-995A-E911E0959F8E} = {A9036F80-A23D-348B-995A-E911E0959F8E}
		{02C978AA-2BBF-39B2-919F-574286D90B46} = {02C978AA-2BBF-39B2-919F-574286D90B46}
		{7B6A3B36-ABE7-30B5-8E79-48CDF3563F3A} = {7B6A3B36-ABE7-30B5-8E79-48CDF3563F3A}
	EndProjectSection
EndProject
Project("{8BC9CEB8-8B4A-11D0-8D11-00A0C91BC942}") = "dcmpstat", "libsrc\dcmpstat.vcxproj", "{57C12035-3703-3279-952E-7BD711176225}"
	ProjectSection(ProjectDependencies) = postProject
		{CA1738A5-5F45-3D69-B5CB-54D1B4D41ECE} = {CA1738A5-5F45-3D69-B5CB-54D1B4D41ECE}
		{5683008B-CD9C-3259-81E1-6479B60B96E7} = {5683008B-CD9C-3259-81E1-6479B60B96E7}
		{0D8AC90C-8AD1-3932-AC07-FE1AC7BE8573} = {0D8AC90C-8AD1-3932-AC07-FE1AC7BE8573}
		{5D29E045-B3B4-3DF3-BC20-084BB333A66E} = {5D29E045-B3B4-3DF3-BC20-084BB333A66E}
		{2E22CFCA-9B75-39CB-85A5-B6632211793A} = {2E22CFCA-9B75-39CB-85A5-B6632211793A}
		{D65C5E5D-E201-349C-8DA1-A0E261FA1C4A} = {D65C5E5D-E201-349C-8DA1-A0E261FA1C4A}
		{0F46D84B-0C3E-3EA5-A08D-2207DC007E59} = {0F46D84B-0C3E-3EA5-A08D-2207DC007E59}
		{4F525855-C562-3AB1-B63B-2432D60021FD} = {4F525855-C562-3AB1-B63B-2432D60021FD}
		{A9036F80-A23D-348B-995A-E911E0959F8E} = {A9036F80-A23D-348B-995A-E911E0959F8E}
		{02C978AA-2BBF-39B2-919F-574286D90B46} = {02C978AA-2BBF-39B2-919F-574286D90B46}
		{7B6A3B36-ABE7-30B5-8E79-48CDF3563F3A} = {7B6A3B36-ABE7-30B5-8E79-48CDF3563F3A}
	EndProjectSection
EndProject
Project("{8BC9CEB8-8B4A-11D0-8D11-00A0C91BC942}") = "dcmqrdb", "..\dcmqrdb\libsrc\dcmqrdb.vcxproj", "{0F46D84B-0C3E-3EA5-A08D-2207DC007E59}"
	ProjectSection(ProjectDependencies) = postProject
		{CA1738A5-5F45-3D69-B5CB-54D1B4D41ECE} = {CA1738A5-5F45-3D69-B5CB-54D1B4D41ECE}
		{5683008B-CD9C-3259-81E1-6479B60B96E7} = {5683008B-CD9C-3259-81E1-6479B60B96E7}
		{D65C5E5D-E201-349C-8DA1-A0E261FA1C4A} = {D65C5E5D-E201-349C-8DA1-A0E261FA1C4A}
		{02C978AA-2BBF-39B2-919F-574286D90B46} = {02C978AA-2BBF-39B2-919F-574286D90B46}
		{7B6A3B36-ABE7-30B5-8E79-48CDF3563F3A} = {7B6A3B36-ABE7-30B5-8E79-48CDF3563F3A}
	EndProjectSection
EndProject
Project("{8BC9CEB8-8B4A-11D0-8D11-00A0C91BC942}") = "dcmsr", "..\dcmsr\libsrc\dcmsr.vcxproj", "{4F525855-C562-3AB1-B63B-2432D60021FD}"
	ProjectSection(ProjectDependencies) = postProject
		{CA1738A5-5F45-3D69-B5CB-54D1B4D41ECE} = {CA1738A5-5F45-3D69-B5CB-54D1B4D41ECE}
		{5683008B-CD9C-3259-81E1-6479B60B96E7} = {5683008B-CD9C-3259-81E1-6479B60B96E7}
		{5D29E045-B3B4-3DF3-BC20-084BB333A66E} = {5D29E045-B3B4-3DF3-BC20-084BB333A66E}
		{2E22CFCA-9B75-39CB-85A5-B6632211793A} = {2E22CFCA-9B75-39CB-85A5-B6632211793A}
		{02C978AA-2BBF-39B2-919F-574286D90B46} = {02C978AA-2BBF-39B2-919F-574286D90B46}
		{7B6A3B36-ABE7-30B5-8E79-48CDF3563F3A} = {7B6A3B36-ABE7-30B5-8E79-48CDF3563F3A}
	EndProjectSection
EndProject
Project("{8BC9CEB8-8B4A-11D0-8D11-00A0C91BC942}") = "dcmtls", "..\dcmtls\libsrc\dcmtls.vcxproj", "{A9036F80-A23D-348B-995A-E911E0959F8E}"
	ProjectSection(ProjectDependencies) = postProject
		{CA1738A5-5F45-3D69-B5CB-54D1B4D41ECE} = {CA1738A5-5F45-3D69-B5CB-54D1B4D41ECE}
		{5683008B-CD9C-3259-81E1-6479B60B96E7} = {5683008B-CD9C-3259-81E1-6479B60B96E7}
		{D65C5E5D-E201-349C-8DA1-A0E261FA1C4A} = {D65C5E5D-E201-349C-8DA1-A0E261FA1C4A}
		{02C978AA-2BBF-39B2-919F-574286D90B46} = {02C978AA-2BBF-39B2-919F-574286D90B46}
		{7B6A3B36-ABE7-30B5-8E79-48CDF3563F3A} = {7B6A3B36-ABE7-30B5-8E79-48CDF3563F3A}
	EndProjectSection
EndProject
Project("{8BC9CEB8-8B4A-11D0-8D11-00A0C91BC942}") = "msgserv", "tests\msgserv.vcxproj", "{B124CE02-6410-3B99-B703-83051FC16A3C}"
	ProjectSection(ProjectDependencies) = postProject
		{CA1738A5-5F45-3D69-B5CB-54D1B4D41ECE} = {CA1738A5-5F45-3D69-B5CB-54D1B4D41ECE}
		{5683008B-CD9C-3259-81E1-6479B60B96E7} = {5683008B-CD9C-3259-81E1-6479B60B96E7}
		{0D8AC90C-8AD1-3932-AC07-FE1AC7BE8573} = {0D8AC90C-8AD1-3932-AC07-FE1AC7BE8573}
		{5D29E045-B3B4-3DF3-BC20-084BB333A66E} = {5D29E045-B3B4-3DF3-BC20-084BB333A66E}
		{2E22CFCA-9B75-39CB-85A5-B6632211793A} = {2E22CFCA-9B75-39CB-85A5-B6632211793A}
		{D65C5E5D-E201-349C-8DA1-A0E261FA1C4A} = {D65C5E5D-E201-349C-8DA1-A0E261FA1C4A}
		{57C12035-3703-3279-952E-7BD711176225} = {57C12035-3703-3279-952E-7BD711176225}
		{0F46D84B-0C3E-3EA5-A08D-2207DC007E59} = {0F46D84B-0C3E-3EA5-A08D-2207DC007E59}
		{4F525855-C562-3AB1-B63B-2432D60021FD} = {4F525855-C562-3AB1-B63B-2432D60021FD}
		{A9036F80-A23D-348B-995A-E911E0959F8E} = {A9036F80-A23D-348B-995A-E911E0959F8E}
		{02C978AA-2BBF-39B2-919F-574286D90B46} = {02C978AA-2BBF-39B2-919F-574286D90B46}
		{7B6A3B36-ABE7-30B5-8E79-48CDF3563F3A} = {7B6A3B36-ABE7-30B5-8E79-48CDF3563F3A}
	EndProjectSection
EndProject
Project("{8BC9CEB8-8B4A-11D0-8D11-00A0C91BC942}") = "oflog", "..\oflog\libsrc\oflog.vcxproj", "{02C978AA-2BBF-39B2-919F-574286D90B46}"
	ProjectSection(ProjectDependencies) = postProject
		{CA1738A5-5F45-3D69-B5CB-54D1B4D41ECE} = {CA1738A5-5F45-3D69-B5CB-54D1B4D41ECE}
		{7B6A3B36-ABE7-30B5-8E79-48CDF3563F3A} = {7B6A3B36-ABE7-30B5-8E79-48CDF3563F3A}
	EndProjectSection
EndProject
Project("{8BC9CEB8-8B4A-11D0-8D11-00A0C91BC942}") = "ofstd", "..\ofstd\libsrc\ofstd.vcxproj", "{7B6A3B36-ABE7-30B5-8E79-48CDF3563F3A}"
	ProjectSection(ProjectDependencies) = postProject
		{CA1738A5-5F45-3D69-B5CB-54D1B4D41ECE} = {CA1738A5-5F45-3D69-B5CB-54D1B4D41ECE}
	EndProjectSection
EndProject
Global
	GlobalSection(SolutionConfigurationPlatforms) = preSolution
		Debug|x64 = Debug|x64
		Release|x64 = Release|x64
		MinSizeRel|x64 = MinSizeRel|x64
		RelWithDebInfo|x64 = RelWithDebInfo|x64
	EndGlobalSection
	GlobalSection(ProjectConfigurationPlatforms) = postSolution
		{020F5A4B-4AE1-33E6-BE04-CAE967157B8C}.Debug|x64.ActiveCfg = Debug|x64
		{020F5A4B-4AE1-33E6-BE04-CAE967157B8C}.Debug|x64.Build.0 = Debug|x64
		{020F5A4B-4AE1-33E6-BE04-CAE967157B8C}.Release|x64.ActiveCfg = Release|x64
		{020F5A4B-4AE1-33E6-BE04-CAE967157B8C}.Release|x64.Build.0 = Release|x64
		{020F5A4B-4AE1-33E6-BE04-CAE967157B8C}.MinSizeRel|x64.ActiveCfg = MinSizeRel|x64
		{020F5A4B-4AE1-33E6-BE04-CAE967157B8C}.MinSizeRel|x64.Build.0 = MinSizeRel|x64
		{020F5A4B-4AE1-33E6-BE04-CAE967157B8C}.RelWithDebInfo|x64.ActiveCfg = RelWithDebInfo|x64
		{020F5A4B-4AE1-33E6-BE04-CAE967157B8C}.RelWithDebInfo|x64.Build.0 = RelWithDebInfo|x64
		{C20DE1F6-2E42-3E06-990E-0645C4A43A1B}.Debug|x64.ActiveCfg = Debug|x64
		{C20DE1F6-2E42-3E06-990E-0645C4A43A1B}.Release|x64.ActiveCfg = Release|x64
		{C20DE1F6-2E42-3E06-990E-0645C4A43A1B}.MinSizeRel|x64.ActiveCfg = MinSizeRel|x64
		{C20DE1F6-2E42-3E06-990E-0645C4A43A1B}.RelWithDebInfo|x64.ActiveCfg = RelWithDebInfo|x64
		{E25918E1-2977-3618-A8ED-D05320FD025E}.Debug|x64.ActiveCfg = Debug|x64
		{E25918E1-2977-3618-A8ED-D05320FD025E}.Release|x64.ActiveCfg = Release|x64
		{E25918E1-2977-3618-A8ED-D05320FD025E}.MinSizeRel|x64.ActiveCfg = MinSizeRel|x64
		{E25918E1-2977-3618-A8ED-D05320FD025E}.RelWithDebInfo|x64.ActiveCfg = RelWithDebInfo|x64
		{CA1738A5-5F45-3D69-B5CB-54D1B4D41ECE}.Debug|x64.ActiveCfg = Debug|x64
		{CA1738A5-5F45-3D69-B5CB-54D1B4D41ECE}.Debug|x64.Build.0 = Debug|x64
		{CA1738A5-5F45-3D69-B5CB-54D1B4D41ECE}.Release|x64.ActiveCfg = Release|x64
		{CA1738A5-5F45-3D69-B5CB-54D1B4D41ECE}.Release|x64.Build.0 = Release|x64
		{CA1738A5-5F45-3D69-B5CB-54D1B4D41ECE}.MinSizeRel|x64.ActiveCfg = MinSizeRel|x64
		{CA1738A5-5F45-3D69-B5CB-54D1B4D41ECE}.MinSizeRel|x64.Build.0 = MinSizeRel|x64
		{CA1738A5-5F45-3D69-B5CB-54D1B4D41ECE}.RelWithDebInfo|x64.ActiveCfg = RelWithDebInfo|x64
		{CA1738A5-5F45-3D69-B5CB-54D1B4D41ECE}.RelWithDebInfo|x64.Build.0 = RelWithDebInfo|x64
		{5683008B-CD9C-3259-81E1-6479B60B96E7}.Debug|x64.ActiveCfg = Debug|x64
		{5683008B-CD9C-3259-81E1-6479B60B96E7}.Debug|x64.Build.0 = Debug|x64
		{5683008B-CD9C-3259-81E1-6479B60B96E7}.Release|x64.ActiveCfg = Release|x64
		{5683008B-CD9C-3259-81E1-6479B60B96E7}.Release|x64.Build.0 = Release|x64
		{5683008B-CD9C-3259-81E1-6479B60B96E7}.MinSizeRel|x64.ActiveCfg = MinSizeRel|x64
		{5683008B-CD9C-3259-81E1-6479B60B96E7}.MinSizeRel|x64.Build.0 = MinSizeRel|x64
		{5683008B-CD9C-3259-81E1-6479B60B96E7}.RelWithDebInfo|x64.ActiveCfg = RelWithDebInfo|x64
		{5683008B-CD9C-3259-81E1-6479B60B96E7}.RelWithDebInfo|x64.Build.0 = RelWithDebInfo|x64
		{0D8AC90C-8AD1-3932-AC07-FE1AC7BE8573}.Debug|x64.ActiveCfg = Debug|x64
		{0D8AC90C-8AD1-3932-AC07-FE1AC7BE8573}.Debug|x64.Build.0 = Debug|x64
		{0D8AC90C-8AD1-3932-AC07-FE1AC7BE8573}.Release|x64.ActiveCfg = Release|x64
		{0D8AC90C-8AD1-3932-AC07-FE1AC7BE8573}.Release|x64.Build.0 = Release|x64
		{0D8AC90C-8AD1-3932-AC07-FE1AC7BE8573}.MinSizeRel|x64.ActiveCfg = MinSizeRel|x64
		{0D8AC90C-8AD1-3932-AC07-FE1AC7BE8573}.MinSizeRel|x64.Build.0 = MinSizeRel|x64
		{0D8AC90C-8AD1-3932-AC07-FE1AC7BE8573}.RelWithDebInfo|x64.ActiveCfg = RelWithDebInfo|x64
		{0D8AC90C-8AD1-3932-AC07-FE1AC7BE8573}.RelWithDebInfo|x64.Build.0 = RelWithDebInfo|x64
		{5D29E045-B3B4-3DF3-BC20-084BB333A66E}.Debug|x64.ActiveCfg = Debug|x64
		{5D29E045-B3B4-3DF3-BC20-084BB333A66E}.Debug|x64.Build.0 = Debug|x64
		{5D29E045-B3B4-3DF3-BC20-084BB333A66E}.Release|x64.ActiveCfg = Release|x64
		{5D29E045-B3B4-3DF3-BC20-084BB333A66E}.Release|x64.Build.0 = Release|x64
		{5D29E045-B3B4-3DF3-BC20-084BB333A66E}.MinSizeRel|x64.ActiveCfg = MinSizeRel|x64
		{5D29E045-B3B4-3DF3-BC20-084BB333A66E}.MinSizeRel|x64.Build.0 = MinSizeRel|x64
		{5D29E045-B3B4-3DF3-BC20-084BB333A66E}.RelWithDebInfo|x64.ActiveCfg = RelWithDebInfo|x64
		{5D29E045-B3B4-3DF3-BC20-084BB333A66E}.RelWithDebInfo|x64.Build.0 = RelWithDebInfo|x64
		{2E22CFCA-9B75-39CB-85A5-B6632211793A}.Debug|x64.ActiveCfg = Debug|x64
		{2E22CFCA-9B75-39CB-85A5-B6632211793A}.Debug|x64.Build.0 = Debug|x64
		{2E22CFCA-9B75-39CB-85A5-B6632211793A}.Release|x64.ActiveCfg = Release|x64
		{2E22CFCA-9B75-39CB-85A5-B6632211793A}.Release|x64.Build.0 = Release|x64
		{2E22CFCA-9B75-39CB-85A5-B6632211793A}.MinSizeRel|x64.ActiveCfg = MinSizeRel|x64
		{2E22CFCA-9B75-39CB-85A5-B6632211793A}.MinSizeRel|x64.Build.0 = MinSizeRel|x64
		{2E22CFCA-9B75-39CB-85A5-B6632211793A}.RelWithDebInfo|x64.ActiveCfg = RelWithDebInfo|x64
		{2E22CFCA-9B75-39CB-85A5-B6632211793A}.RelWithDebInfo|x64.Build.0 = RelWithDebInfo|x64
		{EF4E316A-EBB5-3E41-B534-B68BA8554D0C}.Debug|x64.ActiveCfg = Debug|x64
		{EF4E316A-EBB5-3E41-B534-B68BA8554D0C}.Debug|x64.Build.0 = Debug|x64
		{EF4E316A-EBB5-3E41-B534-B68BA8554D0C}.Release|x64.ActiveCfg = Release|x64
		{EF4E316A-EBB5-3E41-B534-B68BA8554D0C}.Release|x64.Build.0 = Release|x64
		{EF4E316A-EBB5-3E41-B534-B68BA8554D0C}.MinSizeRel|x64.ActiveCfg = MinSizeRel|x64
		{EF4E316A-EBB5-3E41-B534-B68BA8554D0C}.MinSizeRel|x64.Build.0 = MinSizeRel|x64
		{EF4E316A-EBB5-3E41-B534-B68BA8554D0C}.RelWithDebInfo|x64.ActiveCfg = RelWithDebInfo|x64
		{EF4E316A-EBB5-3E41-B534-B68BA8554D0C}.RelWithDebInfo|x64.Build.0 = RelWithDebInfo|x64
		{E594FC92-2866-3116-A2EB-D7E0CED7F11C}.Debug|x64.ActiveCfg = Debug|x64
		{E594FC92-2866-3116-A2EB-D7E0CED7F11C}.Debug|x64.Build.0 = Debug|x64
		{E594FC92-2866-3116-A2EB-D7E0CED7F11C}.Release|x64.ActiveCfg = Release|x64
		{E594FC92-2866-3116-A2EB-D7E0CED7F11C}.Release|x64.Build.0 = Release|x64
		{E594FC92-2866-3116-A2EB-D7E0CED7F11C}.MinSizeRel|x64.ActiveCfg = MinSizeRel|x64
		{E594FC92-2866-3116-A2EB-D7E0CED7F11C}.MinSizeRel|x64.Build.0 = MinSizeRel|x64
		{E594FC92-2866-3116-A2EB-D7E0CED7F11C}.RelWithDebInfo|x64.ActiveCfg = RelWithDebInfo|x64
		{E594FC92-2866-3116-A2EB-D7E0CED7F11C}.RelWithDebInfo|x64.Build.0 = RelWithDebInfo|x64
		{D65C5E5D-E201-349C-8DA1-A0E261FA1C4A}.Debug|x64.ActiveCfg = Debug|x64
		{D65C5E5D-E201-349C-8DA1-A0E261FA1C4A}.Debug|x64.Build.0 = Debug|x64
		{D65C5E5D-E201-349C-8DA1-A0E261FA1C4A}.Release|x64.ActiveCfg = Release|x64
		{D65C5E5D-E201-349C-8DA1-A0E261FA1C4A}.Release|x64.Build.0 = Release|x64
		{D65C5E5D-E201-349C-8DA1-A0E261FA1C4A}.MinSizeRel|x64.ActiveCfg = MinSizeRel|x64
		{D65C5E5D-E201-349C-8DA1-A0E261FA1C4A}.MinSizeRel|x64.Build.0 = MinSizeRel|x64
		{D65C5E5D-E201-349C-8DA1-A0E261FA1C4A}.RelWithDebInfo|x64.ActiveCfg = RelWithDebInfo|x64
		{D65C5E5D-E201-349C-8DA1-A0E261FA1C4A}.RelWithDebInfo|x64.Build.0 = RelWithDebInfo|x64
		{1ED00DC2-794A-38D6-B9A0-DAC29AEFBDD3}.Debug|x64.ActiveCfg = Debug|x64
		{1ED00DC2-794A-38D6-B9A0-DAC29AEFBDD3}.Debug|x64.Build.0 = Debug|x64
		{1ED00DC2-794A-38D6-B9A0-DAC29AEFBDD3}.Release|x64.ActiveCfg = Release|x64
		{1ED00DC2-794A-38D6-B9A0-DAC29AEFBDD3}.Release|x64.Build.0 = Release|x64
		{1ED00DC2-794A-38D6-B9A0-DAC29AEFBDD3}.MinSizeRel|x64.ActiveCfg = MinSizeRel|x64
		{1ED00DC2-794A-38D6-B9A0-DAC29AEFBDD3}.MinSizeRel|x64.Build.0 = MinSizeRel|x64
		{1ED00DC2-794A-38D6-B9A0-DAC29AEFBDD3}.RelWithDebInfo|x64.ActiveCfg = RelWithDebInfo|x64
		{1ED00DC2-794A-38D6-B9A0-DAC29AEFBDD3}.RelWithDebInfo|x64.Build.0 = RelWithDebInfo|x64
		{7FF8D1F5-5489-3667-8D21-15C209C8F5BE}.Debug|x64.ActiveCfg = Debug|x64
		{7FF8D1F5-5489-3667-8D21-15C209C8F5BE}.Debug|x64.Build.0 = Debug|x64
		{7FF8D1F5-5489-3667-8D21-15C209C8F5BE}.Release|x64.ActiveCfg = Release|x64
		{7FF8D1F5-5489-3667-8D21-15C209C8F5BE}.Release|x64.Build.0 = Release|x64
		{7FF8D1F5-5489-3667-8D21-15C209C8F5BE}.MinSizeRel|x64.ActiveCfg = MinSizeRel|x64
		{7FF8D1F5-5489-3667-8D21-15C209C8F5BE}.MinSizeRel|x64.Build.0 = MinSizeRel|x64
		{7FF8D1F5-5489-3667-8D21-15C209C8F5BE}.RelWithDebInfo|x64.ActiveCfg = RelWithDebInfo|x64
		{7FF8D1F5-5489-3667-8D21-15C209C8F5BE}.RelWithDebInfo|x64.Build.0 = RelWithDebInfo|x64
		{3D687723-752F-324E-B78E-932C3CEB3F0D}.Debug|x64.ActiveCfg = Debug|x64
		{3D687723-752F-324E-B78E-932C3CEB3F0D}.Debug|x64.Build.0 = Debug|x64
		{3D687723-752F-324E-B78E-932C3CEB3F0D}.Release|x64.ActiveCfg = Release|x64
		{3D687723-752F-324E-B78E-932C3CEB3F0D}.Release|x64.Build.0 = Release|x64
		{3D687723-752F-324E-B78E-932C3CEB3F0D}.MinSizeRel|x64.ActiveCfg = MinSizeRel|x64
		{3D687723-752F-324E-B78E-932C3CEB3F0D}.MinSizeRel|x64.Build.0 = MinSizeRel|x64
		{3D687723-752F-324E-B78E-932C3CEB3F0D}.RelWithDebInfo|x64.ActiveCfg = RelWithDebInfo|x64
		{3D687723-752F-324E-B78E-932C3CEB3F0D}.RelWithDebInfo|x64.Build.0 = RelWithDebInfo|x64
		{C7D57C3A-3AC1-351B-9E53-08A96BE2AB38}.Debug|x64.ActiveCfg = Debug|x64
		{C7D57C3A-3AC1-351B-9E53-08A96BE2AB38}.Debug|x64.Build.0 = Debug|x64
		{C7D57C3A-3AC1-351B-9E53-08A96BE2AB38}.Release|x64.ActiveCfg = Release|x64
		{C7D57C3A-3AC1-351B-9E53-08A96BE2AB38}.Release|x64.Build.0 = Release|x64
		{C7D57C3A-3AC1-351B-9E53-08A96BE2AB38}.MinSizeRel|x64.ActiveCfg = MinSizeRel|x64
		{C7D57C3A-3AC1-351B-9E53-08A96BE2AB38}.MinSizeRel|x64.Build.0 = MinSizeRel|x64
		{C7D57C3A-3AC1-351B-9E53-08A96BE2AB38}.RelWithDebInfo|x64.ActiveCfg = RelWithDebInfo|x64
		{C7D57C3A-3AC1-351B-9E53-08A96BE2AB38}.RelWithDebInfo|x64.Build.0 = RelWithDebInfo|x64
		{A8DE32E0-A894-3926-86CE-F7849CD9BA20}.Debug|x64.ActiveCfg = Debug|x64
		{A8DE32E0-A894-3926-86CE-F7849CD9BA20}.Debug|x64.Build.0 = Debug|x64
		{A8DE32E0-A894-3926-86CE-F7849CD9BA20}.Release|x64.ActiveCfg = Release|x64
		{A8DE32E0-A894-3926-86CE-F7849CD9BA20}.Release|x64.Build.0 = Release|x64
		{A8DE32E0-A894-3926-86CE-F7849CD9BA20}.MinSizeRel|x64.ActiveCfg = MinSizeRel|x64
		{A8DE32E0-A894-3926-86CE-F7849CD9BA20}.MinSizeRel|x64.Build.0 = MinSizeRel|x64
		{A8DE32E0-A894-3926-86CE-F7849CD9BA20}.RelWithDebInfo|x64.ActiveCfg = RelWithDebInfo|x64
		{A8DE32E0-A894-3926-86CE-F7849CD9BA20}.RelWithDebInfo|x64.Build.0 = RelWithDebInfo|x64
		{F987C42B-5AFF-33E2-BB2B-B5577E4D24DA}.Debug|x64.ActiveCfg = Debug|x64
		{F987C42B-5AFF-33E2-BB2B-B5577E4D24DA}.Debug|x64.Build.0 = Debug|x64
		{F987C42B-5AFF-33E2-BB2B-B5577E4D24DA}.Release|x64.ActiveCfg = Release|x64
		{F987C42B-5AFF-33E2-BB2B-B5577E4D24DA}.Release|x64.Build.0 = Release|x64
		{F987C42B-5AFF-33E2-BB2B-B5577E4D24DA}.MinSizeRel|x64.ActiveCfg = MinSizeRel|x64
		{F987C42B-5AFF-33E2-BB2B-B5577E4D24DA}.MinSizeRel|x64.Build.0 = MinSizeRel|x64
		{F987C42B-5AFF-33E2-BB2B-B5577E4D24DA}.RelWithDebInfo|x64.ActiveCfg = RelWithDebInfo|x64
		{F987C42B-5AFF-33E2-BB2B-B5577E4D24DA}.RelWithDebInfo|x64.Build.0 = RelWithDebInfo|x64
		{3201111C-9430-38C6-AC9D-93D4187503F5}.Debug|x64.ActiveCfg = Debug|x64
		{3201111C-9430-38C6-AC9D-93D4187503F5}.Debug|x64.Build.0 = Debug|x64
		{3201111C-9430-38C6-AC9D-93D4187503F5}.Release|x64.ActiveCfg = Release|x64
		{3201111C-9430-38C6-AC9D-93D4187503F5}.Release|x64.Build.0 = Release|x64
		{3201111C-9430-38C6-AC9D-93D4187503F5}.MinSizeRel|x64.ActiveCfg = MinSizeRel|x64
		{3201111C-9430-38C6-AC9D-93D4187503F5}.MinSizeRel|x64.Build.0 = MinSizeRel|x64
		{3201111C-9430-38C6-AC9D-93D4187503F5}.RelWithDebInfo|x64.ActiveCfg = RelWithDebInfo|x64
		{3201111C-9430-38C6-AC9D-93D4187503F5}.RelWithDebInfo|x64.Build.0 = RelWithDebInfo|x64
		{9A226D91-69E3-3BD3-888A-BE5D80BEC93B}.Debug|x64.ActiveCfg = Debug|x64
		{9A226D91-69E3-3BD3-888A-BE5D80BEC93B}.Debug|x64.Build.0 = Debug|x64
		{9A226D91-69E3-3BD3-888A-BE5D80BEC93B}.Release|x64.ActiveCfg = Release|x64
		{9A226D91-69E3-3BD3-888A-BE5D80BEC93B}.Release|x64.Build.0 = Release|x64
		{9A226D91-69E3-3BD3-888A-BE5D80BEC93B}.MinSizeRel|x64.ActiveCfg = MinSizeRel|x64
		{9A226D91-69E3-3BD3-888A-BE5D80BEC93B}.MinSizeRel|x64.Build.0 = MinSizeRel|x64
		{9A226D91-69E3-3BD3-888A-BE5D80BEC93B}.RelWithDebInfo|x64.ActiveCfg = RelWithDebInfo|x64
		{9A226D91-69E3-3BD3-888A-BE5D80BEC93B}.RelWithDebInfo|x64.Build.0 = RelWithDebInfo|x64
		{57C12035-3703-3279-952E-7BD711176225}.Debug|x64.ActiveCfg = Debug|x64
		{57C12035-3703-3279-952E-7BD711176225}.Debug|x64.Build.0 = Debug|x64
		{57C12035-3703-3279-952E-7BD711176225}.Release|x64.ActiveCfg = Release|x64
		{57C12035-3703-3279-952E-7BD711176225}.Release|x64.Build.0 = Release|x64
		{57C12035-3703-3279-952E-7BD711176225}.MinSizeRel|x64.ActiveCfg = MinSizeRel|x64
		{57C12035-3703-3279-952E-7BD711176225}.MinSizeRel|x64.Build.0 = MinSizeRel|x64
		{57C12035-3703-3279-952E-7BD711176225}.RelWithDebInfo|x64.ActiveCfg = RelWithDebInfo|x64
		{57C12035-3703-3279-952E-7BD711176225}.RelWithDebInfo|x64.Build.0 = RelWithDebInfo|x64
		{0F46D84B-0C3E-3EA5-A08D-2207DC007E59}.Debug|x64.ActiveCfg = Debug|x64
		{0F46D84B-0C3E-3EA5-A08D-2207DC007E59}.Debug|x64.Build.0 = Debug|x64
		{0F46D84B-0C3E-3EA5-A08D-2207DC007E59}.Release|x64.ActiveCfg = Release|x64
		{0F46D84B-0C3E-3EA5-A08D-2207DC007E59}.Release|x64.Build.0 = Release|x64
		{0F46D84B-0C3E-3EA5-A08D-2207DC007E59}.MinSizeRel|x64.ActiveCfg = MinSizeRel|x64
		{0F46D84B-0C3E-3EA5-A08D-2207DC007E59}.MinSizeRel|x64.Build.0 = MinSizeRel|x64
		{0F46D84B-0C3E-3EA5-A08D-2207DC007E59}.RelWithDebInfo|x64.ActiveCfg = RelWithDebInfo|x64
		{0F46D84B-0C3E-3EA5-A08D-2207DC007E59}.RelWithDebInfo|x64.Build.0 = RelWithDebInfo|x64
		{4F525855-C562-3AB1-B63B-2432D60021FD}.Debug|x64.ActiveCfg = Debug|x64
		{4F525855-C562-3AB1-B63B-2432D60021FD}.Debug|x64.Build.0 = Debug|x64
		{4F525855-C562-3AB1-B63B-2432D60021FD}.Release|x64.ActiveCfg = Release|x64
		{4F525855-C562-3AB1-B63B-2432D60021FD}.Release|x64.Build.0 = Release|x64
		{4F525855-C562-3AB1-B63B-2432D60021FD}.MinSizeRel|x64.ActiveCfg = MinSizeRel|x64
		{4F525855-C562-3AB1-B63B-2432D60021FD}.MinSizeRel|x64.Build.0 = MinSizeRel|x64
		{4F525855-C562-3AB1-B63B-2432D60021FD}.RelWithDebInfo|x64.ActiveCfg = RelWithDebInfo|x64
		{4F525855-C562-3AB1-B63B-2432D60021FD}.RelWithDebInfo|x64.Build.0 = RelWithDebInfo|x64
		{A9036F80-A23D-348B-995A-E911E0959F8E}.Debug|x64.ActiveCfg = Debug|x64
		{A9036F80-A23D-348B-995A-E911E0959F8E}.Debug|x64.Build.0 = Debug|x64
		{A9036F80-A23D-348B-995A-E911E0959F8E}.Release|x64.ActiveCfg = Release|x64
		{A9036F80-A23D-348B-995A-E911E0959F8E}.Release|x64.Build.0 = Release|x64
		{A9036F80-A23D-348B-995A-E911E0959F8E}.MinSizeRel|x64.ActiveCfg = MinSizeRel|x64
		{A9036F80-A23D-348B-995A-E911E0959F8E}.MinSizeRel|x64.Build.0 = MinSizeRel|x64
		{A9036F80-A23D-348B-995A-E911E0959F8E}.RelWithDebInfo|x64.ActiveCfg = RelWithDebInfo|x64
		{A9036F80-A23D-348B-995A-E911E0959F8E}.RelWithDebInfo|x64.Build.0 = RelWithDebInfo|x64
		{B124CE02-6410-3B99-B703-83051FC16A3C}.Debug|x64.ActiveCfg = Debug|x64
		{B124CE02-6410-3B99-B703-83051FC16A3C}.Debug|x64.Build.0 = Debug|x64
		{B124CE02-6410-3B99-B703-83051FC16A3C}.Release|x64.ActiveCfg = Release|x64
		{B124CE02-6410-3B99-B703-83051FC16A3C}.Release|x64.Build.0 = Release|x64
		{B124CE02-6410-3B99-B703-83051FC16A3C}.MinSizeRel|x64.ActiveCfg = MinSizeRel|x64
		{B124CE02-6410-3B99-B703-83051FC16A3C}.MinSizeRel|x64.Build.0 = MinSizeRel|x64
		{B124CE02-6410-3B99-B703-83051FC16A3C}.RelWithDebInfo|x64.ActiveCfg = RelWithDebInfo|x64
		{B124CE02-6410-3B99-B703-83051FC16A3C}.RelWithDebInfo|x64.Build.0 = RelWithDebInfo|x64
		{02C978AA-2BBF-39B2-919F-574286D90B46}.Debug|x64.ActiveCfg = Debug|x64
		{02C978AA-2BBF-39B2-919F-574286D90B46}.Debug|x64.Build.0 = Debug|x64
		{02C978AA-2BBF-39B2-919F-574286D90B46}.Release|x64.ActiveCfg = Release|x64
		{02C978AA-2BBF-39B2-919F-574286D90B46}.Release|x64.Build.0 = Release|x64
		{02C978AA-2BBF-39B2-919F-574286D90B46}.MinSizeRel|x64.ActiveCfg = MinSizeRel|x64
		{02C978AA-2BBF-39B2-919F-574286D90B46}.MinSizeRel|x64.Build.0 = MinSizeRel|x64
		{02C978AA-2BBF-39B2-919F-574286D90B46}.RelWithDebInfo|x64.ActiveCfg = RelWithDebInfo|x64
		{02C978AA-2BBF-39B2-919F-574286D90B46}.RelWithDebInfo|x64.Build.0 = RelWithDebInfo|x64
		{7B6A3B36-ABE7-30B5-8E79-48CDF3563F3A}.Debug|x64.ActiveCfg = Debug|x64
		{7B6A3B36-ABE7-30B5-8E79-48CDF3563F3A}.Debug|x64.Build.0 = Debug|x64
		{7B6A3B36-ABE7-30B5-8E79-48CDF3563F3A}.Release|x64.ActiveCfg = Release|x64
		{7B6A3B36-ABE7-30B5-8E79-48CDF3563F3A}.Release|x64.Build.0 = Release|x64
		{7B6A3B36-ABE7-30B5-8E79-48CDF3563F3A}.MinSizeRel|x64.ActiveCfg = MinSizeRel|x64
		{7B6A3B36-ABE7-30B5-8E79-48CDF3563F3A}.MinSizeRel|x64.Build.0 = MinSizeRel|x64
		{7B6A3B36-ABE7-30B5-8E79-48CDF3563F3A}.RelWithDebInfo|x64.ActiveCfg = RelWithDebInfo|x64
		{7B6A3B36-ABE7-30B5-8E79-48CDF3563F3A}.RelWithDebInfo|x64.Build.0 = RelWithDebInfo|x64
	EndGlobalSection
	GlobalSection(ExtensibilityGlobals) = postSolution
		SolutionGuid = {9B0AC8AD-537A-3252-BE1E-18F8A9C7FCF4}
	EndGlobalSection
	GlobalSection(ExtensibilityAddIns) = postSolution
	EndGlobalSection
EndGlobal
