
Microsoft Visual Studio Solution File, Format Version 12.00
# Visual Studio Version 17
Project("{8BC9CEB8-8B4A-11D0-8D11-00A0C91BC942}") = "ALL_BUILD", "ALL_BUILD.vcxproj", "{5C826545-D92A-35ED-8028-6D5F874F3C38}"
	ProjectSection(ProjectDependencies) = postProject
		{227B7A2B-128B-3EFC-8D93-C23E7D78C6EF} = {227B7A2B-128B-3EFC-8D93-C23E7D78C6EF}
		{D7D477BF-3488-344A-AF75-C0E5E9106D54} = {D7D477BF-3488-344A-AF75-C0E5E9106D54}
		{BC1228B7-05CA-3846-AB2F-70CB4A1E8D3F} = {BC1228B7-05CA-3846-AB2F-70CB4A1E8D3F}
		{59F8185B-3BFA-3EF8-8DE8-0546B02CA85D} = {59F8185B-3BFA-3EF8-8DE8-0546B02CA85D}
		{7A5A6F23-6749-3ADB-BD5F-980780A59B61} = {7A5A6F23-6749-3ADB-BD5F-980780A59B61}
		{4DCD7E5C-B404-3C2D-BD91-38A8DC0881A8} = {4DCD7E5C-B404-3C2D-BD91-38A8DC0881A8}
		{67D8860D-55E2-3908-B2FA-3F0E30E9447A} = {67D8860D-55E2-3908-B2FA-3F0E30E9447A}
		{993AC64D-A450-3B2F-A753-97BAE3E269DC} = {993AC64D-A450-3B2F-A753-97BAE3E269DC}
		{9D36C4CF-29DA-3B26-8898-55E9586C532D} = {9D36C4CF-29DA-3B26-8898-55E9586C532D}
		{13D380BC-9D85-3353-9BAF-CFD9E23A3E91} = {13D380BC-9D85-3353-9BAF-CFD9E23A3E91}
		{6B5DF704-1E4F-35F2-A440-B7E997D6D59C} = {6B5DF704-1E4F-35F2-A440-B7E997D6D59C}
		{2C32D112-AF9D-3EEA-B26F-1650C55AC474} = {2C32D112-AF9D-3EEA-B26F-1650C55AC474}
		{B53A4FEE-2097-38CE-AD10-DBEA98B0565F} = {B53A4FEE-2097-38CE-AD10-DBEA98B0565F}
	EndProjectSection
EndProject
Project("{8BC9CEB8-8B4A-11D0-8D11-00A0C91BC942}") = "INSTALL", "INSTALL.vcxproj", "{E8D266DD-8337-3D82-8085-643BB77712CE}"
	ProjectSection(ProjectDependencies) = postProject
		{5C826545-D92A-35ED-8028-6D5F874F3C38} = {5C826545-D92A-35ED-8028-6D5F874F3C38}
		{227B7A2B-128B-3EFC-8D93-C23E7D78C6EF} = {227B7A2B-128B-3EFC-8D93-C23E7D78C6EF}
	EndProjectSection
EndProject
Project("{8BC9CEB8-8B4A-11D0-8D11-00A0C91BC942}") = "RUN_TESTS", "RUN_TESTS.vcxproj", "{FB5CC804-DCA3-338E-B3AC-84FC21914089}"
	ProjectSection(ProjectDependencies) = postProject
		{227B7A2B-128B-3EFC-8D93-C23E7D78C6EF} = {227B7A2B-128B-3EFC-8D93-C23E7D78C6EF}
	EndProjectSection
EndProject
Project("{8BC9CEB8-8B4A-11D0-8D11-00A0C91BC942}") = "ZERO_CHECK", "..\\ZERO_CHECK.vcxproj", "{227B7A2B-128B-3EFC-8D93-C23E7D78C6EF}"
	ProjectSection(ProjectDependencies) = postProject
	EndProjectSection
EndProject
Project("{8BC9CEB8-8B4A-11D0-8D11-00A0C91BC942}") = "dcmdata", "..\dcmdata\libsrc\dcmdata.vcxproj", "{D1FCF2FC-2240-32F9-80C9-1FC470223A4B}"
	ProjectSection(ProjectDependencies) = postProject
		{227B7A2B-128B-3EFC-8D93-C23E7D78C6EF} = {227B7A2B-128B-3EFC-8D93-C23E7D78C6EF}
		{28D5B11C-79E0-3E62-AF2A-763B078637E0} = {28D5B11C-79E0-3E62-AF2A-763B078637E0}
		{2221AE82-6C37-374A-963A-AD3C33D3F0F0} = {2221AE82-6C37-374A-963A-AD3C33D3F0F0}
	EndProjectSection
EndProject
Project("{8BC9CEB8-8B4A-11D0-8D11-00A0C91BC942}") = "dcmdsig", "..\dcmsign\libsrc\dcmdsig.vcxproj", "{ECE1E751-9861-3339-BEFA-6AF6DE6BF859}"
	ProjectSection(ProjectDependencies) = postProject
		{227B7A2B-128B-3EFC-8D93-C23E7D78C6EF} = {227B7A2B-128B-3EFC-8D93-C23E7D78C6EF}
		{D1FCF2FC-2240-32F9-80C9-1FC470223A4B} = {D1FCF2FC-2240-32F9-80C9-1FC470223A4B}
		{28D5B11C-79E0-3E62-AF2A-763B078637E0} = {28D5B11C-79E0-3E62-AF2A-763B078637E0}
		{2221AE82-6C37-374A-963A-AD3C33D3F0F0} = {2221AE82-6C37-374A-963A-AD3C33D3F0F0}
	EndProjectSection
EndProject
Project("{8BC9CEB8-8B4A-11D0-8D11-00A0C91BC942}") = "dcmimage", "..\dcmimage\libsrc\dcmimage.vcxproj", "{EB9B7A70-BDAD-3B4B-8334-C4A3A339D699}"
	ProjectSection(ProjectDependencies) = postProject
		{227B7A2B-128B-3EFC-8D93-C23E7D78C6EF} = {227B7A2B-128B-3EFC-8D93-C23E7D78C6EF}
		{D1FCF2FC-2240-32F9-80C9-1FC470223A4B} = {D1FCF2FC-2240-32F9-80C9-1FC470223A4B}
		{26B25F29-F038-3DA8-AEF8-58DA9615205C} = {26B25F29-F038-3DA8-AEF8-58DA9615205C}
		{28D5B11C-79E0-3E62-AF2A-763B078637E0} = {28D5B11C-79E0-3E62-AF2A-763B078637E0}
		{2221AE82-6C37-374A-963A-AD3C33D3F0F0} = {2221AE82-6C37-374A-963A-AD3C33D3F0F0}
	EndProjectSection
EndProject
Project("{8BC9CEB8-8B4A-11D0-8D11-00A0C91BC942}") = "dcmimgle", "..\dcmimgle\libsrc\dcmimgle.vcxproj", "{26B25F29-F038-3DA8-AEF8-58DA9615205C}"
	ProjectSection(ProjectDependencies) = postProject
		{227B7A2B-128B-3EFC-8D93-C23E7D78C6EF} = {227B7A2B-128B-3EFC-8D93-C23E7D78C6EF}
		{D1FCF2FC-2240-32F9-80C9-1FC470223A4B} = {D1FCF2FC-2240-32F9-80C9-1FC470223A4B}
		{28D5B11C-79E0-3E62-AF2A-763B078637E0} = {28D5B11C-79E0-3E62-AF2A-763B078637E0}
		{2221AE82-6C37-374A-963A-AD3C33D3F0F0} = {2221AE82-6C37-374A-963A-AD3C33D3F0F0}
	EndProjectSection
EndProject
Project("{8BC9CEB8-8B4A-11D0-8D11-00A0C91BC942}") = "dcmmkcrv", "apps\dcmmkcrv.vcxproj", "{D7D477BF-3488-344A-AF75-C0E5E9106D54}"
	ProjectSection(ProjectDependencies) = postProject
		{227B7A2B-128B-3EFC-8D93-C23E7D78C6EF} = {227B7A2B-128B-3EFC-8D93-C23E7D78C6EF}
		{D1FCF2FC-2240-32F9-80C9-1FC470223A4B} = {D1FCF2FC-2240-32F9-80C9-1FC470223A4B}
		{ECE1E751-9861-3339-BEFA-6AF6DE6BF859} = {ECE1E751-9861-3339-BEFA-6AF6DE6BF859}
		{EB9B7A70-BDAD-3B4B-8334-C4A3A339D699} = {EB9B7A70-BDAD-3B4B-8334-C4A3A339D699}
		{26B25F29-F038-3DA8-AEF8-58DA9615205C} = {26B25F29-F038-3DA8-AEF8-58DA9615205C}
		{99A4FA16-E91F-38D3-B1CA-8214A1EBDB67} = {99A4FA16-E91F-38D3-B1CA-8214A1EBDB67}
		{28D5B11C-79E0-3E62-AF2A-763B078637E0} = {28D5B11C-79E0-3E62-AF2A-763B078637E0}
		{2221AE82-6C37-374A-963A-AD3C33D3F0F0} = {2221AE82-6C37-374A-963A-AD3C33D3F0F0}
	EndProjectSection
EndProject
Project("{8BC9CEB8-8B4A-11D0-8D11-00A0C91BC942}") = "dcmmklut", "apps\dcmmklut.vcxproj", "{BC1228B7-05CA-3846-AB2F-70CB4A1E8D3F}"
	ProjectSection(ProjectDependencies) = postProject
		{227B7A2B-128B-3EFC-8D93-C23E7D78C6EF} = {227B7A2B-128B-3EFC-8D93-C23E7D78C6EF}
		{D1FCF2FC-2240-32F9-80C9-1FC470223A4B} = {D1FCF2FC-2240-32F9-80C9-1FC470223A4B}
		{ECE1E751-9861-3339-BEFA-6AF6DE6BF859} = {ECE1E751-9861-3339-BEFA-6AF6DE6BF859}
		{EB9B7A70-BDAD-3B4B-8334-C4A3A339D699} = {EB9B7A70-BDAD-3B4B-8334-C4A3A339D699}
		{26B25F29-F038-3DA8-AEF8-58DA9615205C} = {26B25F29-F038-3DA8-AEF8-58DA9615205C}
		{99A4FA16-E91F-38D3-B1CA-8214A1EBDB67} = {99A4FA16-E91F-38D3-B1CA-8214A1EBDB67}
		{28D5B11C-79E0-3E62-AF2A-763B078637E0} = {28D5B11C-79E0-3E62-AF2A-763B078637E0}
		{2221AE82-6C37-374A-963A-AD3C33D3F0F0} = {2221AE82-6C37-374A-963A-AD3C33D3F0F0}
	EndProjectSection
EndProject
Project("{8BC9CEB8-8B4A-11D0-8D11-00A0C91BC942}") = "dcmnet", "..\dcmnet\libsrc\dcmnet.vcxproj", "{BAD96C48-5BE4-3870-9C6B-15EFDB6B69E3}"
	ProjectSection(ProjectDependencies) = postProject
		{227B7A2B-128B-3EFC-8D93-C23E7D78C6EF} = {227B7A2B-128B-3EFC-8D93-C23E7D78C6EF}
		{D1FCF2FC-2240-32F9-80C9-1FC470223A4B} = {D1FCF2FC-2240-32F9-80C9-1FC470223A4B}
		{28D5B11C-79E0-3E62-AF2A-763B078637E0} = {28D5B11C-79E0-3E62-AF2A-763B078637E0}
		{2221AE82-6C37-374A-963A-AD3C33D3F0F0} = {2221AE82-6C37-374A-963A-AD3C33D3F0F0}
	EndProjectSection
EndProject
Project("{8BC9CEB8-8B4A-11D0-8D11-00A0C91BC942}") = "dcmp2pgm", "apps\dcmp2pgm.vcxproj", "{59F8185B-3BFA-3EF8-8DE8-0546B02CA85D}"
	ProjectSection(ProjectDependencies) = postProject
		{227B7A2B-128B-3EFC-8D93-C23E7D78C6EF} = {227B7A2B-128B-3EFC-8D93-C23E7D78C6EF}
		{D1FCF2FC-2240-32F9-80C9-1FC470223A4B} = {D1FCF2FC-2240-32F9-80C9-1FC470223A4B}
		{ECE1E751-9861-3339-BEFA-6AF6DE6BF859} = {ECE1E751-9861-3339-BEFA-6AF6DE6BF859}
		{EB9B7A70-BDAD-3B4B-8334-C4A3A339D699} = {EB9B7A70-BDAD-3B4B-8334-C4A3A339D699}
		{26B25F29-F038-3DA8-AEF8-58DA9615205C} = {26B25F29-F038-3DA8-AEF8-58DA9615205C}
		{BAD96C48-5BE4-3870-9C6B-15EFDB6B69E3} = {BAD96C48-5BE4-3870-9C6B-15EFDB6B69E3}
		{2C32D112-AF9D-3EEA-B26F-1650C55AC474} = {2C32D112-AF9D-3EEA-B26F-1650C55AC474}
		{C0037289-064E-39F7-AE89-9B86374C8B9C} = {C0037289-064E-39F7-AE89-9B86374C8B9C}
		{99A4FA16-E91F-38D3-B1CA-8214A1EBDB67} = {99A4FA16-E91F-38D3-B1CA-8214A1EBDB67}
		{96F48DBE-3B09-38E1-9C38-246022AACC6D} = {96F48DBE-3B09-38E1-9C38-246022AACC6D}
		{28D5B11C-79E0-3E62-AF2A-763B078637E0} = {28D5B11C-79E0-3E62-AF2A-763B078637E0}
		{2221AE82-6C37-374A-963A-AD3C33D3F0F0} = {2221AE82-6C37-374A-963A-AD3C33D3F0F0}
	EndProjectSection
EndProject
Project("{8BC9CEB8-8B4A-11D0-8D11-00A0C91BC942}") = "dcmprscp", "apps\dcmprscp.vcxproj", "{7A5A6F23-6749-3ADB-BD5F-980780A59B61}"
	ProjectSection(ProjectDependencies) = postProject
		{227B7A2B-128B-3EFC-8D93-C23E7D78C6EF} = {227B7A2B-128B-3EFC-8D93-C23E7D78C6EF}
		{D1FCF2FC-2240-32F9-80C9-1FC470223A4B} = {D1FCF2FC-2240-32F9-80C9-1FC470223A4B}
		{ECE1E751-9861-3339-BEFA-6AF6DE6BF859} = {ECE1E751-9861-3339-BEFA-6AF6DE6BF859}
		{EB9B7A70-BDAD-3B4B-8334-C4A3A339D699} = {EB9B7A70-BDAD-3B4B-8334-C4A3A339D699}
		{26B25F29-F038-3DA8-AEF8-58DA9615205C} = {26B25F29-F038-3DA8-AEF8-58DA9615205C}
		{BAD96C48-5BE4-3870-9C6B-15EFDB6B69E3} = {BAD96C48-5BE4-3870-9C6B-15EFDB6B69E3}
		{2C32D112-AF9D-3EEA-B26F-1650C55AC474} = {2C32D112-AF9D-3EEA-B26F-1650C55AC474}
		{C0037289-064E-39F7-AE89-9B86374C8B9C} = {C0037289-064E-39F7-AE89-9B86374C8B9C}
		{99A4FA16-E91F-38D3-B1CA-8214A1EBDB67} = {99A4FA16-E91F-38D3-B1CA-8214A1EBDB67}
		{96F48DBE-3B09-38E1-9C38-246022AACC6D} = {96F48DBE-3B09-38E1-9C38-246022AACC6D}
		{28D5B11C-79E0-3E62-AF2A-763B078637E0} = {28D5B11C-79E0-3E62-AF2A-763B078637E0}
		{2221AE82-6C37-374A-963A-AD3C33D3F0F0} = {2221AE82-6C37-374A-963A-AD3C33D3F0F0}
	EndProjectSection
EndProject
Project("{8BC9CEB8-8B4A-11D0-8D11-00A0C91BC942}") = "dcmprscu", "apps\dcmprscu.vcxproj", "{4DCD7E5C-B404-3C2D-BD91-38A8DC0881A8}"
	ProjectSection(ProjectDependencies) = postProject
		{227B7A2B-128B-3EFC-8D93-C23E7D78C6EF} = {227B7A2B-128B-3EFC-8D93-C23E7D78C6EF}
		{D1FCF2FC-2240-32F9-80C9-1FC470223A4B} = {D1FCF2FC-2240-32F9-80C9-1FC470223A4B}
		{ECE1E751-9861-3339-BEFA-6AF6DE6BF859} = {ECE1E751-9861-3339-BEFA-6AF6DE6BF859}
		{EB9B7A70-BDAD-3B4B-8334-C4A3A339D699} = {EB9B7A70-BDAD-3B4B-8334-C4A3A339D699}
		{26B25F29-F038-3DA8-AEF8-58DA9615205C} = {26B25F29-F038-3DA8-AEF8-58DA9615205C}
		{BAD96C48-5BE4-3870-9C6B-15EFDB6B69E3} = {BAD96C48-5BE4-3870-9C6B-15EFDB6B69E3}
		{2C32D112-AF9D-3EEA-B26F-1650C55AC474} = {2C32D112-AF9D-3EEA-B26F-1650C55AC474}
		{C0037289-064E-39F7-AE89-9B86374C8B9C} = {C0037289-064E-39F7-AE89-9B86374C8B9C}
		{99A4FA16-E91F-38D3-B1CA-8214A1EBDB67} = {99A4FA16-E91F-38D3-B1CA-8214A1EBDB67}
		{96F48DBE-3B09-38E1-9C38-246022AACC6D} = {96F48DBE-3B09-38E1-9C38-246022AACC6D}
		{28D5B11C-79E0-3E62-AF2A-763B078637E0} = {28D5B11C-79E0-3E62-AF2A-763B078637E0}
		{2221AE82-6C37-374A-963A-AD3C33D3F0F0} = {2221AE82-6C37-374A-963A-AD3C33D3F0F0}
	EndProjectSection
EndProject
Project("{8BC9CEB8-8B4A-11D0-8D11-00A0C91BC942}") = "dcmpschk", "apps\dcmpschk.vcxproj", "{67D8860D-55E2-3908-B2FA-3F0E30E9447A}"
	ProjectSection(ProjectDependencies) = postProject
		{227B7A2B-128B-3EFC-8D93-C23E7D78C6EF} = {227B7A2B-128B-3EFC-8D93-C23E7D78C6EF}
		{D1FCF2FC-2240-32F9-80C9-1FC470223A4B} = {D1FCF2FC-2240-32F9-80C9-1FC470223A4B}
		{ECE1E751-9861-3339-BEFA-6AF6DE6BF859} = {ECE1E751-9861-3339-BEFA-6AF6DE6BF859}
		{EB9B7A70-BDAD-3B4B-8334-C4A3A339D699} = {EB9B7A70-BDAD-3B4B-8334-C4A3A339D699}
		{26B25F29-F038-3DA8-AEF8-58DA9615205C} = {26B25F29-F038-3DA8-AEF8-58DA9615205C}
		{BAD96C48-5BE4-3870-9C6B-15EFDB6B69E3} = {BAD96C48-5BE4-3870-9C6B-15EFDB6B69E3}
		{2C32D112-AF9D-3EEA-B26F-1650C55AC474} = {2C32D112-AF9D-3EEA-B26F-1650C55AC474}
		{C0037289-064E-39F7-AE89-9B86374C8B9C} = {C0037289-064E-39F7-AE89-9B86374C8B9C}
		{99A4FA16-E91F-38D3-B1CA-8214A1EBDB67} = {99A4FA16-E91F-38D3-B1CA-8214A1EBDB67}
		{96F48DBE-3B09-38E1-9C38-246022AACC6D} = {96F48DBE-3B09-38E1-9C38-246022AACC6D}
		{28D5B11C-79E0-3E62-AF2A-763B078637E0} = {28D5B11C-79E0-3E62-AF2A-763B078637E0}
		{2221AE82-6C37-374A-963A-AD3C33D3F0F0} = {2221AE82-6C37-374A-963A-AD3C33D3F0F0}
	EndProjectSection
EndProject
Project("{8BC9CEB8-8B4A-11D0-8D11-00A0C91BC942}") = "dcmpsmk", "apps\dcmpsmk.vcxproj", "{993AC64D-A450-3B2F-A753-97BAE3E269DC}"
	ProjectSection(ProjectDependencies) = postProject
		{227B7A2B-128B-3EFC-8D93-C23E7D78C6EF} = {227B7A2B-128B-3EFC-8D93-C23E7D78C6EF}
		{D1FCF2FC-2240-32F9-80C9-1FC470223A4B} = {D1FCF2FC-2240-32F9-80C9-1FC470223A4B}
		{ECE1E751-9861-3339-BEFA-6AF6DE6BF859} = {ECE1E751-9861-3339-BEFA-6AF6DE6BF859}
		{EB9B7A70-BDAD-3B4B-8334-C4A3A339D699} = {EB9B7A70-BDAD-3B4B-8334-C4A3A339D699}
		{26B25F29-F038-3DA8-AEF8-58DA9615205C} = {26B25F29-F038-3DA8-AEF8-58DA9615205C}
		{BAD96C48-5BE4-3870-9C6B-15EFDB6B69E3} = {BAD96C48-5BE4-3870-9C6B-15EFDB6B69E3}
		{2C32D112-AF9D-3EEA-B26F-1650C55AC474} = {2C32D112-AF9D-3EEA-B26F-1650C55AC474}
		{C0037289-064E-39F7-AE89-9B86374C8B9C} = {C0037289-064E-39F7-AE89-9B86374C8B9C}
		{99A4FA16-E91F-38D3-B1CA-8214A1EBDB67} = {99A4FA16-E91F-38D3-B1CA-8214A1EBDB67}
		{96F48DBE-3B09-38E1-9C38-246022AACC6D} = {96F48DBE-3B09-38E1-9C38-246022AACC6D}
		{28D5B11C-79E0-3E62-AF2A-763B078637E0} = {28D5B11C-79E0-3E62-AF2A-763B078637E0}
		{2221AE82-6C37-374A-963A-AD3C33D3F0F0} = {2221AE82-6C37-374A-963A-AD3C33D3F0F0}
	EndProjectSection
EndProject
Project("{8BC9CEB8-8B4A-11D0-8D11-00A0C91BC942}") = "dcmpsprt", "apps\dcmpsprt.vcxproj", "{9D36C4CF-29DA-3B26-8898-55E9586C532D}"
	ProjectSection(ProjectDependencies) = postProject
		{227B7A2B-128B-3EFC-8D93-C23E7D78C6EF} = {227B7A2B-128B-3EFC-8D93-C23E7D78C6EF}
		{D1FCF2FC-2240-32F9-80C9-1FC470223A4B} = {D1FCF2FC-2240-32F9-80C9-1FC470223A4B}
		{ECE1E751-9861-3339-BEFA-6AF6DE6BF859} = {ECE1E751-9861-3339-BEFA-6AF6DE6BF859}
		{EB9B7A70-BDAD-3B4B-8334-C4A3A339D699} = {EB9B7A70-BDAD-3B4B-8334-C4A3A339D699}
		{26B25F29-F038-3DA8-AEF8-58DA9615205C} = {26B25F29-F038-3DA8-AEF8-58DA9615205C}
		{BAD96C48-5BE4-3870-9C6B-15EFDB6B69E3} = {BAD96C48-5BE4-3870-9C6B-15EFDB6B69E3}
		{2C32D112-AF9D-3EEA-B26F-1650C55AC474} = {2C32D112-AF9D-3EEA-B26F-1650C55AC474}
		{C0037289-064E-39F7-AE89-9B86374C8B9C} = {C0037289-064E-39F7-AE89-9B86374C8B9C}
		{99A4FA16-E91F-38D3-B1CA-8214A1EBDB67} = {99A4FA16-E91F-38D3-B1CA-8214A1EBDB67}
		{96F48DBE-3B09-38E1-9C38-246022AACC6D} = {96F48DBE-3B09-38E1-9C38-246022AACC6D}
		{28D5B11C-79E0-3E62-AF2A-763B078637E0} = {28D5B11C-79E0-3E62-AF2A-763B078637E0}
		{2221AE82-6C37-374A-963A-AD3C33D3F0F0} = {2221AE82-6C37-374A-963A-AD3C33D3F0F0}
	EndProjectSection
EndProject
Project("{8BC9CEB8-8B4A-11D0-8D11-00A0C91BC942}") = "dcmpsrcv", "apps\dcmpsrcv.vcxproj", "{13D380BC-9D85-3353-9BAF-CFD9E23A3E91}"
	ProjectSection(ProjectDependencies) = postProject
		{227B7A2B-128B-3EFC-8D93-C23E7D78C6EF} = {227B7A2B-128B-3EFC-8D93-C23E7D78C6EF}
		{D1FCF2FC-2240-32F9-80C9-1FC470223A4B} = {D1FCF2FC-2240-32F9-80C9-1FC470223A4B}
		{ECE1E751-9861-3339-BEFA-6AF6DE6BF859} = {ECE1E751-9861-3339-BEFA-6AF6DE6BF859}
		{EB9B7A70-BDAD-3B4B-8334-C4A3A339D699} = {EB9B7A70-BDAD-3B4B-8334-C4A3A339D699}
		{26B25F29-F038-3DA8-AEF8-58DA9615205C} = {26B25F29-F038-3DA8-AEF8-58DA9615205C}
		{BAD96C48-5BE4-3870-9C6B-15EFDB6B69E3} = {BAD96C48-5BE4-3870-9C6B-15EFDB6B69E3}
		{2C32D112-AF9D-3EEA-B26F-1650C55AC474} = {2C32D112-AF9D-3EEA-B26F-1650C55AC474}
		{C0037289-064E-39F7-AE89-9B86374C8B9C} = {C0037289-064E-39F7-AE89-9B86374C8B9C}
		{99A4FA16-E91F-38D3-B1CA-8214A1EBDB67} = {99A4FA16-E91F-38D3-B1CA-8214A1EBDB67}
		{96F48DBE-3B09-38E1-9C38-246022AACC6D} = {96F48DBE-3B09-38E1-9C38-246022AACC6D}
		{28D5B11C-79E0-3E62-AF2A-763B078637E0} = {28D5B11C-79E0-3E62-AF2A-763B078637E0}
		{2221AE82-6C37-374A-963A-AD3C33D3F0F0} = {2221AE82-6C37-374A-963A-AD3C33D3F0F0}
	EndProjectSection
EndProject
Project("{8BC9CEB8-8B4A-11D0-8D11-00A0C91BC942}") = "dcmpssnd", "apps\dcmpssnd.vcxproj", "{6B5DF704-1E4F-35F2-A440-B7E997D6D59C}"
	ProjectSection(ProjectDependencies) = postProject
		{227B7A2B-128B-3EFC-8D93-C23E7D78C6EF} = {227B7A2B-128B-3EFC-8D93-C23E7D78C6EF}
		{D1FCF2FC-2240-32F9-80C9-1FC470223A4B} = {D1FCF2FC-2240-32F9-80C9-1FC470223A4B}
		{ECE1E751-9861-3339-BEFA-6AF6DE6BF859} = {ECE1E751-9861-3339-BEFA-6AF6DE6BF859}
		{EB9B7A70-BDAD-3B4B-8334-C4A3A339D699} = {EB9B7A70-BDAD-3B4B-8334-C4A3A339D699}
		{26B25F29-F038-3DA8-AEF8-58DA9615205C} = {26B25F29-F038-3DA8-AEF8-58DA9615205C}
		{BAD96C48-5BE4-3870-9C6B-15EFDB6B69E3} = {BAD96C48-5BE4-3870-9C6B-15EFDB6B69E3}
		{2C32D112-AF9D-3EEA-B26F-1650C55AC474} = {2C32D112-AF9D-3EEA-B26F-1650C55AC474}
		{C0037289-064E-39F7-AE89-9B86374C8B9C} = {C0037289-064E-39F7-AE89-9B86374C8B9C}
		{99A4FA16-E91F-38D3-B1CA-8214A1EBDB67} = {99A4FA16-E91F-38D3-B1CA-8214A1EBDB67}
		{96F48DBE-3B09-38E1-9C38-246022AACC6D} = {96F48DBE-3B09-38E1-9C38-246022AACC6D}
		{28D5B11C-79E0-3E62-AF2A-763B078637E0} = {28D5B11C-79E0-3E62-AF2A-763B078637E0}
		{2221AE82-6C37-374A-963A-AD3C33D3F0F0} = {2221AE82-6C37-374A-963A-AD3C33D3F0F0}
	EndProjectSection
EndProject
Project("{8BC9CEB8-8B4A-11D0-8D11-00A0C91BC942}") = "dcmpstat", "libsrc\dcmpstat.vcxproj", "{2C32D112-AF9D-3EEA-B26F-1650C55AC474}"
	ProjectSection(ProjectDependencies) = postProject
		{227B7A2B-128B-3EFC-8D93-C23E7D78C6EF} = {227B7A2B-128B-3EFC-8D93-C23E7D78C6EF}
		{D1FCF2FC-2240-32F9-80C9-1FC470223A4B} = {D1FCF2FC-2240-32F9-80C9-1FC470223A4B}
		{ECE1E751-9861-3339-BEFA-6AF6DE6BF859} = {ECE1E751-9861-3339-BEFA-6AF6DE6BF859}
		{EB9B7A70-BDAD-3B4B-8334-C4A3A339D699} = {EB9B7A70-BDAD-3B4B-8334-C4A3A339D699}
		{26B25F29-F038-3DA8-AEF8-58DA9615205C} = {26B25F29-F038-3DA8-AEF8-58DA9615205C}
		{BAD96C48-5BE4-3870-9C6B-15EFDB6B69E3} = {BAD96C48-5BE4-3870-9C6B-15EFDB6B69E3}
		{C0037289-064E-39F7-AE89-9B86374C8B9C} = {C0037289-064E-39F7-AE89-9B86374C8B9C}
		{99A4FA16-E91F-38D3-B1CA-8214A1EBDB67} = {99A4FA16-E91F-38D3-B1CA-8214A1EBDB67}
		{96F48DBE-3B09-38E1-9C38-246022AACC6D} = {96F48DBE-3B09-38E1-9C38-246022AACC6D}
		{28D5B11C-79E0-3E62-AF2A-763B078637E0} = {28D5B11C-79E0-3E62-AF2A-763B078637E0}
		{2221AE82-6C37-374A-963A-AD3C33D3F0F0} = {2221AE82-6C37-374A-963A-AD3C33D3F0F0}
	EndProjectSection
EndProject
Project("{8BC9CEB8-8B4A-11D0-8D11-00A0C91BC942}") = "dcmqrdb", "..\dcmqrdb\libsrc\dcmqrdb.vcxproj", "{C0037289-064E-39F7-AE89-9B86374C8B9C}"
	ProjectSection(ProjectDependencies) = postProject
		{227B7A2B-128B-3EFC-8D93-C23E7D78C6EF} = {227B7A2B-128B-3EFC-8D93-C23E7D78C6EF}
		{D1FCF2FC-2240-32F9-80C9-1FC470223A4B} = {D1FCF2FC-2240-32F9-80C9-1FC470223A4B}
		{BAD96C48-5BE4-3870-9C6B-15EFDB6B69E3} = {BAD96C48-5BE4-3870-9C6B-15EFDB6B69E3}
		{28D5B11C-79E0-3E62-AF2A-763B078637E0} = {28D5B11C-79E0-3E62-AF2A-763B078637E0}
		{2221AE82-6C37-374A-963A-AD3C33D3F0F0} = {2221AE82-6C37-374A-963A-AD3C33D3F0F0}
	EndProjectSection
EndProject
Project("{8BC9CEB8-8B4A-11D0-8D11-00A0C91BC942}") = "dcmsr", "..\dcmsr\libsrc\dcmsr.vcxproj", "{99A4FA16-E91F-38D3-B1CA-8214A1EBDB67}"
	ProjectSection(ProjectDependencies) = postProject
		{227B7A2B-128B-3EFC-8D93-C23E7D78C6EF} = {227B7A2B-128B-3EFC-8D93-C23E7D78C6EF}
		{D1FCF2FC-2240-32F9-80C9-1FC470223A4B} = {D1FCF2FC-2240-32F9-80C9-1FC470223A4B}
		{EB9B7A70-BDAD-3B4B-8334-C4A3A339D699} = {EB9B7A70-BDAD-3B4B-8334-C4A3A339D699}
		{26B25F29-F038-3DA8-AEF8-58DA9615205C} = {26B25F29-F038-3DA8-AEF8-58DA9615205C}
		{28D5B11C-79E0-3E62-AF2A-763B078637E0} = {28D5B11C-79E0-3E62-AF2A-763B078637E0}
		{2221AE82-6C37-374A-963A-AD3C33D3F0F0} = {2221AE82-6C37-374A-963A-AD3C33D3F0F0}
	EndProjectSection
EndProject
Project("{8BC9CEB8-8B4A-11D0-8D11-00A0C91BC942}") = "dcmtls", "..\dcmtls\libsrc\dcmtls.vcxproj", "{96F48DBE-3B09-38E1-9C38-246022AACC6D}"
	ProjectSection(ProjectDependencies) = postProject
		{227B7A2B-128B-3EFC-8D93-C23E7D78C6EF} = {227B7A2B-128B-3EFC-8D93-C23E7D78C6EF}
		{D1FCF2FC-2240-32F9-80C9-1FC470223A4B} = {D1FCF2FC-2240-32F9-80C9-1FC470223A4B}
		{BAD96C48-5BE4-3870-9C6B-15EFDB6B69E3} = {BAD96C48-5BE4-3870-9C6B-15EFDB6B69E3}
		{28D5B11C-79E0-3E62-AF2A-763B078637E0} = {28D5B11C-79E0-3E62-AF2A-763B078637E0}
		{2221AE82-6C37-374A-963A-AD3C33D3F0F0} = {2221AE82-6C37-374A-963A-AD3C33D3F0F0}
	EndProjectSection
EndProject
Project("{8BC9CEB8-8B4A-11D0-8D11-00A0C91BC942}") = "msgserv", "tests\msgserv.vcxproj", "{B53A4FEE-2097-38CE-AD10-DBEA98B0565F}"
	ProjectSection(ProjectDependencies) = postProject
		{227B7A2B-128B-3EFC-8D93-C23E7D78C6EF} = {227B7A2B-128B-3EFC-8D93-C23E7D78C6EF}
		{D1FCF2FC-2240-32F9-80C9-1FC470223A4B} = {D1FCF2FC-2240-32F9-80C9-1FC470223A4B}
		{ECE1E751-9861-3339-BEFA-6AF6DE6BF859} = {ECE1E751-9861-3339-BEFA-6AF6DE6BF859}
		{EB9B7A70-BDAD-3B4B-8334-C4A3A339D699} = {EB9B7A70-BDAD-3B4B-8334-C4A3A339D699}
		{26B25F29-F038-3DA8-AEF8-58DA9615205C} = {26B25F29-F038-3DA8-AEF8-58DA9615205C}
		{BAD96C48-5BE4-3870-9C6B-15EFDB6B69E3} = {BAD96C48-5BE4-3870-9C6B-15EFDB6B69E3}
		{2C32D112-AF9D-3EEA-B26F-1650C55AC474} = {2C32D112-AF9D-3EEA-B26F-1650C55AC474}
		{C0037289-064E-39F7-AE89-9B86374C8B9C} = {C0037289-064E-39F7-AE89-9B86374C8B9C}
		{99A4FA16-E91F-38D3-B1CA-8214A1EBDB67} = {99A4FA16-E91F-38D3-B1CA-8214A1EBDB67}
		{96F48DBE-3B09-38E1-9C38-246022AACC6D} = {96F48DBE-3B09-38E1-9C38-246022AACC6D}
		{28D5B11C-79E0-3E62-AF2A-763B078637E0} = {28D5B11C-79E0-3E62-AF2A-763B078637E0}
		{2221AE82-6C37-374A-963A-AD3C33D3F0F0} = {2221AE82-6C37-374A-963A-AD3C33D3F0F0}
	EndProjectSection
EndProject
Project("{8BC9CEB8-8B4A-11D0-8D11-00A0C91BC942}") = "oflog", "..\oflog\libsrc\oflog.vcxproj", "{28D5B11C-79E0-3E62-AF2A-763B078637E0}"
	ProjectSection(ProjectDependencies) = postProject
		{227B7A2B-128B-3EFC-8D93-C23E7D78C6EF} = {227B7A2B-128B-3EFC-8D93-C23E7D78C6EF}
		{2221AE82-6C37-374A-963A-AD3C33D3F0F0} = {2221AE82-6C37-374A-963A-AD3C33D3F0F0}
	EndProjectSection
EndProject
Project("{8BC9CEB8-8B4A-11D0-8D11-00A0C91BC942}") = "ofstd", "..\ofstd\libsrc\ofstd.vcxproj", "{2221AE82-6C37-374A-963A-AD3C33D3F0F0}"
	ProjectSection(ProjectDependencies) = postProject
		{227B7A2B-128B-3EFC-8D93-C23E7D78C6EF} = {227B7A2B-128B-3EFC-8D93-C23E7D78C6EF}
	EndProjectSection
EndProject
Global
	GlobalSection(SolutionConfigurationPlatforms) = preSolution
		Debug|x64 = Debug|x64
		Release|x64 = Release|x64
		MinSizeRel|x64 = MinSizeRel|x64
		RelWithDebInfo|x64 = RelWithDebInfo|x64
	EndGlobalSection
	GlobalSection(ProjectConfigurationPlatforms) = postSolution
		{5C826545-D92A-35ED-8028-6D5F874F3C38}.Debug|x64.ActiveCfg = Debug|x64
		{5C826545-D92A-35ED-8028-6D5F874F3C38}.Debug|x64.Build.0 = Debug|x64
		{5C826545-D92A-35ED-8028-6D5F874F3C38}.Release|x64.ActiveCfg = Release|x64
		{5C826545-D92A-35ED-8028-6D5F874F3C38}.Release|x64.Build.0 = Release|x64
		{5C826545-D92A-35ED-8028-6D5F874F3C38}.MinSizeRel|x64.ActiveCfg = MinSizeRel|x64
		{5C826545-D92A-35ED-8028-6D5F874F3C38}.MinSizeRel|x64.Build.0 = MinSizeRel|x64
		{5C826545-D92A-35ED-8028-6D5F874F3C38}.RelWithDebInfo|x64.ActiveCfg = RelWithDebInfo|x64
		{5C826545-D92A-35ED-8028-6D5F874F3C38}.RelWithDebInfo|x64.Build.0 = RelWithDebInfo|x64
		{E8D266DD-8337-3D82-8085-643BB77712CE}.Debug|x64.ActiveCfg = Debug|x64
		{E8D266DD-8337-3D82-8085-643BB77712CE}.Release|x64.ActiveCfg = Release|x64
		{E8D266DD-8337-3D82-8085-643BB77712CE}.MinSizeRel|x64.ActiveCfg = MinSizeRel|x64
		{E8D266DD-8337-3D82-8085-643BB77712CE}.RelWithDebInfo|x64.ActiveCfg = RelWithDebInfo|x64
		{FB5CC804-DCA3-338E-B3AC-84FC21914089}.Debug|x64.ActiveCfg = Debug|x64
		{FB5CC804-DCA3-338E-B3AC-84FC21914089}.Release|x64.ActiveCfg = Release|x64
		{FB5CC804-DCA3-338E-B3AC-84FC21914089}.MinSizeRel|x64.ActiveCfg = MinSizeRel|x64
		{FB5CC804-DCA3-338E-B3AC-84FC21914089}.RelWithDebInfo|x64.ActiveCfg = RelWithDebInfo|x64
		{227B7A2B-128B-3EFC-8D93-C23E7D78C6EF}.Debug|x64.ActiveCfg = Debug|x64
		{227B7A2B-128B-3EFC-8D93-C23E7D78C6EF}.Debug|x64.Build.0 = Debug|x64
		{227B7A2B-128B-3EFC-8D93-C23E7D78C6EF}.Release|x64.ActiveCfg = Release|x64
		{227B7A2B-128B-3EFC-8D93-C23E7D78C6EF}.Release|x64.Build.0 = Release|x64
		{227B7A2B-128B-3EFC-8D93-C23E7D78C6EF}.MinSizeRel|x64.ActiveCfg = MinSizeRel|x64
		{227B7A2B-128B-3EFC-8D93-C23E7D78C6EF}.MinSizeRel|x64.Build.0 = MinSizeRel|x64
		{227B7A2B-128B-3EFC-8D93-C23E7D78C6EF}.RelWithDebInfo|x64.ActiveCfg = RelWithDebInfo|x64
		{227B7A2B-128B-3EFC-8D93-C23E7D78C6EF}.RelWithDebInfo|x64.Build.0 = RelWithDebInfo|x64
		{D1FCF2FC-2240-32F9-80C9-1FC470223A4B}.Debug|x64.ActiveCfg = Debug|x64
		{D1FCF2FC-2240-32F9-80C9-1FC470223A4B}.Debug|x64.Build.0 = Debug|x64
		{D1FCF2FC-2240-32F9-80C9-1FC470223A4B}.Release|x64.ActiveCfg = Release|x64
		{D1FCF2FC-2240-32F9-80C9-1FC470223A4B}.Release|x64.Build.0 = Release|x64
		{D1FCF2FC-2240-32F9-80C9-1FC470223A4B}.MinSizeRel|x64.ActiveCfg = MinSizeRel|x64
		{D1FCF2FC-2240-32F9-80C9-1FC470223A4B}.MinSizeRel|x64.Build.0 = MinSizeRel|x64
		{D1FCF2FC-2240-32F9-80C9-1FC470223A4B}.RelWithDebInfo|x64.ActiveCfg = RelWithDebInfo|x64
		{D1FCF2FC-2240-32F9-80C9-1FC470223A4B}.RelWithDebInfo|x64.Build.0 = RelWithDebInfo|x64
		{ECE1E751-9861-3339-BEFA-6AF6DE6BF859}.Debug|x64.ActiveCfg = Debug|x64
		{ECE1E751-9861-3339-BEFA-6AF6DE6BF859}.Debug|x64.Build.0 = Debug|x64
		{ECE1E751-9861-3339-BEFA-6AF6DE6BF859}.Release|x64.ActiveCfg = Release|x64
		{ECE1E751-9861-3339-BEFA-6AF6DE6BF859}.Release|x64.Build.0 = Release|x64
		{ECE1E751-9861-3339-BEFA-6AF6DE6BF859}.MinSizeRel|x64.ActiveCfg = MinSizeRel|x64
		{ECE1E751-9861-3339-BEFA-6AF6DE6BF859}.MinSizeRel|x64.Build.0 = MinSizeRel|x64
		{ECE1E751-9861-3339-BEFA-6AF6DE6BF859}.RelWithDebInfo|x64.ActiveCfg = RelWithDebInfo|x64
		{ECE1E751-9861-3339-BEFA-6AF6DE6BF859}.RelWithDebInfo|x64.Build.0 = RelWithDebInfo|x64
		{EB9B7A70-BDAD-3B4B-8334-C4A3A339D699}.Debug|x64.ActiveCfg = Debug|x64
		{EB9B7A70-BDAD-3B4B-8334-C4A3A339D699}.Debug|x64.Build.0 = Debug|x64
		{EB9B7A70-BDAD-3B4B-8334-C4A3A339D699}.Release|x64.ActiveCfg = Release|x64
		{EB9B7A70-BDAD-3B4B-8334-C4A3A339D699}.Release|x64.Build.0 = Release|x64
		{EB9B7A70-BDAD-3B4B-8334-C4A3A339D699}.MinSizeRel|x64.ActiveCfg = MinSizeRel|x64
		{EB9B7A70-BDAD-3B4B-8334-C4A3A339D699}.MinSizeRel|x64.Build.0 = MinSizeRel|x64
		{EB9B7A70-BDAD-3B4B-8334-C4A3A339D699}.RelWithDebInfo|x64.ActiveCfg = RelWithDebInfo|x64
		{EB9B7A70-BDAD-3B4B-8334-C4A3A339D699}.RelWithDebInfo|x64.Build.0 = RelWithDebInfo|x64
		{26B25F29-F038-3DA8-AEF8-58DA9615205C}.Debug|x64.ActiveCfg = Debug|x64
		{26B25F29-F038-3DA8-AEF8-58DA9615205C}.Debug|x64.Build.0 = Debug|x64
		{26B25F29-F038-3DA8-AEF8-58DA9615205C}.Release|x64.ActiveCfg = Release|x64
		{26B25F29-F038-3DA8-AEF8-58DA9615205C}.Release|x64.Build.0 = Release|x64
		{26B25F29-F038-3DA8-AEF8-58DA9615205C}.MinSizeRel|x64.ActiveCfg = MinSizeRel|x64
		{26B25F29-F038-3DA8-AEF8-58DA9615205C}.MinSizeRel|x64.Build.0 = MinSizeRel|x64
		{26B25F29-F038-3DA8-AEF8-58DA9615205C}.RelWithDebInfo|x64.ActiveCfg = RelWithDebInfo|x64
		{26B25F29-F038-3DA8-AEF8-58DA9615205C}.RelWithDebInfo|x64.Build.0 = RelWithDebInfo|x64
		{D7D477BF-3488-344A-AF75-C0E5E9106D54}.Debug|x64.ActiveCfg = Debug|x64
		{D7D477BF-3488-344A-AF75-C0E5E9106D54}.Debug|x64.Build.0 = Debug|x64
		{D7D477BF-3488-344A-AF75-C0E5E9106D54}.Release|x64.ActiveCfg = Release|x64
		{D7D477BF-3488-344A-AF75-C0E5E9106D54}.Release|x64.Build.0 = Release|x64
		{D7D477BF-3488-344A-AF75-C0E5E9106D54}.MinSizeRel|x64.ActiveCfg = MinSizeRel|x64
		{D7D477BF-3488-344A-AF75-C0E5E9106D54}.MinSizeRel|x64.Build.0 = MinSizeRel|x64
		{D7D477BF-3488-344A-AF75-C0E5E9106D54}.RelWithDebInfo|x64.ActiveCfg = RelWithDebInfo|x64
		{D7D477BF-3488-344A-AF75-C0E5E9106D54}.RelWithDebInfo|x64.Build.0 = RelWithDebInfo|x64
		{BC1228B7-05CA-3846-AB2F-70CB4A1E8D3F}.Debug|x64.ActiveCfg = Debug|x64
		{BC1228B7-05CA-3846-AB2F-70CB4A1E8D3F}.Debug|x64.Build.0 = Debug|x64
		{BC1228B7-05CA-3846-AB2F-70CB4A1E8D3F}.Release|x64.ActiveCfg = Release|x64
		{BC1228B7-05CA-3846-AB2F-70CB4A1E8D3F}.Release|x64.Build.0 = Release|x64
		{BC1228B7-05CA-3846-AB2F-70CB4A1E8D3F}.MinSizeRel|x64.ActiveCfg = MinSizeRel|x64
		{BC1228B7-05CA-3846-AB2F-70CB4A1E8D3F}.MinSizeRel|x64.Build.0 = MinSizeRel|x64
		{BC1228B7-05CA-3846-AB2F-70CB4A1E8D3F}.RelWithDebInfo|x64.ActiveCfg = RelWithDebInfo|x64
		{BC1228B7-05CA-3846-AB2F-70CB4A1E8D3F}.RelWithDebInfo|x64.Build.0 = RelWithDebInfo|x64
		{BAD96C48-5BE4-3870-9C6B-15EFDB6B69E3}.Debug|x64.ActiveCfg = Debug|x64
		{BAD96C48-5BE4-3870-9C6B-15EFDB6B69E3}.Debug|x64.Build.0 = Debug|x64
		{BAD96C48-5BE4-3870-9C6B-15EFDB6B69E3}.Release|x64.ActiveCfg = Release|x64
		{BAD96C48-5BE4-3870-9C6B-15EFDB6B69E3}.Release|x64.Build.0 = Release|x64
		{BAD96C48-5BE4-3870-9C6B-15EFDB6B69E3}.MinSizeRel|x64.ActiveCfg = MinSizeRel|x64
		{BAD96C48-5BE4-3870-9C6B-15EFDB6B69E3}.MinSizeRel|x64.Build.0 = MinSizeRel|x64
		{BAD96C48-5BE4-3870-9C6B-15EFDB6B69E3}.RelWithDebInfo|x64.ActiveCfg = RelWithDebInfo|x64
		{BAD96C48-5BE4-3870-9C6B-15EFDB6B69E3}.RelWithDebInfo|x64.Build.0 = RelWithDebInfo|x64
		{59F8185B-3BFA-3EF8-8DE8-0546B02CA85D}.Debug|x64.ActiveCfg = Debug|x64
		{59F8185B-3BFA-3EF8-8DE8-0546B02CA85D}.Debug|x64.Build.0 = Debug|x64
		{59F8185B-3BFA-3EF8-8DE8-0546B02CA85D}.Release|x64.ActiveCfg = Release|x64
		{59F8185B-3BFA-3EF8-8DE8-0546B02CA85D}.Release|x64.Build.0 = Release|x64
		{59F8185B-3BFA-3EF8-8DE8-0546B02CA85D}.MinSizeRel|x64.ActiveCfg = MinSizeRel|x64
		{59F8185B-3BFA-3EF8-8DE8-0546B02CA85D}.MinSizeRel|x64.Build.0 = MinSizeRel|x64
		{59F8185B-3BFA-3EF8-8DE8-0546B02CA85D}.RelWithDebInfo|x64.ActiveCfg = RelWithDebInfo|x64
		{59F8185B-3BFA-3EF8-8DE8-0546B02CA85D}.RelWithDebInfo|x64.Build.0 = RelWithDebInfo|x64
		{7A5A6F23-6749-3ADB-BD5F-980780A59B61}.Debug|x64.ActiveCfg = Debug|x64
		{7A5A6F23-6749-3ADB-BD5F-980780A59B61}.Debug|x64.Build.0 = Debug|x64
		{7A5A6F23-6749-3ADB-BD5F-980780A59B61}.Release|x64.ActiveCfg = Release|x64
		{7A5A6F23-6749-3ADB-BD5F-980780A59B61}.Release|x64.Build.0 = Release|x64
		{7A5A6F23-6749-3ADB-BD5F-980780A59B61}.MinSizeRel|x64.ActiveCfg = MinSizeRel|x64
		{7A5A6F23-6749-3ADB-BD5F-980780A59B61}.MinSizeRel|x64.Build.0 = MinSizeRel|x64
		{7A5A6F23-6749-3ADB-BD5F-980780A59B61}.RelWithDebInfo|x64.ActiveCfg = RelWithDebInfo|x64
		{7A5A6F23-6749-3ADB-BD5F-980780A59B61}.RelWithDebInfo|x64.Build.0 = RelWithDebInfo|x64
		{4DCD7E5C-B404-3C2D-BD91-38A8DC0881A8}.Debug|x64.ActiveCfg = Debug|x64
		{4DCD7E5C-B404-3C2D-BD91-38A8DC0881A8}.Debug|x64.Build.0 = Debug|x64
		{4DCD7E5C-B404-3C2D-BD91-38A8DC0881A8}.Release|x64.ActiveCfg = Release|x64
		{4DCD7E5C-B404-3C2D-BD91-38A8DC0881A8}.Release|x64.Build.0 = Release|x64
		{4DCD7E5C-B404-3C2D-BD91-38A8DC0881A8}.MinSizeRel|x64.ActiveCfg = MinSizeRel|x64
		{4DCD7E5C-B404-3C2D-BD91-38A8DC0881A8}.MinSizeRel|x64.Build.0 = MinSizeRel|x64
		{4DCD7E5C-B404-3C2D-BD91-38A8DC0881A8}.RelWithDebInfo|x64.ActiveCfg = RelWithDebInfo|x64
		{4DCD7E5C-B404-3C2D-BD91-38A8DC0881A8}.RelWithDebInfo|x64.Build.0 = RelWithDebInfo|x64
		{67D8860D-55E2-3908-B2FA-3F0E30E9447A}.Debug|x64.ActiveCfg = Debug|x64
		{67D8860D-55E2-3908-B2FA-3F0E30E9447A}.Debug|x64.Build.0 = Debug|x64
		{67D8860D-55E2-3908-B2FA-3F0E30E9447A}.Release|x64.ActiveCfg = Release|x64
		{67D8860D-55E2-3908-B2FA-3F0E30E9447A}.Release|x64.Build.0 = Release|x64
		{67D8860D-55E2-3908-B2FA-3F0E30E9447A}.MinSizeRel|x64.ActiveCfg = MinSizeRel|x64
		{67D8860D-55E2-3908-B2FA-3F0E30E9447A}.MinSizeRel|x64.Build.0 = MinSizeRel|x64
		{67D8860D-55E2-3908-B2FA-3F0E30E9447A}.RelWithDebInfo|x64.ActiveCfg = RelWithDebInfo|x64
		{67D8860D-55E2-3908-B2FA-3F0E30E9447A}.RelWithDebInfo|x64.Build.0 = RelWithDebInfo|x64
		{993AC64D-A450-3B2F-A753-97BAE3E269DC}.Debug|x64.ActiveCfg = Debug|x64
		{993AC64D-A450-3B2F-A753-97BAE3E269DC}.Debug|x64.Build.0 = Debug|x64
		{993AC64D-A450-3B2F-A753-97BAE3E269DC}.Release|x64.ActiveCfg = Release|x64
		{993AC64D-A450-3B2F-A753-97BAE3E269DC}.Release|x64.Build.0 = Release|x64
		{993AC64D-A450-3B2F-A753-97BAE3E269DC}.MinSizeRel|x64.ActiveCfg = MinSizeRel|x64
		{993AC64D-A450-3B2F-A753-97BAE3E269DC}.MinSizeRel|x64.Build.0 = MinSizeRel|x64
		{993AC64D-A450-3B2F-A753-97BAE3E269DC}.RelWithDebInfo|x64.ActiveCfg = RelWithDebInfo|x64
		{993AC64D-A450-3B2F-A753-97BAE3E269DC}.RelWithDebInfo|x64.Build.0 = RelWithDebInfo|x64
		{9D36C4CF-29DA-3B26-8898-55E9586C532D}.Debug|x64.ActiveCfg = Debug|x64
		{9D36C4CF-29DA-3B26-8898-55E9586C532D}.Debug|x64.Build.0 = Debug|x64
		{9D36C4CF-29DA-3B26-8898-55E9586C532D}.Release|x64.ActiveCfg = Release|x64
		{9D36C4CF-29DA-3B26-8898-55E9586C532D}.Release|x64.Build.0 = Release|x64
		{9D36C4CF-29DA-3B26-8898-55E9586C532D}.MinSizeRel|x64.ActiveCfg = MinSizeRel|x64
		{9D36C4CF-29DA-3B26-8898-55E9586C532D}.MinSizeRel|x64.Build.0 = MinSizeRel|x64
		{9D36C4CF-29DA-3B26-8898-55E9586C532D}.RelWithDebInfo|x64.ActiveCfg = RelWithDebInfo|x64
		{9D36C4CF-29DA-3B26-8898-55E9586C532D}.RelWithDebInfo|x64.Build.0 = RelWithDebInfo|x64
		{13D380BC-9D85-3353-9BAF-CFD9E23A3E91}.Debug|x64.ActiveCfg = Debug|x64
		{13D380BC-9D85-3353-9BAF-CFD9E23A3E91}.Debug|x64.Build.0 = Debug|x64
		{13D380BC-9D85-3353-9BAF-CFD9E23A3E91}.Release|x64.ActiveCfg = Release|x64
		{13D380BC-9D85-3353-9BAF-CFD9E23A3E91}.Release|x64.Build.0 = Release|x64
		{13D380BC-9D85-3353-9BAF-CFD9E23A3E91}.MinSizeRel|x64.ActiveCfg = MinSizeRel|x64
		{13D380BC-9D85-3353-9BAF-CFD9E23A3E91}.MinSizeRel|x64.Build.0 = MinSizeRel|x64
		{13D380BC-9D85-3353-9BAF-CFD9E23A3E91}.RelWithDebInfo|x64.ActiveCfg = RelWithDebInfo|x64
		{13D380BC-9D85-3353-9BAF-CFD9E23A3E91}.RelWithDebInfo|x64.Build.0 = RelWithDebInfo|x64
		{6B5DF704-1E4F-35F2-A440-B7E997D6D59C}.Debug|x64.ActiveCfg = Debug|x64
		{6B5DF704-1E4F-35F2-A440-B7E997D6D59C}.Debug|x64.Build.0 = Debug|x64
		{6B5DF704-1E4F-35F2-A440-B7E997D6D59C}.Release|x64.ActiveCfg = Release|x64
		{6B5DF704-1E4F-35F2-A440-B7E997D6D59C}.Release|x64.Build.0 = Release|x64
		{6B5DF704-1E4F-35F2-A440-B7E997D6D59C}.MinSizeRel|x64.ActiveCfg = MinSizeRel|x64
		{6B5DF704-1E4F-35F2-A440-B7E997D6D59C}.MinSizeRel|x64.Build.0 = MinSizeRel|x64
		{6B5DF704-1E4F-35F2-A440-B7E997D6D59C}.RelWithDebInfo|x64.ActiveCfg = RelWithDebInfo|x64
		{6B5DF704-1E4F-35F2-A440-B7E997D6D59C}.RelWithDebInfo|x64.Build.0 = RelWithDebInfo|x64
		{2C32D112-AF9D-3EEA-B26F-1650C55AC474}.Debug|x64.ActiveCfg = Debug|x64
		{2C32D112-AF9D-3EEA-B26F-1650C55AC474}.Debug|x64.Build.0 = Debug|x64
		{2C32D112-AF9D-3EEA-B26F-1650C55AC474}.Release|x64.ActiveCfg = Release|x64
		{2C32D112-AF9D-3EEA-B26F-1650C55AC474}.Release|x64.Build.0 = Release|x64
		{2C32D112-AF9D-3EEA-B26F-1650C55AC474}.MinSizeRel|x64.ActiveCfg = MinSizeRel|x64
		{2C32D112-AF9D-3EEA-B26F-1650C55AC474}.MinSizeRel|x64.Build.0 = MinSizeRel|x64
		{2C32D112-AF9D-3EEA-B26F-1650C55AC474}.RelWithDebInfo|x64.ActiveCfg = RelWithDebInfo|x64
		{2C32D112-AF9D-3EEA-B26F-1650C55AC474}.RelWithDebInfo|x64.Build.0 = RelWithDebInfo|x64
		{C0037289-064E-39F7-AE89-9B86374C8B9C}.Debug|x64.ActiveCfg = Debug|x64
		{C0037289-064E-39F7-AE89-9B86374C8B9C}.Debug|x64.Build.0 = Debug|x64
		{C0037289-064E-39F7-AE89-9B86374C8B9C}.Release|x64.ActiveCfg = Release|x64
		{C0037289-064E-39F7-AE89-9B86374C8B9C}.Release|x64.Build.0 = Release|x64
		{C0037289-064E-39F7-AE89-9B86374C8B9C}.MinSizeRel|x64.ActiveCfg = MinSizeRel|x64
		{C0037289-064E-39F7-AE89-9B86374C8B9C}.MinSizeRel|x64.Build.0 = MinSizeRel|x64
		{C0037289-064E-39F7-AE89-9B86374C8B9C}.RelWithDebInfo|x64.ActiveCfg = RelWithDebInfo|x64
		{C0037289-064E-39F7-AE89-9B86374C8B9C}.RelWithDebInfo|x64.Build.0 = RelWithDebInfo|x64
		{99A4FA16-E91F-38D3-B1CA-8214A1EBDB67}.Debug|x64.ActiveCfg = Debug|x64
		{99A4FA16-E91F-38D3-B1CA-8214A1EBDB67}.Debug|x64.Build.0 = Debug|x64
		{99A4FA16-E91F-38D3-B1CA-8214A1EBDB67}.Release|x64.ActiveCfg = Release|x64
		{99A4FA16-E91F-38D3-B1CA-8214A1EBDB67}.Release|x64.Build.0 = Release|x64
		{99A4FA16-E91F-38D3-B1CA-8214A1EBDB67}.MinSizeRel|x64.ActiveCfg = MinSizeRel|x64
		{99A4FA16-E91F-38D3-B1CA-8214A1EBDB67}.MinSizeRel|x64.Build.0 = MinSizeRel|x64
		{99A4FA16-E91F-38D3-B1CA-8214A1EBDB67}.RelWithDebInfo|x64.ActiveCfg = RelWithDebInfo|x64
		{99A4FA16-E91F-38D3-B1CA-8214A1EBDB67}.RelWithDebInfo|x64.Build.0 = RelWithDebInfo|x64
		{96F48DBE-3B09-38E1-9C38-246022AACC6D}.Debug|x64.ActiveCfg = Debug|x64
		{96F48DBE-3B09-38E1-9C38-246022AACC6D}.Debug|x64.Build.0 = Debug|x64
		{96F48DBE-3B09-38E1-9C38-246022AACC6D}.Release|x64.ActiveCfg = Release|x64
		{96F48DBE-3B09-38E1-9C38-246022AACC6D}.Release|x64.Build.0 = Release|x64
		{96F48DBE-3B09-38E1-9C38-246022AACC6D}.MinSizeRel|x64.ActiveCfg = MinSizeRel|x64
		{96F48DBE-3B09-38E1-9C38-246022AACC6D}.MinSizeRel|x64.Build.0 = MinSizeRel|x64
		{96F48DBE-3B09-38E1-9C38-246022AACC6D}.RelWithDebInfo|x64.ActiveCfg = RelWithDebInfo|x64
		{96F48DBE-3B09-38E1-9C38-246022AACC6D}.RelWithDebInfo|x64.Build.0 = RelWithDebInfo|x64
		{B53A4FEE-2097-38CE-AD10-DBEA98B0565F}.Debug|x64.ActiveCfg = Debug|x64
		{B53A4FEE-2097-38CE-AD10-DBEA98B0565F}.Debug|x64.Build.0 = Debug|x64
		{B53A4FEE-2097-38CE-AD10-DBEA98B0565F}.Release|x64.ActiveCfg = Release|x64
		{B53A4FEE-2097-38CE-AD10-DBEA98B0565F}.Release|x64.Build.0 = Release|x64
		{B53A4FEE-2097-38CE-AD10-DBEA98B0565F}.MinSizeRel|x64.ActiveCfg = MinSizeRel|x64
		{B53A4FEE-2097-38CE-AD10-DBEA98B0565F}.MinSizeRel|x64.Build.0 = MinSizeRel|x64
		{B53A4FEE-2097-38CE-AD10-DBEA98B0565F}.RelWithDebInfo|x64.ActiveCfg = RelWithDebInfo|x64
		{B53A4FEE-2097-38CE-AD10-DBEA98B0565F}.RelWithDebInfo|x64.Build.0 = RelWithDebInfo|x64
		{28D5B11C-79E0-3E62-AF2A-763B078637E0}.Debug|x64.ActiveCfg = Debug|x64
		{28D5B11C-79E0-3E62-AF2A-763B078637E0}.Debug|x64.Build.0 = Debug|x64
		{28D5B11C-79E0-3E62-AF2A-763B078637E0}.Release|x64.ActiveCfg = Release|x64
		{28D5B11C-79E0-3E62-AF2A-763B078637E0}.Release|x64.Build.0 = Release|x64
		{28D5B11C-79E0-3E62-AF2A-763B078637E0}.MinSizeRel|x64.ActiveCfg = MinSizeRel|x64
		{28D5B11C-79E0-3E62-AF2A-763B078637E0}.MinSizeRel|x64.Build.0 = MinSizeRel|x64
		{28D5B11C-79E0-3E62-AF2A-763B078637E0}.RelWithDebInfo|x64.ActiveCfg = RelWithDebInfo|x64
		{28D5B11C-79E0-3E62-AF2A-763B078637E0}.RelWithDebInfo|x64.Build.0 = RelWithDebInfo|x64
		{2221AE82-6C37-374A-963A-AD3C33D3F0F0}.Debug|x64.ActiveCfg = Debug|x64
		{2221AE82-6C37-374A-963A-AD3C33D3F0F0}.Debug|x64.Build.0 = Debug|x64
		{2221AE82-6C37-374A-963A-AD3C33D3F0F0}.Release|x64.ActiveCfg = Release|x64
		{2221AE82-6C37-374A-963A-AD3C33D3F0F0}.Release|x64.Build.0 = Release|x64
		{2221AE82-6C37-374A-963A-AD3C33D3F0F0}.MinSizeRel|x64.ActiveCfg = MinSizeRel|x64
		{2221AE82-6C37-374A-963A-AD3C33D3F0F0}.MinSizeRel|x64.Build.0 = MinSizeRel|x64
		{2221AE82-6C37-374A-963A-AD3C33D3F0F0}.RelWithDebInfo|x64.ActiveCfg = RelWithDebInfo|x64
		{2221AE82-6C37-374A-963A-AD3C33D3F0F0}.RelWithDebInfo|x64.Build.0 = RelWithDebInfo|x64
	EndGlobalSection
	GlobalSection(ExtensibilityGlobals) = postSolution
		SolutionGuid = {99ACE9C0-A147-3B88-88DA-194C8E5CDA3F}
	EndGlobalSection
	GlobalSection(ExtensibilityAddIns) = postSolution
	EndGlobalSection
EndGlobal
