
Microsoft Visual Studio Solution File, Format Version 12.00
# Visual Studio Version 17
Project("{8BC9CEB8-8B4A-11D0-8D11-00A0C91BC942}") = "ALL_BUILD", "ALL_BUILD.vcxproj", "{020F5A4B-4AE1-33E6-BE04-CAE967157B8C}"
	ProjectSection(ProjectDependencies) = postProject
		{CA1738A5-5F45-3D69-B5CB-54D1B4D41ECE} = {CA1738A5-5F45-3D69-B5CB-54D1B4D41ECE}
		{0F46D84B-0C3E-3EA5-A08D-2207DC007E59} = {0F46D84B-0C3E-3EA5-A08D-2207DC007E59}
		{5D7EC9F4-FBE1-3C1D-AAAA-59A3BDFC1F45} = {5D7EC9F4-FBE1-3C1D-AAAA-59A3BDFC1F45}
		{1703DBF0-DA3D-395E-A9D4-E0C4B548FD4E} = {1703DBF0-DA3D-395E-A9D4-E0C4B548FD4E}
		{E87C7E88-0E9A-381B-94F8-1712FC33E939} = {E87C7E88-0E9A-381B-94F8-1712FC33E939}
	EndProjectSection
EndProject
Project("{8BC9CEB8-8B4A-11D0-8D11-00A0C91BC942}") = "INSTALL", "INSTALL.vcxproj", "{C20DE1F6-2E42-3E06-990E-0645C4A43A1B}"
	ProjectSection(ProjectDependencies) = postProject
		{020F5A4B-4AE1-33E6-BE04-CAE967157B8C} = {020F5A4B-4AE1-33E6-BE04-CAE967157B8C}
		{CA1738A5-5F45-3D69-B5CB-54D1B4D41ECE} = {CA1738A5-5F45-3D69-B5CB-54D1B4D41ECE}
	EndProjectSection
EndProject
Project("{8BC9CEB8-8B4A-11D0-8D11-00A0C91BC942}") = "RUN_TESTS", "RUN_TESTS.vcxproj", "{E25918E1-2977-3618-A8ED-D05320FD025E}"
	ProjectSection(ProjectDependencies) = postProject
		{CA1738A5-5F45-3D69-B5CB-54D1B4D41ECE} = {CA1738A5-5F45-3D69-B5CB-54D1B4D41ECE}
	EndProjectSection
EndProject
Project("{8BC9CEB8-8B4A-11D0-8D11-00A0C91BC942}") = "ZERO_CHECK", "..\\ZERO_CHECK.vcxproj", "{CA1738A5-5F45-3D69-B5CB-54D1B4D41ECE}"
	ProjectSection(ProjectDependencies) = postProject
	EndProjectSection
EndProject
Project("{8BC9CEB8-8B4A-11D0-8D11-00A0C91BC942}") = "dcmdata", "..\dcmdata\libsrc\dcmdata.vcxproj", "{5683008B-CD9C-3259-81E1-6479B60B96E7}"
	ProjectSection(ProjectDependencies) = postProject
		{CA1738A5-5F45-3D69-B5CB-54D1B4D41ECE} = {CA1738A5-5F45-3D69-B5CB-54D1B4D41ECE}
		{02C978AA-2BBF-39B2-919F-574286D90B46} = {02C978AA-2BBF-39B2-919F-574286D90B46}
		{7B6A3B36-ABE7-30B5-8E79-48CDF3563F3A} = {7B6A3B36-ABE7-30B5-8E79-48CDF3563F3A}
	EndProjectSection
EndProject
Project("{8BC9CEB8-8B4A-11D0-8D11-00A0C91BC942}") = "dcmnet", "..\dcmnet\libsrc\dcmnet.vcxproj", "{D65C5E5D-E201-349C-8DA1-A0E261FA1C4A}"
	ProjectSection(ProjectDependencies) = postProject
		{CA1738A5-5F45-3D69-B5CB-54D1B4D41ECE} = {CA1738A5-5F45-3D69-B5CB-54D1B4D41ECE}
		{5683008B-CD9C-3259-81E1-6479B60B96E7} = {5683008B-CD9C-3259-81E1-6479B60B96E7}
		{02C978AA-2BBF-39B2-919F-574286D90B46} = {02C978AA-2BBF-39B2-919F-574286D90B46}
		{7B6A3B36-ABE7-30B5-8E79-48CDF3563F3A} = {7B6A3B36-ABE7-30B5-8E79-48CDF3563F3A}
	EndProjectSection
EndProject
Project("{8BC9CEB8-8B4A-11D0-8D11-00A0C91BC942}") = "dcmqrdb", "libsrc\dcmqrdb.vcxproj", "{0F46D84B-0C3E-3EA5-A08D-2207DC007E59}"
	ProjectSection(ProjectDependencies) = postProject
		{CA1738A5-5F45-3D69-B5CB-54D1B4D41ECE} = {CA1738A5-5F45-3D69-B5CB-54D1B4D41ECE}
		{5683008B-CD9C-3259-81E1-6479B60B96E7} = {5683008B-CD9C-3259-81E1-6479B60B96E7}
		{D65C5E5D-E201-349C-8DA1-A0E261FA1C4A} = {D65C5E5D-E201-349C-8DA1-A0E261FA1C4A}
		{02C978AA-2BBF-39B2-919F-574286D90B46} = {02C978AA-2BBF-39B2-919F-574286D90B46}
		{7B6A3B36-ABE7-30B5-8E79-48CDF3563F3A} = {7B6A3B36-ABE7-30B5-8E79-48CDF3563F3A}
	EndProjectSection
EndProject
Project("{8BC9CEB8-8B4A-11D0-8D11-00A0C91BC942}") = "dcmqridx", "apps\dcmqridx.vcxproj", "{5D7EC9F4-FBE1-3C1D-AAAA-59A3BDFC1F45}"
	ProjectSection(ProjectDependencies) = postProject
		{CA1738A5-5F45-3D69-B5CB-54D1B4D41ECE} = {CA1738A5-5F45-3D69-B5CB-54D1B4D41ECE}
		{5683008B-CD9C-3259-81E1-6479B60B96E7} = {5683008B-CD9C-3259-81E1-6479B60B96E7}
		{D65C5E5D-E201-349C-8DA1-A0E261FA1C4A} = {D65C5E5D-E201-349C-8DA1-A0E261FA1C4A}
		{0F46D84B-0C3E-3EA5-A08D-2207DC007E59} = {0F46D84B-0C3E-3EA5-A08D-2207DC007E59}
		{02C978AA-2BBF-39B2-919F-574286D90B46} = {02C978AA-2BBF-39B2-919F-574286D90B46}
		{7B6A3B36-ABE7-30B5-8E79-48CDF3563F3A} = {7B6A3B36-ABE7-30B5-8E79-48CDF3563F3A}
	EndProjectSection
EndProject
Project("{8BC9CEB8-8B4A-11D0-8D11-00A0C91BC942}") = "dcmqrscp", "apps\dcmqrscp.vcxproj", "{1703DBF0-DA3D-395E-A9D4-E0C4B548FD4E}"
	ProjectSection(ProjectDependencies) = postProject
		{CA1738A5-5F45-3D69-B5CB-54D1B4D41ECE} = {CA1738A5-5F45-3D69-B5CB-54D1B4D41ECE}
		{5683008B-CD9C-3259-81E1-6479B60B96E7} = {5683008B-CD9C-3259-81E1-6479B60B96E7}
		{D65C5E5D-E201-349C-8DA1-A0E261FA1C4A} = {D65C5E5D-E201-349C-8DA1-A0E261FA1C4A}
		{0F46D84B-0C3E-3EA5-A08D-2207DC007E59} = {0F46D84B-0C3E-3EA5-A08D-2207DC007E59}
		{02C978AA-2BBF-39B2-919F-574286D90B46} = {02C978AA-2BBF-39B2-919F-574286D90B46}
		{7B6A3B36-ABE7-30B5-8E79-48CDF3563F3A} = {7B6A3B36-ABE7-30B5-8E79-48CDF3563F3A}
	EndProjectSection
EndProject
Project("{8BC9CEB8-8B4A-11D0-8D11-00A0C91BC942}") = "dcmqrti", "apps\dcmqrti.vcxproj", "{E87C7E88-0E9A-381B-94F8-1712FC33E939}"
	ProjectSection(ProjectDependencies) = postProject
		{CA1738A5-5F45-3D69-B5CB-54D1B4D41ECE} = {CA1738A5-5F45-3D69-B5CB-54D1B4D41ECE}
		{5683008B-CD9C-3259-81E1-6479B60B96E7} = {5683008B-CD9C-3259-81E1-6479B60B96E7}
		{D65C5E5D-E201-349C-8DA1-A0E261FA1C4A} = {D65C5E5D-E201-349C-8DA1-A0E261FA1C4A}
		{0F46D84B-0C3E-3EA5-A08D-2207DC007E59} = {0F46D84B-0C3E-3EA5-A08D-2207DC007E59}
		{02C978AA-2BBF-39B2-919F-574286D90B46} = {02C978AA-2BBF-39B2-919F-574286D90B46}
		{7B6A3B36-ABE7-30B5-8E79-48CDF3563F3A} = {7B6A3B36-ABE7-30B5-8E79-48CDF3563F3A}
	EndProjectSection
EndProject
Project("{8BC9CEB8-8B4A-11D0-8D11-00A0C91BC942}") = "oflog", "..\oflog\libsrc\oflog.vcxproj", "{02C978AA-2BBF-39B2-919F-574286D90B46}"
	ProjectSection(ProjectDependencies) = postProject
		{CA1738A5-5F45-3D69-B5CB-54D1B4D41ECE} = {CA1738A5-5F45-3D69-B5CB-54D1B4D41ECE}
		{7B6A3B36-ABE7-30B5-8E79-48CDF3563F3A} = {7B6A3B36-ABE7-30B5-8E79-48CDF3563F3A}
	EndProjectSection
EndProject
Project("{8BC9CEB8-8B4A-11D0-8D11-00A0C91BC942}") = "ofstd", "..\ofstd\libsrc\ofstd.vcxproj", "{7B6A3B36-ABE7-30B5-8E79-48CDF3563F3A}"
	ProjectSection(ProjectDependencies) = postProject
		{CA1738A5-5F45-3D69-B5CB-54D1B4D41ECE} = {CA1738A5-5F45-3D69-B5CB-54D1B4D41ECE}
	EndProjectSection
EndProject
Global
	GlobalSection(SolutionConfigurationPlatforms) = preSolution
		Debug|x64 = Debug|x64
		Release|x64 = Release|x64
		MinSizeRel|x64 = MinSizeRel|x64
		RelWithDebInfo|x64 = RelWithDebInfo|x64
	EndGlobalSection
	GlobalSection(ProjectConfigurationPlatforms) = postSolution
		{020F5A4B-4AE1-33E6-BE04-CAE967157B8C}.Debug|x64.ActiveCfg = Debug|x64
		{020F5A4B-4AE1-33E6-BE04-CAE967157B8C}.Debug|x64.Build.0 = Debug|x64
		{020F5A4B-4AE1-33E6-BE04-CAE967157B8C}.Release|x64.ActiveCfg = Release|x64
		{020F5A4B-4AE1-33E6-BE04-CAE967157B8C}.Release|x64.Build.0 = Release|x64
		{020F5A4B-4AE1-33E6-BE04-CAE967157B8C}.MinSizeRel|x64.ActiveCfg = MinSizeRel|x64
		{020F5A4B-4AE1-33E6-BE04-CAE967157B8C}.MinSizeRel|x64.Build.0 = MinSizeRel|x64
		{020F5A4B-4AE1-33E6-BE04-CAE967157B8C}.RelWithDebInfo|x64.ActiveCfg = RelWithDebInfo|x64
		{020F5A4B-4AE1-33E6-BE04-CAE967157B8C}.RelWithDebInfo|x64.Build.0 = RelWithDebInfo|x64
		{C20DE1F6-2E42-3E06-990E-0645C4A43A1B}.Debug|x64.ActiveCfg = Debug|x64
		{C20DE1F6-2E42-3E06-990E-0645C4A43A1B}.Release|x64.ActiveCfg = Release|x64
		{C20DE1F6-2E42-3E06-990E-0645C4A43A1B}.MinSizeRel|x64.ActiveCfg = MinSizeRel|x64
		{C20DE1F6-2E42-3E06-990E-0645C4A43A1B}.RelWithDebInfo|x64.ActiveCfg = RelWithDebInfo|x64
		{E25918E1-2977-3618-A8ED-D05320FD025E}.Debug|x64.ActiveCfg = Debug|x64
		{E25918E1-2977-3618-A8ED-D05320FD025E}.Release|x64.ActiveCfg = Release|x64
		{E25918E1-2977-3618-A8ED-D05320FD025E}.MinSizeRel|x64.ActiveCfg = MinSizeRel|x64
		{E25918E1-2977-3618-A8ED-D05320FD025E}.RelWithDebInfo|x64.ActiveCfg = RelWithDebInfo|x64
		{CA1738A5-5F45-3D69-B5CB-54D1B4D41ECE}.Debug|x64.ActiveCfg = Debug|x64
		{CA1738A5-5F45-3D69-B5CB-54D1B4D41ECE}.Debug|x64.Build.0 = Debug|x64
		{CA1738A5-5F45-3D69-B5CB-54D1B4D41ECE}.Release|x64.ActiveCfg = Release|x64
		{CA1738A5-5F45-3D69-B5CB-54D1B4D41ECE}.Release|x64.Build.0 = Release|x64
		{CA1738A5-5F45-3D69-B5CB-54D1B4D41ECE}.MinSizeRel|x64.ActiveCfg = MinSizeRel|x64
		{CA1738A5-5F45-3D69-B5CB-54D1B4D41ECE}.MinSizeRel|x64.Build.0 = MinSizeRel|x64
		{CA1738A5-5F45-3D69-B5CB-54D1B4D41ECE}.RelWithDebInfo|x64.ActiveCfg = RelWithDebInfo|x64
		{CA1738A5-5F45-3D69-B5CB-54D1B4D41ECE}.RelWithDebInfo|x64.Build.0 = RelWithDebInfo|x64
		{5683008B-CD9C-3259-81E1-6479B60B96E7}.Debug|x64.ActiveCfg = Debug|x64
		{5683008B-CD9C-3259-81E1-6479B60B96E7}.Debug|x64.Build.0 = Debug|x64
		{5683008B-CD9C-3259-81E1-6479B60B96E7}.Release|x64.ActiveCfg = Release|x64
		{5683008B-CD9C-3259-81E1-6479B60B96E7}.Release|x64.Build.0 = Release|x64
		{5683008B-CD9C-3259-81E1-6479B60B96E7}.MinSizeRel|x64.ActiveCfg = MinSizeRel|x64
		{5683008B-CD9C-3259-81E1-6479B60B96E7}.MinSizeRel|x64.Build.0 = MinSizeRel|x64
		{5683008B-CD9C-3259-81E1-6479B60B96E7}.RelWithDebInfo|x64.ActiveCfg = RelWithDebInfo|x64
		{5683008B-CD9C-3259-81E1-6479B60B96E7}.RelWithDebInfo|x64.Build.0 = RelWithDebInfo|x64
		{D65C5E5D-E201-349C-8DA1-A0E261FA1C4A}.Debug|x64.ActiveCfg = Debug|x64
		{D65C5E5D-E201-349C-8DA1-A0E261FA1C4A}.Debug|x64.Build.0 = Debug|x64
		{D65C5E5D-E201-349C-8DA1-A0E261FA1C4A}.Release|x64.ActiveCfg = Release|x64
		{D65C5E5D-E201-349C-8DA1-A0E261FA1C4A}.Release|x64.Build.0 = Release|x64
		{D65C5E5D-E201-349C-8DA1-A0E261FA1C4A}.MinSizeRel|x64.ActiveCfg = MinSizeRel|x64
		{D65C5E5D-E201-349C-8DA1-A0E261FA1C4A}.MinSizeRel|x64.Build.0 = MinSizeRel|x64
		{D65C5E5D-E201-349C-8DA1-A0E261FA1C4A}.RelWithDebInfo|x64.ActiveCfg = RelWithDebInfo|x64
		{D65C5E5D-E201-349C-8DA1-A0E261FA1C4A}.RelWithDebInfo|x64.Build.0 = RelWithDebInfo|x64
		{0F46D84B-0C3E-3EA5-A08D-2207DC007E59}.Debug|x64.ActiveCfg = Debug|x64
		{0F46D84B-0C3E-3EA5-A08D-2207DC007E59}.Debug|x64.Build.0 = Debug|x64
		{0F46D84B-0C3E-3EA5-A08D-2207DC007E59}.Release|x64.ActiveCfg = Release|x64
		{0F46D84B-0C3E-3EA5-A08D-2207DC007E59}.Release|x64.Build.0 = Release|x64
		{0F46D84B-0C3E-3EA5-A08D-2207DC007E59}.MinSizeRel|x64.ActiveCfg = MinSizeRel|x64
		{0F46D84B-0C3E-3EA5-A08D-2207DC007E59}.MinSizeRel|x64.Build.0 = MinSizeRel|x64
		{0F46D84B-0C3E-3EA5-A08D-2207DC007E59}.RelWithDebInfo|x64.ActiveCfg = RelWithDebInfo|x64
		{0F46D84B-0C3E-3EA5-A08D-2207DC007E59}.RelWithDebInfo|x64.Build.0 = RelWithDebInfo|x64
		{5D7EC9F4-FBE1-3C1D-AAAA-59A3BDFC1F45}.Debug|x64.ActiveCfg = Debug|x64
		{5D7EC9F4-FBE1-3C1D-AAAA-59A3BDFC1F45}.Debug|x64.Build.0 = Debug|x64
		{5D7EC9F4-FBE1-3C1D-AAAA-59A3BDFC1F45}.Release|x64.ActiveCfg = Release|x64
		{5D7EC9F4-FBE1-3C1D-AAAA-59A3BDFC1F45}.Release|x64.Build.0 = Release|x64
		{5D7EC9F4-FBE1-3C1D-AAAA-59A3BDFC1F45}.MinSizeRel|x64.ActiveCfg = MinSizeRel|x64
		{5D7EC9F4-FBE1-3C1D-AAAA-59A3BDFC1F45}.MinSizeRel|x64.Build.0 = MinSizeRel|x64
		{5D7EC9F4-FBE1-3C1D-AAAA-59A3BDFC1F45}.RelWithDebInfo|x64.ActiveCfg = RelWithDebInfo|x64
		{5D7EC9F4-FBE1-3C1D-AAAA-59A3BDFC1F45}.RelWithDebInfo|x64.Build.0 = RelWithDebInfo|x64
		{1703DBF0-DA3D-395E-A9D4-E0C4B548FD4E}.Debug|x64.ActiveCfg = Debug|x64
		{1703DBF0-DA3D-395E-A9D4-E0C4B548FD4E}.Debug|x64.Build.0 = Debug|x64
		{1703DBF0-DA3D-395E-A9D4-E0C4B548FD4E}.Release|x64.ActiveCfg = Release|x64
		{1703DBF0-DA3D-395E-A9D4-E0C4B548FD4E}.Release|x64.Build.0 = Release|x64
		{1703DBF0-DA3D-395E-A9D4-E0C4B548FD4E}.MinSizeRel|x64.ActiveCfg = MinSizeRel|x64
		{1703DBF0-DA3D-395E-A9D4-E0C4B548FD4E}.MinSizeRel|x64.Build.0 = MinSizeRel|x64
		{1703DBF0-DA3D-395E-A9D4-E0C4B548FD4E}.RelWithDebInfo|x64.ActiveCfg = RelWithDebInfo|x64
		{1703DBF0-DA3D-395E-A9D4-E0C4B548FD4E}.RelWithDebInfo|x64.Build.0 = RelWithDebInfo|x64
		{E87C7E88-0E9A-381B-94F8-1712FC33E939}.Debug|x64.ActiveCfg = Debug|x64
		{E87C7E88-0E9A-381B-94F8-1712FC33E939}.Debug|x64.Build.0 = Debug|x64
		{E87C7E88-0E9A-381B-94F8-1712FC33E939}.Release|x64.ActiveCfg = Release|x64
		{E87C7E88-0E9A-381B-94F8-1712FC33E939}.Release|x64.Build.0 = Release|x64
		{E87C7E88-0E9A-381B-94F8-1712FC33E939}.MinSizeRel|x64.ActiveCfg = MinSizeRel|x64
		{E87C7E88-0E9A-381B-94F8-1712FC33E939}.MinSizeRel|x64.Build.0 = MinSizeRel|x64
		{E87C7E88-0E9A-381B-94F8-1712FC33E939}.RelWithDebInfo|x64.ActiveCfg = RelWithDebInfo|x64
		{E87C7E88-0E9A-381B-94F8-1712FC33E939}.RelWithDebInfo|x64.Build.0 = RelWithDebInfo|x64
		{02C978AA-2BBF-39B2-919F-574286D90B46}.Debug|x64.ActiveCfg = Debug|x64
		{02C978AA-2BBF-39B2-919F-574286D90B46}.Debug|x64.Build.0 = Debug|x64
		{02C978AA-2BBF-39B2-919F-574286D90B46}.Release|x64.ActiveCfg = Release|x64
		{02C978AA-2BBF-39B2-919F-574286D90B46}.Release|x64.Build.0 = Release|x64
		{02C978AA-2BBF-39B2-919F-574286D90B46}.MinSizeRel|x64.ActiveCfg = MinSizeRel|x64
		{02C978AA-2BBF-39B2-919F-574286D90B46}.MinSizeRel|x64.Build.0 = MinSizeRel|x64
		{02C978AA-2BBF-39B2-919F-574286D90B46}.RelWithDebInfo|x64.ActiveCfg = RelWithDebInfo|x64
		{02C978AA-2BBF-39B2-919F-574286D90B46}.RelWithDebInfo|x64.Build.0 = RelWithDebInfo|x64
		{7B6A3B36-ABE7-30B5-8E79-48CDF3563F3A}.Debug|x64.ActiveCfg = Debug|x64
		{7B6A3B36-ABE7-30B5-8E79-48CDF3563F3A}.Debug|x64.Build.0 = Debug|x64
		{7B6A3B36-ABE7-30B5-8E79-48CDF3563F3A}.Release|x64.ActiveCfg = Release|x64
		{7B6A3B36-ABE7-30B5-8E79-48CDF3563F3A}.Release|x64.Build.0 = Release|x64
		{7B6A3B36-ABE7-30B5-8E79-48CDF3563F3A}.MinSizeRel|x64.ActiveCfg = MinSizeRel|x64
		{7B6A3B36-ABE7-30B5-8E79-48CDF3563F3A}.MinSizeRel|x64.Build.0 = MinSizeRel|x64
		{7B6A3B36-ABE7-30B5-8E79-48CDF3563F3A}.RelWithDebInfo|x64.ActiveCfg = RelWithDebInfo|x64
		{7B6A3B36-ABE7-30B5-8E79-48CDF3563F3A}.RelWithDebInfo|x64.Build.0 = RelWithDebInfo|x64
	EndGlobalSection
	GlobalSection(ExtensibilityGlobals) = postSolution
		SolutionGuid = {DDBF10A6-CFAA-377E-968B-BD8CF39A5D8A}
	EndGlobalSection
	GlobalSection(ExtensibilityAddIns) = postSolution
	EndGlobalSection
EndGlobal
