
Microsoft Visual Studio Solution File, Format Version 12.00
# Visual Studio Version 17
Project("{8BC9CEB8-8B4A-11D0-8D11-00A0C91BC942}") = "ALL_BUILD", "ALL_BUILD.vcxproj", "{5C826545-D92A-35ED-8028-6D5F874F3C38}"
	ProjectSection(ProjectDependencies) = postProject
		{227B7A2B-128B-3EFC-8D93-C23E7D78C6EF} = {227B7A2B-128B-3EFC-8D93-C23E7D78C6EF}
		{452A85E1-7604-3BC9-A289-805061B76BB4} = {452A85E1-7604-3BC9-A289-805061B76BB4}
		{57E77C07-E430-3D3F-92B2-D4F2ED0B1F42} = {57E77C07-E430-3D3F-92B2-D4F2ED0B1F42}
		{D477F0E0-B3BE-3251-9438-D8F0E5C55B65} = {D477F0E0-B3BE-3251-9438-D8F0E5C55B65}
		{B8AB0107-1952-305F-9532-FD513437C1CC} = {B8AB0107-1952-305F-9532-FD513437C1CC}
		{C5652A0F-06DA-3789-B344-5EAEFD3E4F06} = {C5652A0F-06DA-3789-B344-5EAEFD3E4F06}
		{B2D7F782-C301-3138-8040-5F2C148526F3} = {B2D7F782-C301-3138-8040-5F2C148526F3}
		{D1FCF2FC-2240-32F9-80C9-1FC470223A4B} = {D1FCF2FC-2240-32F9-80C9-1FC470223A4B}
		{1A9E3ED0-77CC-398D-B024-ADF9F802EFA7} = {1A9E3ED0-77CC-398D-B024-ADF9F802EFA7}
		{139B6B3D-E736-3A55-B4C1-F2C48653D6B1} = {139B6B3D-E736-3A55-B4C1-F2C48653D6B1}
		{EEE3D106-ED06-310F-A05E-A635A9E39D53} = {EEE3D106-ED06-310F-A05E-A635A9E39D53}
		{02CB359E-DEBB-3807-9D4D-BE9E46E61D74} = {02CB359E-DEBB-3807-9D4D-BE9E46E61D74}
		{1964DE7C-7AF2-3A0F-8FEF-E84F6B045883} = {1964DE7C-7AF2-3A0F-8FEF-E84F6B045883}
		{341D13FB-3CE6-3E9C-A297-C32A3F0240BE} = {341D13FB-3CE6-3E9C-A297-C32A3F0240BE}
		{7DDE55B6-552D-31F2-8A3C-014E2E4ED21B} = {7DDE55B6-552D-31F2-8A3C-014E2E4ED21B}
		{0D616C78-CDA1-3B50-B5E8-BEBEABE54987} = {0D616C78-CDA1-3B50-B5E8-BEBEABE54987}
		{5718844C-316F-3FED-842D-166E377E74C3} = {5718844C-316F-3FED-842D-166E377E74C3}
		{FDE6B9C6-6B84-3AA1-AE40-EC2405C71C5E} = {FDE6B9C6-6B84-3AA1-AE40-EC2405C71C5E}
		{38A9D70F-31B9-34F7-A91C-B4CA597D4308} = {38A9D70F-31B9-34F7-A91C-B4CA597D4308}
		{C4CA0BE8-BA5C-3C03-9944-AF3CFD4E0B43} = {C4CA0BE8-BA5C-3C03-9944-AF3CFD4E0B43}
	EndProjectSection
EndProject
Project("{8BC9CEB8-8B4A-11D0-8D11-00A0C91BC942}") = "INSTALL", "INSTALL.vcxproj", "{E8D266DD-8337-3D82-8085-643BB77712CE}"
	ProjectSection(ProjectDependencies) = postProject
		{5C826545-D92A-35ED-8028-6D5F874F3C38} = {5C826545-D92A-35ED-8028-6D5F874F3C38}
		{227B7A2B-128B-3EFC-8D93-C23E7D78C6EF} = {227B7A2B-128B-3EFC-8D93-C23E7D78C6EF}
	EndProjectSection
EndProject
Project("{8BC9CEB8-8B4A-11D0-8D11-00A0C91BC942}") = "RUN_TESTS", "RUN_TESTS.vcxproj", "{FB5CC804-DCA3-338E-B3AC-84FC21914089}"
	ProjectSection(ProjectDependencies) = postProject
		{227B7A2B-128B-3EFC-8D93-C23E7D78C6EF} = {227B7A2B-128B-3EFC-8D93-C23E7D78C6EF}
	EndProjectSection
EndProject
Project("{8BC9CEB8-8B4A-11D0-8D11-00A0C91BC942}") = "ZERO_CHECK", "..\\ZERO_CHECK.vcxproj", "{227B7A2B-128B-3EFC-8D93-C23E7D78C6EF}"
	ProjectSection(ProjectDependencies) = postProject
	EndProjectSection
EndProject
Project("{8BC9CEB8-8B4A-11D0-8D11-00A0C91BC942}") = "cda2dcm", "apps\cda2dcm.vcxproj", "{452A85E1-7604-3BC9-A289-805061B76BB4}"
	ProjectSection(ProjectDependencies) = postProject
		{227B7A2B-128B-3EFC-8D93-C23E7D78C6EF} = {227B7A2B-128B-3EFC-8D93-C23E7D78C6EF}
		{D1FCF2FC-2240-32F9-80C9-1FC470223A4B} = {D1FCF2FC-2240-32F9-80C9-1FC470223A4B}
		{28D5B11C-79E0-3E62-AF2A-763B078637E0} = {28D5B11C-79E0-3E62-AF2A-763B078637E0}
		{2221AE82-6C37-374A-963A-AD3C33D3F0F0} = {2221AE82-6C37-374A-963A-AD3C33D3F0F0}
	EndProjectSection
EndProject
Project("{8BC9CEB8-8B4A-11D0-8D11-00A0C91BC942}") = "dcm2json", "apps\dcm2json.vcxproj", "{57E77C07-E430-3D3F-92B2-D4F2ED0B1F42}"
	ProjectSection(ProjectDependencies) = postProject
		{227B7A2B-128B-3EFC-8D93-C23E7D78C6EF} = {227B7A2B-128B-3EFC-8D93-C23E7D78C6EF}
		{D1FCF2FC-2240-32F9-80C9-1FC470223A4B} = {D1FCF2FC-2240-32F9-80C9-1FC470223A4B}
		{28D5B11C-79E0-3E62-AF2A-763B078637E0} = {28D5B11C-79E0-3E62-AF2A-763B078637E0}
		{2221AE82-6C37-374A-963A-AD3C33D3F0F0} = {2221AE82-6C37-374A-963A-AD3C33D3F0F0}
	EndProjectSection
EndProject
Project("{8BC9CEB8-8B4A-11D0-8D11-00A0C91BC942}") = "dcm2pdf", "apps\dcm2pdf.vcxproj", "{D477F0E0-B3BE-3251-9438-D8F0E5C55B65}"
	ProjectSection(ProjectDependencies) = postProject
		{227B7A2B-128B-3EFC-8D93-C23E7D78C6EF} = {227B7A2B-128B-3EFC-8D93-C23E7D78C6EF}
		{D1FCF2FC-2240-32F9-80C9-1FC470223A4B} = {D1FCF2FC-2240-32F9-80C9-1FC470223A4B}
		{28D5B11C-79E0-3E62-AF2A-763B078637E0} = {28D5B11C-79E0-3E62-AF2A-763B078637E0}
		{2221AE82-6C37-374A-963A-AD3C33D3F0F0} = {2221AE82-6C37-374A-963A-AD3C33D3F0F0}
	EndProjectSection
EndProject
Project("{8BC9CEB8-8B4A-11D0-8D11-00A0C91BC942}") = "dcm2xml", "apps\dcm2xml.vcxproj", "{B8AB0107-1952-305F-9532-FD513437C1CC}"
	ProjectSection(ProjectDependencies) = postProject
		{227B7A2B-128B-3EFC-8D93-C23E7D78C6EF} = {227B7A2B-128B-3EFC-8D93-C23E7D78C6EF}
		{D1FCF2FC-2240-32F9-80C9-1FC470223A4B} = {D1FCF2FC-2240-32F9-80C9-1FC470223A4B}
		{28D5B11C-79E0-3E62-AF2A-763B078637E0} = {28D5B11C-79E0-3E62-AF2A-763B078637E0}
		{2221AE82-6C37-374A-963A-AD3C33D3F0F0} = {2221AE82-6C37-374A-963A-AD3C33D3F0F0}
	EndProjectSection
EndProject
Project("{8BC9CEB8-8B4A-11D0-8D11-00A0C91BC942}") = "dcmconv", "apps\dcmconv.vcxproj", "{C5652A0F-06DA-3789-B344-5EAEFD3E4F06}"
	ProjectSection(ProjectDependencies) = postProject
		{227B7A2B-128B-3EFC-8D93-C23E7D78C6EF} = {227B7A2B-128B-3EFC-8D93-C23E7D78C6EF}
		{D1FCF2FC-2240-32F9-80C9-1FC470223A4B} = {D1FCF2FC-2240-32F9-80C9-1FC470223A4B}
		{28D5B11C-79E0-3E62-AF2A-763B078637E0} = {28D5B11C-79E0-3E62-AF2A-763B078637E0}
		{2221AE82-6C37-374A-963A-AD3C33D3F0F0} = {2221AE82-6C37-374A-963A-AD3C33D3F0F0}
	EndProjectSection
EndProject
Project("{8BC9CEB8-8B4A-11D0-8D11-00A0C91BC942}") = "dcmcrle", "apps\dcmcrle.vcxproj", "{B2D7F782-C301-3138-8040-5F2C148526F3}"
	ProjectSection(ProjectDependencies) = postProject
		{227B7A2B-128B-3EFC-8D93-C23E7D78C6EF} = {227B7A2B-128B-3EFC-8D93-C23E7D78C6EF}
		{D1FCF2FC-2240-32F9-80C9-1FC470223A4B} = {D1FCF2FC-2240-32F9-80C9-1FC470223A4B}
		{28D5B11C-79E0-3E62-AF2A-763B078637E0} = {28D5B11C-79E0-3E62-AF2A-763B078637E0}
		{2221AE82-6C37-374A-963A-AD3C33D3F0F0} = {2221AE82-6C37-374A-963A-AD3C33D3F0F0}
	EndProjectSection
EndProject
Project("{8BC9CEB8-8B4A-11D0-8D11-00A0C91BC942}") = "dcmdata", "libsrc\dcmdata.vcxproj", "{D1FCF2FC-2240-32F9-80C9-1FC470223A4B}"
	ProjectSection(ProjectDependencies) = postProject
		{227B7A2B-128B-3EFC-8D93-C23E7D78C6EF} = {227B7A2B-128B-3EFC-8D93-C23E7D78C6EF}
		{28D5B11C-79E0-3E62-AF2A-763B078637E0} = {28D5B11C-79E0-3E62-AF2A-763B078637E0}
		{2221AE82-6C37-374A-963A-AD3C33D3F0F0} = {2221AE82-6C37-374A-963A-AD3C33D3F0F0}
	EndProjectSection
EndProject
Project("{8BC9CEB8-8B4A-11D0-8D11-00A0C91BC942}") = "dcmdata-test-exhaustive", "tests\dcmdata-test-exhaustive.vcxproj", "{6844506D-BAFD-3131-BF06-AF27A99BB107}"
	ProjectSection(ProjectDependencies) = postProject
		{227B7A2B-128B-3EFC-8D93-C23E7D78C6EF} = {227B7A2B-128B-3EFC-8D93-C23E7D78C6EF}
	EndProjectSection
EndProject
Project("{8BC9CEB8-8B4A-11D0-8D11-00A0C91BC942}") = "dcmdata_tests", "tests\dcmdata_tests.vcxproj", "{1A9E3ED0-77CC-398D-B024-ADF9F802EFA7}"
	ProjectSection(ProjectDependencies) = postProject
		{227B7A2B-128B-3EFC-8D93-C23E7D78C6EF} = {227B7A2B-128B-3EFC-8D93-C23E7D78C6EF}
		{D1FCF2FC-2240-32F9-80C9-1FC470223A4B} = {D1FCF2FC-2240-32F9-80C9-1FC470223A4B}
		{0D616C78-CDA1-3B50-B5E8-BEBEABE54987} = {0D616C78-CDA1-3B50-B5E8-BEBEABE54987}
		{28D5B11C-79E0-3E62-AF2A-763B078637E0} = {28D5B11C-79E0-3E62-AF2A-763B078637E0}
		{2221AE82-6C37-374A-963A-AD3C33D3F0F0} = {2221AE82-6C37-374A-963A-AD3C33D3F0F0}
	EndProjectSection
EndProject
Project("{8BC9CEB8-8B4A-11D0-8D11-00A0C91BC942}") = "dcmdrle", "apps\dcmdrle.vcxproj", "{139B6B3D-E736-3A55-B4C1-F2C48653D6B1}"
	ProjectSection(ProjectDependencies) = postProject
		{227B7A2B-128B-3EFC-8D93-C23E7D78C6EF} = {227B7A2B-128B-3EFC-8D93-C23E7D78C6EF}
		{D1FCF2FC-2240-32F9-80C9-1FC470223A4B} = {D1FCF2FC-2240-32F9-80C9-1FC470223A4B}
		{28D5B11C-79E0-3E62-AF2A-763B078637E0} = {28D5B11C-79E0-3E62-AF2A-763B078637E0}
		{2221AE82-6C37-374A-963A-AD3C33D3F0F0} = {2221AE82-6C37-374A-963A-AD3C33D3F0F0}
	EndProjectSection
EndProject
Project("{8BC9CEB8-8B4A-11D0-8D11-00A0C91BC942}") = "dcmdump", "apps\dcmdump.vcxproj", "{EEE3D106-ED06-310F-A05E-A635A9E39D53}"
	ProjectSection(ProjectDependencies) = postProject
		{227B7A2B-128B-3EFC-8D93-C23E7D78C6EF} = {227B7A2B-128B-3EFC-8D93-C23E7D78C6EF}
		{D1FCF2FC-2240-32F9-80C9-1FC470223A4B} = {D1FCF2FC-2240-32F9-80C9-1FC470223A4B}
		{28D5B11C-79E0-3E62-AF2A-763B078637E0} = {28D5B11C-79E0-3E62-AF2A-763B078637E0}
		{2221AE82-6C37-374A-963A-AD3C33D3F0F0} = {2221AE82-6C37-374A-963A-AD3C33D3F0F0}
	EndProjectSection
EndProject
Project("{8BC9CEB8-8B4A-11D0-8D11-00A0C91BC942}") = "dcmftest", "apps\dcmftest.vcxproj", "{02CB359E-DEBB-3807-9D4D-BE9E46E61D74}"
	ProjectSection(ProjectDependencies) = postProject
		{227B7A2B-128B-3EFC-8D93-C23E7D78C6EF} = {227B7A2B-128B-3EFC-8D93-C23E7D78C6EF}
		{2221AE82-6C37-374A-963A-AD3C33D3F0F0} = {2221AE82-6C37-374A-963A-AD3C33D3F0F0}
	EndProjectSection
EndProject
Project("{8BC9CEB8-8B4A-11D0-8D11-00A0C91BC942}") = "dcmgpdir", "apps\dcmgpdir.vcxproj", "{1964DE7C-7AF2-3A0F-8FEF-E84F6B045883}"
	ProjectSection(ProjectDependencies) = postProject
		{227B7A2B-128B-3EFC-8D93-C23E7D78C6EF} = {227B7A2B-128B-3EFC-8D93-C23E7D78C6EF}
		{D1FCF2FC-2240-32F9-80C9-1FC470223A4B} = {D1FCF2FC-2240-32F9-80C9-1FC470223A4B}
		{28D5B11C-79E0-3E62-AF2A-763B078637E0} = {28D5B11C-79E0-3E62-AF2A-763B078637E0}
		{2221AE82-6C37-374A-963A-AD3C33D3F0F0} = {2221AE82-6C37-374A-963A-AD3C33D3F0F0}
	EndProjectSection
EndProject
Project("{8BC9CEB8-8B4A-11D0-8D11-00A0C91BC942}") = "dcmodify", "apps\dcmodify.vcxproj", "{341D13FB-3CE6-3E9C-A297-C32A3F0240BE}"
	ProjectSection(ProjectDependencies) = postProject
		{227B7A2B-128B-3EFC-8D93-C23E7D78C6EF} = {227B7A2B-128B-3EFC-8D93-C23E7D78C6EF}
		{D1FCF2FC-2240-32F9-80C9-1FC470223A4B} = {D1FCF2FC-2240-32F9-80C9-1FC470223A4B}
		{28D5B11C-79E0-3E62-AF2A-763B078637E0} = {28D5B11C-79E0-3E62-AF2A-763B078637E0}
		{2221AE82-6C37-374A-963A-AD3C33D3F0F0} = {2221AE82-6C37-374A-963A-AD3C33D3F0F0}
	EndProjectSection
EndProject
Project("{8BC9CEB8-8B4A-11D0-8D11-00A0C91BC942}") = "dump2dcm", "apps\dump2dcm.vcxproj", "{7DDE55B6-552D-31F2-8A3C-014E2E4ED21B}"
	ProjectSection(ProjectDependencies) = postProject
		{227B7A2B-128B-3EFC-8D93-C23E7D78C6EF} = {227B7A2B-128B-3EFC-8D93-C23E7D78C6EF}
		{D1FCF2FC-2240-32F9-80C9-1FC470223A4B} = {D1FCF2FC-2240-32F9-80C9-1FC470223A4B}
		{28D5B11C-79E0-3E62-AF2A-763B078637E0} = {28D5B11C-79E0-3E62-AF2A-763B078637E0}
		{2221AE82-6C37-374A-963A-AD3C33D3F0F0} = {2221AE82-6C37-374A-963A-AD3C33D3F0F0}
	EndProjectSection
EndProject
Project("{8BC9CEB8-8B4A-11D0-8D11-00A0C91BC942}") = "i2d", "libi2d\i2d.vcxproj", "{0D616C78-CDA1-3B50-B5E8-BEBEABE54987}"
	ProjectSection(ProjectDependencies) = postProject
		{227B7A2B-128B-3EFC-8D93-C23E7D78C6EF} = {227B7A2B-128B-3EFC-8D93-C23E7D78C6EF}
		{D1FCF2FC-2240-32F9-80C9-1FC470223A4B} = {D1FCF2FC-2240-32F9-80C9-1FC470223A4B}
		{28D5B11C-79E0-3E62-AF2A-763B078637E0} = {28D5B11C-79E0-3E62-AF2A-763B078637E0}
		{2221AE82-6C37-374A-963A-AD3C33D3F0F0} = {2221AE82-6C37-374A-963A-AD3C33D3F0F0}
	EndProjectSection
EndProject
Project("{8BC9CEB8-8B4A-11D0-8D11-00A0C91BC942}") = "img2dcm", "apps\img2dcm.vcxproj", "{5718844C-316F-3FED-842D-166E377E74C3}"
	ProjectSection(ProjectDependencies) = postProject
		{227B7A2B-128B-3EFC-8D93-C23E7D78C6EF} = {227B7A2B-128B-3EFC-8D93-C23E7D78C6EF}
		{D1FCF2FC-2240-32F9-80C9-1FC470223A4B} = {D1FCF2FC-2240-32F9-80C9-1FC470223A4B}
		{0D616C78-CDA1-3B50-B5E8-BEBEABE54987} = {0D616C78-CDA1-3B50-B5E8-BEBEABE54987}
		{28D5B11C-79E0-3E62-AF2A-763B078637E0} = {28D5B11C-79E0-3E62-AF2A-763B078637E0}
		{2221AE82-6C37-374A-963A-AD3C33D3F0F0} = {2221AE82-6C37-374A-963A-AD3C33D3F0F0}
	EndProjectSection
EndProject
Project("{8BC9CEB8-8B4A-11D0-8D11-00A0C91BC942}") = "mkdeftag", "libsrc\mkdeftag.vcxproj", "{7F8EA898-FC22-30C0-B99E-5AE9AD8AF8C4}"
	ProjectSection(ProjectDependencies) = postProject
		{227B7A2B-128B-3EFC-8D93-C23E7D78C6EF} = {227B7A2B-128B-3EFC-8D93-C23E7D78C6EF}
		{28D5B11C-79E0-3E62-AF2A-763B078637E0} = {28D5B11C-79E0-3E62-AF2A-763B078637E0}
		{2221AE82-6C37-374A-963A-AD3C33D3F0F0} = {2221AE82-6C37-374A-963A-AD3C33D3F0F0}
	EndProjectSection
EndProject
Project("{8BC9CEB8-8B4A-11D0-8D11-00A0C91BC942}") = "mkdictbi", "libsrc\mkdictbi.vcxproj", "{DBFB7EFB-F593-33A4-B62E-D67FCD6C9EF6}"
	ProjectSection(ProjectDependencies) = postProject
		{227B7A2B-128B-3EFC-8D93-C23E7D78C6EF} = {227B7A2B-128B-3EFC-8D93-C23E7D78C6EF}
		{28D5B11C-79E0-3E62-AF2A-763B078637E0} = {28D5B11C-79E0-3E62-AF2A-763B078637E0}
		{2221AE82-6C37-374A-963A-AD3C33D3F0F0} = {2221AE82-6C37-374A-963A-AD3C33D3F0F0}
	EndProjectSection
EndProject
Project("{8BC9CEB8-8B4A-11D0-8D11-00A0C91BC942}") = "mkvrscan", "libsrc\mkvrscan.vcxproj", "{2011AA96-CAD4-3ED4-A6E0-7462A80CB518}"
	ProjectSection(ProjectDependencies) = postProject
		{227B7A2B-128B-3EFC-8D93-C23E7D78C6EF} = {227B7A2B-128B-3EFC-8D93-C23E7D78C6EF}
	EndProjectSection
EndProject
Project("{8BC9CEB8-8B4A-11D0-8D11-00A0C91BC942}") = "oflog", "..\oflog\libsrc\oflog.vcxproj", "{28D5B11C-79E0-3E62-AF2A-763B078637E0}"
	ProjectSection(ProjectDependencies) = postProject
		{227B7A2B-128B-3EFC-8D93-C23E7D78C6EF} = {227B7A2B-128B-3EFC-8D93-C23E7D78C6EF}
		{2221AE82-6C37-374A-963A-AD3C33D3F0F0} = {2221AE82-6C37-374A-963A-AD3C33D3F0F0}
	EndProjectSection
EndProject
Project("{8BC9CEB8-8B4A-11D0-8D11-00A0C91BC942}") = "ofstd", "..\ofstd\libsrc\ofstd.vcxproj", "{2221AE82-6C37-374A-963A-AD3C33D3F0F0}"
	ProjectSection(ProjectDependencies) = postProject
		{227B7A2B-128B-3EFC-8D93-C23E7D78C6EF} = {227B7A2B-128B-3EFC-8D93-C23E7D78C6EF}
	EndProjectSection
EndProject
Project("{8BC9CEB8-8B4A-11D0-8D11-00A0C91BC942}") = "pdf2dcm", "apps\pdf2dcm.vcxproj", "{FDE6B9C6-6B84-3AA1-AE40-EC2405C71C5E}"
	ProjectSection(ProjectDependencies) = postProject
		{227B7A2B-128B-3EFC-8D93-C23E7D78C6EF} = {227B7A2B-128B-3EFC-8D93-C23E7D78C6EF}
		{D1FCF2FC-2240-32F9-80C9-1FC470223A4B} = {D1FCF2FC-2240-32F9-80C9-1FC470223A4B}
		{28D5B11C-79E0-3E62-AF2A-763B078637E0} = {28D5B11C-79E0-3E62-AF2A-763B078637E0}
		{2221AE82-6C37-374A-963A-AD3C33D3F0F0} = {2221AE82-6C37-374A-963A-AD3C33D3F0F0}
	EndProjectSection
EndProject
Project("{8BC9CEB8-8B4A-11D0-8D11-00A0C91BC942}") = "stl2dcm", "apps\stl2dcm.vcxproj", "{38A9D70F-31B9-34F7-A91C-B4CA597D4308}"
	ProjectSection(ProjectDependencies) = postProject
		{227B7A2B-128B-3EFC-8D93-C23E7D78C6EF} = {227B7A2B-128B-3EFC-8D93-C23E7D78C6EF}
		{D1FCF2FC-2240-32F9-80C9-1FC470223A4B} = {D1FCF2FC-2240-32F9-80C9-1FC470223A4B}
		{28D5B11C-79E0-3E62-AF2A-763B078637E0} = {28D5B11C-79E0-3E62-AF2A-763B078637E0}
		{2221AE82-6C37-374A-963A-AD3C33D3F0F0} = {2221AE82-6C37-374A-963A-AD3C33D3F0F0}
	EndProjectSection
EndProject
Project("{8BC9CEB8-8B4A-11D0-8D11-00A0C91BC942}") = "updatebuiltindict", "libsrc\updatebuiltindict.vcxproj", "{3BEFE530-16CE-3092-9121-CF616ADAA0F1}"
	ProjectSection(ProjectDependencies) = postProject
		{227B7A2B-128B-3EFC-8D93-C23E7D78C6EF} = {227B7A2B-128B-3EFC-8D93-C23E7D78C6EF}
		{DBFB7EFB-F593-33A4-B62E-D67FCD6C9EF6} = {DBFB7EFB-F593-33A4-B62E-D67FCD6C9EF6}
	EndProjectSection
EndProject
Project("{8BC9CEB8-8B4A-11D0-8D11-00A0C91BC942}") = "updatedeftag", "libsrc\updatedeftag.vcxproj", "{CDE70F39-1AD4-3AA8-BCC3-903C8716D08A}"
	ProjectSection(ProjectDependencies) = postProject
		{227B7A2B-128B-3EFC-8D93-C23E7D78C6EF} = {227B7A2B-128B-3EFC-8D93-C23E7D78C6EF}
		{7F8EA898-FC22-30C0-B99E-5AE9AD8AF8C4} = {7F8EA898-FC22-30C0-B99E-5AE9AD8AF8C4}
	EndProjectSection
EndProject
Project("{8BC9CEB8-8B4A-11D0-8D11-00A0C91BC942}") = "xml2dcm", "apps\xml2dcm.vcxproj", "{C4CA0BE8-BA5C-3C03-9944-AF3CFD4E0B43}"
	ProjectSection(ProjectDependencies) = postProject
		{227B7A2B-128B-3EFC-8D93-C23E7D78C6EF} = {227B7A2B-128B-3EFC-8D93-C23E7D78C6EF}
		{D1FCF2FC-2240-32F9-80C9-1FC470223A4B} = {D1FCF2FC-2240-32F9-80C9-1FC470223A4B}
		{28D5B11C-79E0-3E62-AF2A-763B078637E0} = {28D5B11C-79E0-3E62-AF2A-763B078637E0}
		{2221AE82-6C37-374A-963A-AD3C33D3F0F0} = {2221AE82-6C37-374A-963A-AD3C33D3F0F0}
	EndProjectSection
EndProject
Global
	GlobalSection(SolutionConfigurationPlatforms) = preSolution
		Debug|x64 = Debug|x64
		Release|x64 = Release|x64
		MinSizeRel|x64 = MinSizeRel|x64
		RelWithDebInfo|x64 = RelWithDebInfo|x64
	EndGlobalSection
	GlobalSection(ProjectConfigurationPlatforms) = postSolution
		{5C826545-D92A-35ED-8028-6D5F874F3C38}.Debug|x64.ActiveCfg = Debug|x64
		{5C826545-D92A-35ED-8028-6D5F874F3C38}.Debug|x64.Build.0 = Debug|x64
		{5C826545-D92A-35ED-8028-6D5F874F3C38}.Release|x64.ActiveCfg = Release|x64
		{5C826545-D92A-35ED-8028-6D5F874F3C38}.Release|x64.Build.0 = Release|x64
		{5C826545-D92A-35ED-8028-6D5F874F3C38}.MinSizeRel|x64.ActiveCfg = MinSizeRel|x64
		{5C826545-D92A-35ED-8028-6D5F874F3C38}.MinSizeRel|x64.Build.0 = MinSizeRel|x64
		{5C826545-D92A-35ED-8028-6D5F874F3C38}.RelWithDebInfo|x64.ActiveCfg = RelWithDebInfo|x64
		{5C826545-D92A-35ED-8028-6D5F874F3C38}.RelWithDebInfo|x64.Build.0 = RelWithDebInfo|x64
		{E8D266DD-8337-3D82-8085-643BB77712CE}.Debug|x64.ActiveCfg = Debug|x64
		{E8D266DD-8337-3D82-8085-643BB77712CE}.Release|x64.ActiveCfg = Release|x64
		{E8D266DD-8337-3D82-8085-643BB77712CE}.MinSizeRel|x64.ActiveCfg = MinSizeRel|x64
		{E8D266DD-8337-3D82-8085-643BB77712CE}.RelWithDebInfo|x64.ActiveCfg = RelWithDebInfo|x64
		{FB5CC804-DCA3-338E-B3AC-84FC21914089}.Debug|x64.ActiveCfg = Debug|x64
		{FB5CC804-DCA3-338E-B3AC-84FC21914089}.Release|x64.ActiveCfg = Release|x64
		{FB5CC804-DCA3-338E-B3AC-84FC21914089}.MinSizeRel|x64.ActiveCfg = MinSizeRel|x64
		{FB5CC804-DCA3-338E-B3AC-84FC21914089}.RelWithDebInfo|x64.ActiveCfg = RelWithDebInfo|x64
		{227B7A2B-128B-3EFC-8D93-C23E7D78C6EF}.Debug|x64.ActiveCfg = Debug|x64
		{227B7A2B-128B-3EFC-8D93-C23E7D78C6EF}.Debug|x64.Build.0 = Debug|x64
		{227B7A2B-128B-3EFC-8D93-C23E7D78C6EF}.Release|x64.ActiveCfg = Release|x64
		{227B7A2B-128B-3EFC-8D93-C23E7D78C6EF}.Release|x64.Build.0 = Release|x64
		{227B7A2B-128B-3EFC-8D93-C23E7D78C6EF}.MinSizeRel|x64.ActiveCfg = MinSizeRel|x64
		{227B7A2B-128B-3EFC-8D93-C23E7D78C6EF}.MinSizeRel|x64.Build.0 = MinSizeRel|x64
		{227B7A2B-128B-3EFC-8D93-C23E7D78C6EF}.RelWithDebInfo|x64.ActiveCfg = RelWithDebInfo|x64
		{227B7A2B-128B-3EFC-8D93-C23E7D78C6EF}.RelWithDebInfo|x64.Build.0 = RelWithDebInfo|x64
		{452A85E1-7604-3BC9-A289-805061B76BB4}.Debug|x64.ActiveCfg = Debug|x64
		{452A85E1-7604-3BC9-A289-805061B76BB4}.Debug|x64.Build.0 = Debug|x64
		{452A85E1-7604-3BC9-A289-805061B76BB4}.Release|x64.ActiveCfg = Release|x64
		{452A85E1-7604-3BC9-A289-805061B76BB4}.Release|x64.Build.0 = Release|x64
		{452A85E1-7604-3BC9-A289-805061B76BB4}.MinSizeRel|x64.ActiveCfg = MinSizeRel|x64
		{452A85E1-7604-3BC9-A289-805061B76BB4}.MinSizeRel|x64.Build.0 = MinSizeRel|x64
		{452A85E1-7604-3BC9-A289-805061B76BB4}.RelWithDebInfo|x64.ActiveCfg = RelWithDebInfo|x64
		{452A85E1-7604-3BC9-A289-805061B76BB4}.RelWithDebInfo|x64.Build.0 = RelWithDebInfo|x64
		{57E77C07-E430-3D3F-92B2-D4F2ED0B1F42}.Debug|x64.ActiveCfg = Debug|x64
		{57E77C07-E430-3D3F-92B2-D4F2ED0B1F42}.Debug|x64.Build.0 = Debug|x64
		{57E77C07-E430-3D3F-92B2-D4F2ED0B1F42}.Release|x64.ActiveCfg = Release|x64
		{57E77C07-E430-3D3F-92B2-D4F2ED0B1F42}.Release|x64.Build.0 = Release|x64
		{57E77C07-E430-3D3F-92B2-D4F2ED0B1F42}.MinSizeRel|x64.ActiveCfg = MinSizeRel|x64
		{57E77C07-E430-3D3F-92B2-D4F2ED0B1F42}.MinSizeRel|x64.Build.0 = MinSizeRel|x64
		{57E77C07-E430-3D3F-92B2-D4F2ED0B1F42}.RelWithDebInfo|x64.ActiveCfg = RelWithDebInfo|x64
		{57E77C07-E430-3D3F-92B2-D4F2ED0B1F42}.RelWithDebInfo|x64.Build.0 = RelWithDebInfo|x64
		{D477F0E0-B3BE-3251-9438-D8F0E5C55B65}.Debug|x64.ActiveCfg = Debug|x64
		{D477F0E0-B3BE-3251-9438-D8F0E5C55B65}.Debug|x64.Build.0 = Debug|x64
		{D477F0E0-B3BE-3251-9438-D8F0E5C55B65}.Release|x64.ActiveCfg = Release|x64
		{D477F0E0-B3BE-3251-9438-D8F0E5C55B65}.Release|x64.Build.0 = Release|x64
		{D477F0E0-B3BE-3251-9438-D8F0E5C55B65}.MinSizeRel|x64.ActiveCfg = MinSizeRel|x64
		{D477F0E0-B3BE-3251-9438-D8F0E5C55B65}.MinSizeRel|x64.Build.0 = MinSizeRel|x64
		{D477F0E0-B3BE-3251-9438-D8F0E5C55B65}.RelWithDebInfo|x64.ActiveCfg = RelWithDebInfo|x64
		{D477F0E0-B3BE-3251-9438-D8F0E5C55B65}.RelWithDebInfo|x64.Build.0 = RelWithDebInfo|x64
		{B8AB0107-1952-305F-9532-FD513437C1CC}.Debug|x64.ActiveCfg = Debug|x64
		{B8AB0107-1952-305F-9532-FD513437C1CC}.Debug|x64.Build.0 = Debug|x64
		{B8AB0107-1952-305F-9532-FD513437C1CC}.Release|x64.ActiveCfg = Release|x64
		{B8AB0107-1952-305F-9532-FD513437C1CC}.Release|x64.Build.0 = Release|x64
		{B8AB0107-1952-305F-9532-FD513437C1CC}.MinSizeRel|x64.ActiveCfg = MinSizeRel|x64
		{B8AB0107-1952-305F-9532-FD513437C1CC}.MinSizeRel|x64.Build.0 = MinSizeRel|x64
		{B8AB0107-1952-305F-9532-FD513437C1CC}.RelWithDebInfo|x64.ActiveCfg = RelWithDebInfo|x64
		{B8AB0107-1952-305F-9532-FD513437C1CC}.RelWithDebInfo|x64.Build.0 = RelWithDebInfo|x64
		{C5652A0F-06DA-3789-B344-5EAEFD3E4F06}.Debug|x64.ActiveCfg = Debug|x64
		{C5652A0F-06DA-3789-B344-5EAEFD3E4F06}.Debug|x64.Build.0 = Debug|x64
		{C5652A0F-06DA-3789-B344-5EAEFD3E4F06}.Release|x64.ActiveCfg = Release|x64
		{C5652A0F-06DA-3789-B344-5EAEFD3E4F06}.Release|x64.Build.0 = Release|x64
		{C5652A0F-06DA-3789-B344-5EAEFD3E4F06}.MinSizeRel|x64.ActiveCfg = MinSizeRel|x64
		{C5652A0F-06DA-3789-B344-5EAEFD3E4F06}.MinSizeRel|x64.Build.0 = MinSizeRel|x64
		{C5652A0F-06DA-3789-B344-5EAEFD3E4F06}.RelWithDebInfo|x64.ActiveCfg = RelWithDebInfo|x64
		{C5652A0F-06DA-3789-B344-5EAEFD3E4F06}.RelWithDebInfo|x64.Build.0 = RelWithDebInfo|x64
		{B2D7F782-C301-3138-8040-5F2C148526F3}.Debug|x64.ActiveCfg = Debug|x64
		{B2D7F782-C301-3138-8040-5F2C148526F3}.Debug|x64.Build.0 = Debug|x64
		{B2D7F782-C301-3138-8040-5F2C148526F3}.Release|x64.ActiveCfg = Release|x64
		{B2D7F782-C301-3138-8040-5F2C148526F3}.Release|x64.Build.0 = Release|x64
		{B2D7F782-C301-3138-8040-5F2C148526F3}.MinSizeRel|x64.ActiveCfg = MinSizeRel|x64
		{B2D7F782-C301-3138-8040-5F2C148526F3}.MinSizeRel|x64.Build.0 = MinSizeRel|x64
		{B2D7F782-C301-3138-8040-5F2C148526F3}.RelWithDebInfo|x64.ActiveCfg = RelWithDebInfo|x64
		{B2D7F782-C301-3138-8040-5F2C148526F3}.RelWithDebInfo|x64.Build.0 = RelWithDebInfo|x64
		{D1FCF2FC-2240-32F9-80C9-1FC470223A4B}.Debug|x64.ActiveCfg = Debug|x64
		{D1FCF2FC-2240-32F9-80C9-1FC470223A4B}.Debug|x64.Build.0 = Debug|x64
		{D1FCF2FC-2240-32F9-80C9-1FC470223A4B}.Release|x64.ActiveCfg = Release|x64
		{D1FCF2FC-2240-32F9-80C9-1FC470223A4B}.Release|x64.Build.0 = Release|x64
		{D1FCF2FC-2240-32F9-80C9-1FC470223A4B}.MinSizeRel|x64.ActiveCfg = MinSizeRel|x64
		{D1FCF2FC-2240-32F9-80C9-1FC470223A4B}.MinSizeRel|x64.Build.0 = MinSizeRel|x64
		{D1FCF2FC-2240-32F9-80C9-1FC470223A4B}.RelWithDebInfo|x64.ActiveCfg = RelWithDebInfo|x64
		{D1FCF2FC-2240-32F9-80C9-1FC470223A4B}.RelWithDebInfo|x64.Build.0 = RelWithDebInfo|x64
		{6844506D-BAFD-3131-BF06-AF27A99BB107}.Debug|x64.ActiveCfg = Debug|x64
		{6844506D-BAFD-3131-BF06-AF27A99BB107}.Release|x64.ActiveCfg = Release|x64
		{6844506D-BAFD-3131-BF06-AF27A99BB107}.MinSizeRel|x64.ActiveCfg = MinSizeRel|x64
		{6844506D-BAFD-3131-BF06-AF27A99BB107}.RelWithDebInfo|x64.ActiveCfg = RelWithDebInfo|x64
		{1A9E3ED0-77CC-398D-B024-ADF9F802EFA7}.Debug|x64.ActiveCfg = Debug|x64
		{1A9E3ED0-77CC-398D-B024-ADF9F802EFA7}.Debug|x64.Build.0 = Debug|x64
		{1A9E3ED0-77CC-398D-B024-ADF9F802EFA7}.Release|x64.ActiveCfg = Release|x64
		{1A9E3ED0-77CC-398D-B024-ADF9F802EFA7}.Release|x64.Build.0 = Release|x64
		{1A9E3ED0-77CC-398D-B024-ADF9F802EFA7}.MinSizeRel|x64.ActiveCfg = MinSizeRel|x64
		{1A9E3ED0-77CC-398D-B024-ADF9F802EFA7}.MinSizeRel|x64.Build.0 = MinSizeRel|x64
		{1A9E3ED0-77CC-398D-B024-ADF9F802EFA7}.RelWithDebInfo|x64.ActiveCfg = RelWithDebInfo|x64
		{1A9E3ED0-77CC-398D-B024-ADF9F802EFA7}.RelWithDebInfo|x64.Build.0 = RelWithDebInfo|x64
		{139B6B3D-E736-3A55-B4C1-F2C48653D6B1}.Debug|x64.ActiveCfg = Debug|x64
		{139B6B3D-E736-3A55-B4C1-F2C48653D6B1}.Debug|x64.Build.0 = Debug|x64
		{139B6B3D-E736-3A55-B4C1-F2C48653D6B1}.Release|x64.ActiveCfg = Release|x64
		{139B6B3D-E736-3A55-B4C1-F2C48653D6B1}.Release|x64.Build.0 = Release|x64
		{139B6B3D-E736-3A55-B4C1-F2C48653D6B1}.MinSizeRel|x64.ActiveCfg = MinSizeRel|x64
		{139B6B3D-E736-3A55-B4C1-F2C48653D6B1}.MinSizeRel|x64.Build.0 = MinSizeRel|x64
		{139B6B3D-E736-3A55-B4C1-F2C48653D6B1}.RelWithDebInfo|x64.ActiveCfg = RelWithDebInfo|x64
		{139B6B3D-E736-3A55-B4C1-F2C48653D6B1}.RelWithDebInfo|x64.Build.0 = RelWithDebInfo|x64
		{EEE3D106-ED06-310F-A05E-A635A9E39D53}.Debug|x64.ActiveCfg = Debug|x64
		{EEE3D106-ED06-310F-A05E-A635A9E39D53}.Debug|x64.Build.0 = Debug|x64
		{EEE3D106-ED06-310F-A05E-A635A9E39D53}.Release|x64.ActiveCfg = Release|x64
		{EEE3D106-ED06-310F-A05E-A635A9E39D53}.Release|x64.Build.0 = Release|x64
		{EEE3D106-ED06-310F-A05E-A635A9E39D53}.MinSizeRel|x64.ActiveCfg = MinSizeRel|x64
		{EEE3D106-ED06-310F-A05E-A635A9E39D53}.MinSizeRel|x64.Build.0 = MinSizeRel|x64
		{EEE3D106-ED06-310F-A05E-A635A9E39D53}.RelWithDebInfo|x64.ActiveCfg = RelWithDebInfo|x64
		{EEE3D106-ED06-310F-A05E-A635A9E39D53}.RelWithDebInfo|x64.Build.0 = RelWithDebInfo|x64
		{02CB359E-DEBB-3807-9D4D-BE9E46E61D74}.Debug|x64.ActiveCfg = Debug|x64
		{02CB359E-DEBB-3807-9D4D-BE9E46E61D74}.Debug|x64.Build.0 = Debug|x64
		{02CB359E-DEBB-3807-9D4D-BE9E46E61D74}.Release|x64.ActiveCfg = Release|x64
		{02CB359E-DEBB-3807-9D4D-BE9E46E61D74}.Release|x64.Build.0 = Release|x64
		{02CB359E-DEBB-3807-9D4D-BE9E46E61D74}.MinSizeRel|x64.ActiveCfg = MinSizeRel|x64
		{02CB359E-DEBB-3807-9D4D-BE9E46E61D74}.MinSizeRel|x64.Build.0 = MinSizeRel|x64
		{02CB359E-DEBB-3807-9D4D-BE9E46E61D74}.RelWithDebInfo|x64.ActiveCfg = RelWithDebInfo|x64
		{02CB359E-DEBB-3807-9D4D-BE9E46E61D74}.RelWithDebInfo|x64.Build.0 = RelWithDebInfo|x64
		{1964DE7C-7AF2-3A0F-8FEF-E84F6B045883}.Debug|x64.ActiveCfg = Debug|x64
		{1964DE7C-7AF2-3A0F-8FEF-E84F6B045883}.Debug|x64.Build.0 = Debug|x64
		{1964DE7C-7AF2-3A0F-8FEF-E84F6B045883}.Release|x64.ActiveCfg = Release|x64
		{1964DE7C-7AF2-3A0F-8FEF-E84F6B045883}.Release|x64.Build.0 = Release|x64
		{1964DE7C-7AF2-3A0F-8FEF-E84F6B045883}.MinSizeRel|x64.ActiveCfg = MinSizeRel|x64
		{1964DE7C-7AF2-3A0F-8FEF-E84F6B045883}.MinSizeRel|x64.Build.0 = MinSizeRel|x64
		{1964DE7C-7AF2-3A0F-8FEF-E84F6B045883}.RelWithDebInfo|x64.ActiveCfg = RelWithDebInfo|x64
		{1964DE7C-7AF2-3A0F-8FEF-E84F6B045883}.RelWithDebInfo|x64.Build.0 = RelWithDebInfo|x64
		{341D13FB-3CE6-3E9C-A297-C32A3F0240BE}.Debug|x64.ActiveCfg = Debug|x64
		{341D13FB-3CE6-3E9C-A297-C32A3F0240BE}.Debug|x64.Build.0 = Debug|x64
		{341D13FB-3CE6-3E9C-A297-C32A3F0240BE}.Release|x64.ActiveCfg = Release|x64
		{341D13FB-3CE6-3E9C-A297-C32A3F0240BE}.Release|x64.Build.0 = Release|x64
		{341D13FB-3CE6-3E9C-A297-C32A3F0240BE}.MinSizeRel|x64.ActiveCfg = MinSizeRel|x64
		{341D13FB-3CE6-3E9C-A297-C32A3F0240BE}.MinSizeRel|x64.Build.0 = MinSizeRel|x64
		{341D13FB-3CE6-3E9C-A297-C32A3F0240BE}.RelWithDebInfo|x64.ActiveCfg = RelWithDebInfo|x64
		{341D13FB-3CE6-3E9C-A297-C32A3F0240BE}.RelWithDebInfo|x64.Build.0 = RelWithDebInfo|x64
		{7DDE55B6-552D-31F2-8A3C-014E2E4ED21B}.Debug|x64.ActiveCfg = Debug|x64
		{7DDE55B6-552D-31F2-8A3C-014E2E4ED21B}.Debug|x64.Build.0 = Debug|x64
		{7DDE55B6-552D-31F2-8A3C-014E2E4ED21B}.Release|x64.ActiveCfg = Release|x64
		{7DDE55B6-552D-31F2-8A3C-014E2E4ED21B}.Release|x64.Build.0 = Release|x64
		{7DDE55B6-552D-31F2-8A3C-014E2E4ED21B}.MinSizeRel|x64.ActiveCfg = MinSizeRel|x64
		{7DDE55B6-552D-31F2-8A3C-014E2E4ED21B}.MinSizeRel|x64.Build.0 = MinSizeRel|x64
		{7DDE55B6-552D-31F2-8A3C-014E2E4ED21B}.RelWithDebInfo|x64.ActiveCfg = RelWithDebInfo|x64
		{7DDE55B6-552D-31F2-8A3C-014E2E4ED21B}.RelWithDebInfo|x64.Build.0 = RelWithDebInfo|x64
		{0D616C78-CDA1-3B50-B5E8-BEBEABE54987}.Debug|x64.ActiveCfg = Debug|x64
		{0D616C78-CDA1-3B50-B5E8-BEBEABE54987}.Debug|x64.Build.0 = Debug|x64
		{0D616C78-CDA1-3B50-B5E8-BEBEABE54987}.Release|x64.ActiveCfg = Release|x64
		{0D616C78-CDA1-3B50-B5E8-BEBEABE54987}.Release|x64.Build.0 = Release|x64
		{0D616C78-CDA1-3B50-B5E8-BEBEABE54987}.MinSizeRel|x64.ActiveCfg = MinSizeRel|x64
		{0D616C78-CDA1-3B50-B5E8-BEBEABE54987}.MinSizeRel|x64.Build.0 = MinSizeRel|x64
		{0D616C78-CDA1-3B50-B5E8-BEBEABE54987}.RelWithDebInfo|x64.ActiveCfg = RelWithDebInfo|x64
		{0D616C78-CDA1-3B50-B5E8-BEBEABE54987}.RelWithDebInfo|x64.Build.0 = RelWithDebInfo|x64
		{5718844C-316F-3FED-842D-166E377E74C3}.Debug|x64.ActiveCfg = Debug|x64
		{5718844C-316F-3FED-842D-166E377E74C3}.Debug|x64.Build.0 = Debug|x64
		{5718844C-316F-3FED-842D-166E377E74C3}.Release|x64.ActiveCfg = Release|x64
		{5718844C-316F-3FED-842D-166E377E74C3}.Release|x64.Build.0 = Release|x64
		{5718844C-316F-3FED-842D-166E377E74C3}.MinSizeRel|x64.ActiveCfg = MinSizeRel|x64
		{5718844C-316F-3FED-842D-166E377E74C3}.MinSizeRel|x64.Build.0 = MinSizeRel|x64
		{5718844C-316F-3FED-842D-166E377E74C3}.RelWithDebInfo|x64.ActiveCfg = RelWithDebInfo|x64
		{5718844C-316F-3FED-842D-166E377E74C3}.RelWithDebInfo|x64.Build.0 = RelWithDebInfo|x64
		{7F8EA898-FC22-30C0-B99E-5AE9AD8AF8C4}.Debug|x64.ActiveCfg = Debug|x64
		{7F8EA898-FC22-30C0-B99E-5AE9AD8AF8C4}.Debug|x64.Build.0 = Debug|x64
		{7F8EA898-FC22-30C0-B99E-5AE9AD8AF8C4}.Release|x64.ActiveCfg = Release|x64
		{7F8EA898-FC22-30C0-B99E-5AE9AD8AF8C4}.Release|x64.Build.0 = Release|x64
		{7F8EA898-FC22-30C0-B99E-5AE9AD8AF8C4}.MinSizeRel|x64.ActiveCfg = MinSizeRel|x64
		{7F8EA898-FC22-30C0-B99E-5AE9AD8AF8C4}.MinSizeRel|x64.Build.0 = MinSizeRel|x64
		{7F8EA898-FC22-30C0-B99E-5AE9AD8AF8C4}.RelWithDebInfo|x64.ActiveCfg = RelWithDebInfo|x64
		{7F8EA898-FC22-30C0-B99E-5AE9AD8AF8C4}.RelWithDebInfo|x64.Build.0 = RelWithDebInfo|x64
		{DBFB7EFB-F593-33A4-B62E-D67FCD6C9EF6}.Debug|x64.ActiveCfg = Debug|x64
		{DBFB7EFB-F593-33A4-B62E-D67FCD6C9EF6}.Debug|x64.Build.0 = Debug|x64
		{DBFB7EFB-F593-33A4-B62E-D67FCD6C9EF6}.Release|x64.ActiveCfg = Release|x64
		{DBFB7EFB-F593-33A4-B62E-D67FCD6C9EF6}.Release|x64.Build.0 = Release|x64
		{DBFB7EFB-F593-33A4-B62E-D67FCD6C9EF6}.MinSizeRel|x64.ActiveCfg = MinSizeRel|x64
		{DBFB7EFB-F593-33A4-B62E-D67FCD6C9EF6}.MinSizeRel|x64.Build.0 = MinSizeRel|x64
		{DBFB7EFB-F593-33A4-B62E-D67FCD6C9EF6}.RelWithDebInfo|x64.ActiveCfg = RelWithDebInfo|x64
		{DBFB7EFB-F593-33A4-B62E-D67FCD6C9EF6}.RelWithDebInfo|x64.Build.0 = RelWithDebInfo|x64
		{2011AA96-CAD4-3ED4-A6E0-7462A80CB518}.Debug|x64.ActiveCfg = Debug|x64
		{2011AA96-CAD4-3ED4-A6E0-7462A80CB518}.Release|x64.ActiveCfg = Release|x64
		{2011AA96-CAD4-3ED4-A6E0-7462A80CB518}.MinSizeRel|x64.ActiveCfg = MinSizeRel|x64
		{2011AA96-CAD4-3ED4-A6E0-7462A80CB518}.RelWithDebInfo|x64.ActiveCfg = RelWithDebInfo|x64
		{28D5B11C-79E0-3E62-AF2A-763B078637E0}.Debug|x64.ActiveCfg = Debug|x64
		{28D5B11C-79E0-3E62-AF2A-763B078637E0}.Debug|x64.Build.0 = Debug|x64
		{28D5B11C-79E0-3E62-AF2A-763B078637E0}.Release|x64.ActiveCfg = Release|x64
		{28D5B11C-79E0-3E62-AF2A-763B078637E0}.Release|x64.Build.0 = Release|x64
		{28D5B11C-79E0-3E62-AF2A-763B078637E0}.MinSizeRel|x64.ActiveCfg = MinSizeRel|x64
		{28D5B11C-79E0-3E62-AF2A-763B078637E0}.MinSizeRel|x64.Build.0 = MinSizeRel|x64
		{28D5B11C-79E0-3E62-AF2A-763B078637E0}.RelWithDebInfo|x64.ActiveCfg = RelWithDebInfo|x64
		{28D5B11C-79E0-3E62-AF2A-763B078637E0}.RelWithDebInfo|x64.Build.0 = RelWithDebInfo|x64
		{2221AE82-6C37-374A-963A-AD3C33D3F0F0}.Debug|x64.ActiveCfg = Debug|x64
		{2221AE82-6C37-374A-963A-AD3C33D3F0F0}.Debug|x64.Build.0 = Debug|x64
		{2221AE82-6C37-374A-963A-AD3C33D3F0F0}.Release|x64.ActiveCfg = Release|x64
		{2221AE82-6C37-374A-963A-AD3C33D3F0F0}.Release|x64.Build.0 = Release|x64
		{2221AE82-6C37-374A-963A-AD3C33D3F0F0}.MinSizeRel|x64.ActiveCfg = MinSizeRel|x64
		{2221AE82-6C37-374A-963A-AD3C33D3F0F0}.MinSizeRel|x64.Build.0 = MinSizeRel|x64
		{2221AE82-6C37-374A-963A-AD3C33D3F0F0}.RelWithDebInfo|x64.ActiveCfg = RelWithDebInfo|x64
		{2221AE82-6C37-374A-963A-AD3C33D3F0F0}.RelWithDebInfo|x64.Build.0 = RelWithDebInfo|x64
		{FDE6B9C6-6B84-3AA1-AE40-EC2405C71C5E}.Debug|x64.ActiveCfg = Debug|x64
		{FDE6B9C6-6B84-3AA1-AE40-EC2405C71C5E}.Debug|x64.Build.0 = Debug|x64
		{FDE6B9C6-6B84-3AA1-AE40-EC2405C71C5E}.Release|x64.ActiveCfg = Release|x64
		{FDE6B9C6-6B84-3AA1-AE40-EC2405C71C5E}.Release|x64.Build.0 = Release|x64
		{FDE6B9C6-6B84-3AA1-AE40-EC2405C71C5E}.MinSizeRel|x64.ActiveCfg = MinSizeRel|x64
		{FDE6B9C6-6B84-3AA1-AE40-EC2405C71C5E}.MinSizeRel|x64.Build.0 = MinSizeRel|x64
		{FDE6B9C6-6B84-3AA1-AE40-EC2405C71C5E}.RelWithDebInfo|x64.ActiveCfg = RelWithDebInfo|x64
		{FDE6B9C6-6B84-3AA1-AE40-EC2405C71C5E}.RelWithDebInfo|x64.Build.0 = RelWithDebInfo|x64
		{38A9D70F-31B9-34F7-A91C-B4CA597D4308}.Debug|x64.ActiveCfg = Debug|x64
		{38A9D70F-31B9-34F7-A91C-B4CA597D4308}.Debug|x64.Build.0 = Debug|x64
		{38A9D70F-31B9-34F7-A91C-B4CA597D4308}.Release|x64.ActiveCfg = Release|x64
		{38A9D70F-31B9-34F7-A91C-B4CA597D4308}.Release|x64.Build.0 = Release|x64
		{38A9D70F-31B9-34F7-A91C-B4CA597D4308}.MinSizeRel|x64.ActiveCfg = MinSizeRel|x64
		{38A9D70F-31B9-34F7-A91C-B4CA597D4308}.MinSizeRel|x64.Build.0 = MinSizeRel|x64
		{38A9D70F-31B9-34F7-A91C-B4CA597D4308}.RelWithDebInfo|x64.ActiveCfg = RelWithDebInfo|x64
		{38A9D70F-31B9-34F7-A91C-B4CA597D4308}.RelWithDebInfo|x64.Build.0 = RelWithDebInfo|x64
		{3BEFE530-16CE-3092-9121-CF616ADAA0F1}.Debug|x64.ActiveCfg = Debug|x64
		{3BEFE530-16CE-3092-9121-CF616ADAA0F1}.Release|x64.ActiveCfg = Release|x64
		{3BEFE530-16CE-3092-9121-CF616ADAA0F1}.MinSizeRel|x64.ActiveCfg = MinSizeRel|x64
		{3BEFE530-16CE-3092-9121-CF616ADAA0F1}.RelWithDebInfo|x64.ActiveCfg = RelWithDebInfo|x64
		{CDE70F39-1AD4-3AA8-BCC3-903C8716D08A}.Debug|x64.ActiveCfg = Debug|x64
		{CDE70F39-1AD4-3AA8-BCC3-903C8716D08A}.Release|x64.ActiveCfg = Release|x64
		{CDE70F39-1AD4-3AA8-BCC3-903C8716D08A}.MinSizeRel|x64.ActiveCfg = MinSizeRel|x64
		{CDE70F39-1AD4-3AA8-BCC3-903C8716D08A}.RelWithDebInfo|x64.ActiveCfg = RelWithDebInfo|x64
		{C4CA0BE8-BA5C-3C03-9944-AF3CFD4E0B43}.Debug|x64.ActiveCfg = Debug|x64
		{C4CA0BE8-BA5C-3C03-9944-AF3CFD4E0B43}.Debug|x64.Build.0 = Debug|x64
		{C4CA0BE8-BA5C-3C03-9944-AF3CFD4E0B43}.Release|x64.ActiveCfg = Release|x64
		{C4CA0BE8-BA5C-3C03-9944-AF3CFD4E0B43}.Release|x64.Build.0 = Release|x64
		{C4CA0BE8-BA5C-3C03-9944-AF3CFD4E0B43}.MinSizeRel|x64.ActiveCfg = MinSizeRel|x64
		{C4CA0BE8-BA5C-3C03-9944-AF3CFD4E0B43}.MinSizeRel|x64.Build.0 = MinSizeRel|x64
		{C4CA0BE8-BA5C-3C03-9944-AF3CFD4E0B43}.RelWithDebInfo|x64.ActiveCfg = RelWithDebInfo|x64
		{C4CA0BE8-BA5C-3C03-9944-AF3CFD4E0B43}.RelWithDebInfo|x64.Build.0 = RelWithDebInfo|x64
	EndGlobalSection
	GlobalSection(ExtensibilityGlobals) = postSolution
		SolutionGuid = {94A0CC5A-A931-3008-99F5-F60495A31753}
	EndGlobalSection
	GlobalSection(ExtensibilityAddIns) = postSolution
	EndGlobalSection
EndGlobal
