
Microsoft Visual Studio Solution File, Format Version 12.00
# Visual Studio Version 17
Project("{8BC9CEB8-8B4A-11D0-8D11-00A0C91BC942}") = "ALL_BUILD", "ALL_BUILD.vcxproj", "{5C826545-D92A-35ED-8028-6D5F874F3C38}"
	ProjectSection(ProjectDependencies) = postProject
		{227B7A2B-128B-3EFC-8D93-C23E7D78C6EF} = {227B7A2B-128B-3EFC-8D93-C23E7D78C6EF}
		{DA08A778-733A-3005-934D-50C77E8685B2} = {DA08A778-733A-3005-934D-50C77E8685B2}
		{9CFD37FA-9C4D-3334-A151-EB75C6EF0738} = {9CFD37FA-9C4D-3334-A151-EB75C6EF0738}
		{E79C6119-281C-3E49-8228-EB4ACEAFB114} = {E79C6119-281C-3E49-8228-EB4ACEAFB114}
		{47F56916-2181-3428-B41E-1FAC8B90CC10} = {47F56916-2181-3428-B41E-1FAC8B90CC10}
	EndProjectSection
EndProject
Project("{8BC9CEB8-8B4A-11D0-8D11-00A0C91BC942}") = "INSTALL", "INSTALL.vcxproj", "{E8D266DD-8337-3D82-8085-643BB77712CE}"
	ProjectSection(ProjectDependencies) = postProject
		{5C826545-D92A-35ED-8028-6D5F874F3C38} = {5C826545-D92A-35ED-8028-6D5F874F3C38}
		{227B7A2B-128B-3EFC-8D93-C23E7D78C6EF} = {227B7A2B-128B-3EFC-8D93-C23E7D78C6EF}
	EndProjectSection
EndProject
Project("{8BC9CEB8-8B4A-11D0-8D11-00A0C91BC942}") = "RUN_TESTS", "RUN_TESTS.vcxproj", "{FB5CC804-DCA3-338E-B3AC-84FC21914089}"
	ProjectSection(ProjectDependencies) = postProject
		{227B7A2B-128B-3EFC-8D93-C23E7D78C6EF} = {227B7A2B-128B-3EFC-8D93-C23E7D78C6EF}
	EndProjectSection
EndProject
Project("{8BC9CEB8-8B4A-11D0-8D11-00A0C91BC942}") = "ZERO_CHECK", "..\\ZERO_CHECK.vcxproj", "{227B7A2B-128B-3EFC-8D93-C23E7D78C6EF}"
	ProjectSection(ProjectDependencies) = postProject
	EndProjectSection
EndProject
Project("{8BC9CEB8-8B4A-11D0-8D11-00A0C91BC942}") = "dcmdata", "..\dcmdata\libsrc\dcmdata.vcxproj", "{D1FCF2FC-2240-32F9-80C9-1FC470223A4B}"
	ProjectSection(ProjectDependencies) = postProject
		{227B7A2B-128B-3EFC-8D93-C23E7D78C6EF} = {227B7A2B-128B-3EFC-8D93-C23E7D78C6EF}
		{28D5B11C-79E0-3E62-AF2A-763B078637E0} = {28D5B11C-79E0-3E62-AF2A-763B078637E0}
		{2221AE82-6C37-374A-963A-AD3C33D3F0F0} = {2221AE82-6C37-374A-963A-AD3C33D3F0F0}
	EndProjectSection
EndProject
Project("{8BC9CEB8-8B4A-11D0-8D11-00A0C91BC942}") = "dcmimgle", "..\dcmimgle\libsrc\dcmimgle.vcxproj", "{26B25F29-F038-3DA8-AEF8-58DA9615205C}"
	ProjectSection(ProjectDependencies) = postProject
		{227B7A2B-128B-3EFC-8D93-C23E7D78C6EF} = {227B7A2B-128B-3EFC-8D93-C23E7D78C6EF}
		{D1FCF2FC-2240-32F9-80C9-1FC470223A4B} = {D1FCF2FC-2240-32F9-80C9-1FC470223A4B}
		{28D5B11C-79E0-3E62-AF2A-763B078637E0} = {28D5B11C-79E0-3E62-AF2A-763B078637E0}
		{2221AE82-6C37-374A-963A-AD3C33D3F0F0} = {2221AE82-6C37-374A-963A-AD3C33D3F0F0}
	EndProjectSection
EndProject
Project("{8BC9CEB8-8B4A-11D0-8D11-00A0C91BC942}") = "dcmrt", "libsrc\dcmrt.vcxproj", "{DA08A778-733A-3005-934D-50C77E8685B2}"
	ProjectSection(ProjectDependencies) = postProject
		{227B7A2B-128B-3EFC-8D93-C23E7D78C6EF} = {227B7A2B-128B-3EFC-8D93-C23E7D78C6EF}
		{D1FCF2FC-2240-32F9-80C9-1FC470223A4B} = {D1FCF2FC-2240-32F9-80C9-1FC470223A4B}
		{26B25F29-F038-3DA8-AEF8-58DA9615205C} = {26B25F29-F038-3DA8-AEF8-58DA9615205C}
		{28D5B11C-79E0-3E62-AF2A-763B078637E0} = {28D5B11C-79E0-3E62-AF2A-763B078637E0}
		{2221AE82-6C37-374A-963A-AD3C33D3F0F0} = {2221AE82-6C37-374A-963A-AD3C33D3F0F0}
	EndProjectSection
EndProject
Project("{8BC9CEB8-8B4A-11D0-8D11-00A0C91BC942}") = "dcmrt-test-exhaustive", "tests\dcmrt-test-exhaustive.vcxproj", "{A97807CB-E5D9-3A06-84E5-46F6E1C982D9}"
	ProjectSection(ProjectDependencies) = postProject
		{227B7A2B-128B-3EFC-8D93-C23E7D78C6EF} = {227B7A2B-128B-3EFC-8D93-C23E7D78C6EF}
	EndProjectSection
EndProject
Project("{8BC9CEB8-8B4A-11D0-8D11-00A0C91BC942}") = "dcmrt_tests", "tests\dcmrt_tests.vcxproj", "{9CFD37FA-9C4D-3334-A151-EB75C6EF0738}"
	ProjectSection(ProjectDependencies) = postProject
		{227B7A2B-128B-3EFC-8D93-C23E7D78C6EF} = {227B7A2B-128B-3EFC-8D93-C23E7D78C6EF}
		{D1FCF2FC-2240-32F9-80C9-1FC470223A4B} = {D1FCF2FC-2240-32F9-80C9-1FC470223A4B}
		{26B25F29-F038-3DA8-AEF8-58DA9615205C} = {26B25F29-F038-3DA8-AEF8-58DA9615205C}
		{DA08A778-733A-3005-934D-50C77E8685B2} = {DA08A778-733A-3005-934D-50C77E8685B2}
		{28D5B11C-79E0-3E62-AF2A-763B078637E0} = {28D5B11C-79E0-3E62-AF2A-763B078637E0}
		{2221AE82-6C37-374A-963A-AD3C33D3F0F0} = {2221AE82-6C37-374A-963A-AD3C33D3F0F0}
	EndProjectSection
EndProject
Project("{8BC9CEB8-8B4A-11D0-8D11-00A0C91BC942}") = "drtdump", "apps\drtdump.vcxproj", "{E79C6119-281C-3E49-8228-EB4ACEAFB114}"
	ProjectSection(ProjectDependencies) = postProject
		{227B7A2B-128B-3EFC-8D93-C23E7D78C6EF} = {227B7A2B-128B-3EFC-8D93-C23E7D78C6EF}
		{D1FCF2FC-2240-32F9-80C9-1FC470223A4B} = {D1FCF2FC-2240-32F9-80C9-1FC470223A4B}
		{26B25F29-F038-3DA8-AEF8-58DA9615205C} = {26B25F29-F038-3DA8-AEF8-58DA9615205C}
		{DA08A778-733A-3005-934D-50C77E8685B2} = {DA08A778-733A-3005-934D-50C77E8685B2}
		{28D5B11C-79E0-3E62-AF2A-763B078637E0} = {28D5B11C-79E0-3E62-AF2A-763B078637E0}
		{2221AE82-6C37-374A-963A-AD3C33D3F0F0} = {2221AE82-6C37-374A-963A-AD3C33D3F0F0}
	EndProjectSection
EndProject
Project("{8BC9CEB8-8B4A-11D0-8D11-00A0C91BC942}") = "drttest", "tests\drttest.vcxproj", "{47F56916-2181-3428-B41E-1FAC8B90CC10}"
	ProjectSection(ProjectDependencies) = postProject
		{227B7A2B-128B-3EFC-8D93-C23E7D78C6EF} = {227B7A2B-128B-3EFC-8D93-C23E7D78C6EF}
		{D1FCF2FC-2240-32F9-80C9-1FC470223A4B} = {D1FCF2FC-2240-32F9-80C9-1FC470223A4B}
		{26B25F29-F038-3DA8-AEF8-58DA9615205C} = {26B25F29-F038-3DA8-AEF8-58DA9615205C}
		{DA08A778-733A-3005-934D-50C77E8685B2} = {DA08A778-733A-3005-934D-50C77E8685B2}
		{28D5B11C-79E0-3E62-AF2A-763B078637E0} = {28D5B11C-79E0-3E62-AF2A-763B078637E0}
		{2221AE82-6C37-374A-963A-AD3C33D3F0F0} = {2221AE82-6C37-374A-963A-AD3C33D3F0F0}
	EndProjectSection
EndProject
Project("{8BC9CEB8-8B4A-11D0-8D11-00A0C91BC942}") = "oflog", "..\oflog\libsrc\oflog.vcxproj", "{28D5B11C-79E0-3E62-AF2A-763B078637E0}"
	ProjectSection(ProjectDependencies) = postProject
		{227B7A2B-128B-3EFC-8D93-C23E7D78C6EF} = {227B7A2B-128B-3EFC-8D93-C23E7D78C6EF}
		{2221AE82-6C37-374A-963A-AD3C33D3F0F0} = {2221AE82-6C37-374A-963A-AD3C33D3F0F0}
	EndProjectSection
EndProject
Project("{8BC9CEB8-8B4A-11D0-8D11-00A0C91BC942}") = "ofstd", "..\ofstd\libsrc\ofstd.vcxproj", "{2221AE82-6C37-374A-963A-AD3C33D3F0F0}"
	ProjectSection(ProjectDependencies) = postProject
		{227B7A2B-128B-3EFC-8D93-C23E7D78C6EF} = {227B7A2B-128B-3EFC-8D93-C23E7D78C6EF}
	EndProjectSection
EndProject
Global
	GlobalSection(SolutionConfigurationPlatforms) = preSolution
		Debug|x64 = Debug|x64
		Release|x64 = Release|x64
		MinSizeRel|x64 = MinSizeRel|x64
		RelWithDebInfo|x64 = RelWithDebInfo|x64
	EndGlobalSection
	GlobalSection(ProjectConfigurationPlatforms) = postSolution
		{5C826545-D92A-35ED-8028-6D5F874F3C38}.Debug|x64.ActiveCfg = Debug|x64
		{5C826545-D92A-35ED-8028-6D5F874F3C38}.Debug|x64.Build.0 = Debug|x64
		{5C826545-D92A-35ED-8028-6D5F874F3C38}.Release|x64.ActiveCfg = Release|x64
		{5C826545-D92A-35ED-8028-6D5F874F3C38}.Release|x64.Build.0 = Release|x64
		{5C826545-D92A-35ED-8028-6D5F874F3C38}.MinSizeRel|x64.ActiveCfg = MinSizeRel|x64
		{5C826545-D92A-35ED-8028-6D5F874F3C38}.MinSizeRel|x64.Build.0 = MinSizeRel|x64
		{5C826545-D92A-35ED-8028-6D5F874F3C38}.RelWithDebInfo|x64.ActiveCfg = RelWithDebInfo|x64
		{5C826545-D92A-35ED-8028-6D5F874F3C38}.RelWithDebInfo|x64.Build.0 = RelWithDebInfo|x64
		{E8D266DD-8337-3D82-8085-643BB77712CE}.Debug|x64.ActiveCfg = Debug|x64
		{E8D266DD-8337-3D82-8085-643BB77712CE}.Release|x64.ActiveCfg = Release|x64
		{E8D266DD-8337-3D82-8085-643BB77712CE}.MinSizeRel|x64.ActiveCfg = MinSizeRel|x64
		{E8D266DD-8337-3D82-8085-643BB77712CE}.RelWithDebInfo|x64.ActiveCfg = RelWithDebInfo|x64
		{FB5CC804-DCA3-338E-B3AC-84FC21914089}.Debug|x64.ActiveCfg = Debug|x64
		{FB5CC804-DCA3-338E-B3AC-84FC21914089}.Release|x64.ActiveCfg = Release|x64
		{FB5CC804-DCA3-338E-B3AC-84FC21914089}.MinSizeRel|x64.ActiveCfg = MinSizeRel|x64
		{FB5CC804-DCA3-338E-B3AC-84FC21914089}.RelWithDebInfo|x64.ActiveCfg = RelWithDebInfo|x64
		{227B7A2B-128B-3EFC-8D93-C23E7D78C6EF}.Debug|x64.ActiveCfg = Debug|x64
		{227B7A2B-128B-3EFC-8D93-C23E7D78C6EF}.Debug|x64.Build.0 = Debug|x64
		{227B7A2B-128B-3EFC-8D93-C23E7D78C6EF}.Release|x64.ActiveCfg = Release|x64
		{227B7A2B-128B-3EFC-8D93-C23E7D78C6EF}.Release|x64.Build.0 = Release|x64
		{227B7A2B-128B-3EFC-8D93-C23E7D78C6EF}.MinSizeRel|x64.ActiveCfg = MinSizeRel|x64
		{227B7A2B-128B-3EFC-8D93-C23E7D78C6EF}.MinSizeRel|x64.Build.0 = MinSizeRel|x64
		{227B7A2B-128B-3EFC-8D93-C23E7D78C6EF}.RelWithDebInfo|x64.ActiveCfg = RelWithDebInfo|x64
		{227B7A2B-128B-3EFC-8D93-C23E7D78C6EF}.RelWithDebInfo|x64.Build.0 = RelWithDebInfo|x64
		{D1FCF2FC-2240-32F9-80C9-1FC470223A4B}.Debug|x64.ActiveCfg = Debug|x64
		{D1FCF2FC-2240-32F9-80C9-1FC470223A4B}.Debug|x64.Build.0 = Debug|x64
		{D1FCF2FC-2240-32F9-80C9-1FC470223A4B}.Release|x64.ActiveCfg = Release|x64
		{D1FCF2FC-2240-32F9-80C9-1FC470223A4B}.Release|x64.Build.0 = Release|x64
		{D1FCF2FC-2240-32F9-80C9-1FC470223A4B}.MinSizeRel|x64.ActiveCfg = MinSizeRel|x64
		{D1FCF2FC-2240-32F9-80C9-1FC470223A4B}.MinSizeRel|x64.Build.0 = MinSizeRel|x64
		{D1FCF2FC-2240-32F9-80C9-1FC470223A4B}.RelWithDebInfo|x64.ActiveCfg = RelWithDebInfo|x64
		{D1FCF2FC-2240-32F9-80C9-1FC470223A4B}.RelWithDebInfo|x64.Build.0 = RelWithDebInfo|x64
		{26B25F29-F038-3DA8-AEF8-58DA9615205C}.Debug|x64.ActiveCfg = Debug|x64
		{26B25F29-F038-3DA8-AEF8-58DA9615205C}.Debug|x64.Build.0 = Debug|x64
		{26B25F29-F038-3DA8-AEF8-58DA9615205C}.Release|x64.ActiveCfg = Release|x64
		{26B25F29-F038-3DA8-AEF8-58DA9615205C}.Release|x64.Build.0 = Release|x64
		{26B25F29-F038-3DA8-AEF8-58DA9615205C}.MinSizeRel|x64.ActiveCfg = MinSizeRel|x64
		{26B25F29-F038-3DA8-AEF8-58DA9615205C}.MinSizeRel|x64.Build.0 = MinSizeRel|x64
		{26B25F29-F038-3DA8-AEF8-58DA9615205C}.RelWithDebInfo|x64.ActiveCfg = RelWithDebInfo|x64
		{26B25F29-F038-3DA8-AEF8-58DA9615205C}.RelWithDebInfo|x64.Build.0 = RelWithDebInfo|x64
		{DA08A778-733A-3005-934D-50C77E8685B2}.Debug|x64.ActiveCfg = Debug|x64
		{DA08A778-733A-3005-934D-50C77E8685B2}.Debug|x64.Build.0 = Debug|x64
		{DA08A778-733A-3005-934D-50C77E8685B2}.Release|x64.ActiveCfg = Release|x64
		{DA08A778-733A-3005-934D-50C77E8685B2}.Release|x64.Build.0 = Release|x64
		{DA08A778-733A-3005-934D-50C77E8685B2}.MinSizeRel|x64.ActiveCfg = MinSizeRel|x64
		{DA08A778-733A-3005-934D-50C77E8685B2}.MinSizeRel|x64.Build.0 = MinSizeRel|x64
		{DA08A778-733A-3005-934D-50C77E8685B2}.RelWithDebInfo|x64.ActiveCfg = RelWithDebInfo|x64
		{DA08A778-733A-3005-934D-50C77E8685B2}.RelWithDebInfo|x64.Build.0 = RelWithDebInfo|x64
		{A97807CB-E5D9-3A06-84E5-46F6E1C982D9}.Debug|x64.ActiveCfg = Debug|x64
		{A97807CB-E5D9-3A06-84E5-46F6E1C982D9}.Release|x64.ActiveCfg = Release|x64
		{A97807CB-E5D9-3A06-84E5-46F6E1C982D9}.MinSizeRel|x64.ActiveCfg = MinSizeRel|x64
		{A97807CB-E5D9-3A06-84E5-46F6E1C982D9}.RelWithDebInfo|x64.ActiveCfg = RelWithDebInfo|x64
		{9CFD37FA-9C4D-3334-A151-EB75C6EF0738}.Debug|x64.ActiveCfg = Debug|x64
		{9CFD37FA-9C4D-3334-A151-EB75C6EF0738}.Debug|x64.Build.0 = Debug|x64
		{9CFD37FA-9C4D-3334-A151-EB75C6EF0738}.Release|x64.ActiveCfg = Release|x64
		{9CFD37FA-9C4D-3334-A151-EB75C6EF0738}.Release|x64.Build.0 = Release|x64
		{9CFD37FA-9C4D-3334-A151-EB75C6EF0738}.MinSizeRel|x64.ActiveCfg = MinSizeRel|x64
		{9CFD37FA-9C4D-3334-A151-EB75C6EF0738}.MinSizeRel|x64.Build.0 = MinSizeRel|x64
		{9CFD37FA-9C4D-3334-A151-EB75C6EF0738}.RelWithDebInfo|x64.ActiveCfg = RelWithDebInfo|x64
		{9CFD37FA-9C4D-3334-A151-EB75C6EF0738}.RelWithDebInfo|x64.Build.0 = RelWithDebInfo|x64
		{E79C6119-281C-3E49-8228-EB4ACEAFB114}.Debug|x64.ActiveCfg = Debug|x64
		{E79C6119-281C-3E49-8228-EB4ACEAFB114}.Debug|x64.Build.0 = Debug|x64
		{E79C6119-281C-3E49-8228-EB4ACEAFB114}.Release|x64.ActiveCfg = Release|x64
		{E79C6119-281C-3E49-8228-EB4ACEAFB114}.Release|x64.Build.0 = Release|x64
		{E79C6119-281C-3E49-8228-EB4ACEAFB114}.MinSizeRel|x64.ActiveCfg = MinSizeRel|x64
		{E79C6119-281C-3E49-8228-EB4ACEAFB114}.MinSizeRel|x64.Build.0 = MinSizeRel|x64
		{E79C6119-281C-3E49-8228-EB4ACEAFB114}.RelWithDebInfo|x64.ActiveCfg = RelWithDebInfo|x64
		{E79C6119-281C-3E49-8228-EB4ACEAFB114}.RelWithDebInfo|x64.Build.0 = RelWithDebInfo|x64
		{47F56916-2181-3428-B41E-1FAC8B90CC10}.Debug|x64.ActiveCfg = Debug|x64
		{47F56916-2181-3428-B41E-1FAC8B90CC10}.Debug|x64.Build.0 = Debug|x64
		{47F56916-2181-3428-B41E-1FAC8B90CC10}.Release|x64.ActiveCfg = Release|x64
		{47F56916-2181-3428-B41E-1FAC8B90CC10}.Release|x64.Build.0 = Release|x64
		{47F56916-2181-3428-B41E-1FAC8B90CC10}.MinSizeRel|x64.ActiveCfg = MinSizeRel|x64
		{47F56916-2181-3428-B41E-1FAC8B90CC10}.MinSizeRel|x64.Build.0 = MinSizeRel|x64
		{47F56916-2181-3428-B41E-1FAC8B90CC10}.RelWithDebInfo|x64.ActiveCfg = RelWithDebInfo|x64
		{47F56916-2181-3428-B41E-1FAC8B90CC10}.RelWithDebInfo|x64.Build.0 = RelWithDebInfo|x64
		{28D5B11C-79E0-3E62-AF2A-763B078637E0}.Debug|x64.ActiveCfg = Debug|x64
		{28D5B11C-79E0-3E62-AF2A-763B078637E0}.Debug|x64.Build.0 = Debug|x64
		{28D5B11C-79E0-3E62-AF2A-763B078637E0}.Release|x64.ActiveCfg = Release|x64
		{28D5B11C-79E0-3E62-AF2A-763B078637E0}.Release|x64.Build.0 = Release|x64
		{28D5B11C-79E0-3E62-AF2A-763B078637E0}.MinSizeRel|x64.ActiveCfg = MinSizeRel|x64
		{28D5B11C-79E0-3E62-AF2A-763B078637E0}.MinSizeRel|x64.Build.0 = MinSizeRel|x64
		{28D5B11C-79E0-3E62-AF2A-763B078637E0}.RelWithDebInfo|x64.ActiveCfg = RelWithDebInfo|x64
		{28D5B11C-79E0-3E62-AF2A-763B078637E0}.RelWithDebInfo|x64.Build.0 = RelWithDebInfo|x64
		{2221AE82-6C37-374A-963A-AD3C33D3F0F0}.Debug|x64.ActiveCfg = Debug|x64
		{2221AE82-6C37-374A-963A-AD3C33D3F0F0}.Debug|x64.Build.0 = Debug|x64
		{2221AE82-6C37-374A-963A-AD3C33D3F0F0}.Release|x64.ActiveCfg = Release|x64
		{2221AE82-6C37-374A-963A-AD3C33D3F0F0}.Release|x64.Build.0 = Release|x64
		{2221AE82-6C37-374A-963A-AD3C33D3F0F0}.MinSizeRel|x64.ActiveCfg = MinSizeRel|x64
		{2221AE82-6C37-374A-963A-AD3C33D3F0F0}.MinSizeRel|x64.Build.0 = MinSizeRel|x64
		{2221AE82-6C37-374A-963A-AD3C33D3F0F0}.RelWithDebInfo|x64.ActiveCfg = RelWithDebInfo|x64
		{2221AE82-6C37-374A-963A-AD3C33D3F0F0}.RelWithDebInfo|x64.Build.0 = RelWithDebInfo|x64
	EndGlobalSection
	GlobalSection(ExtensibilityGlobals) = postSolution
		SolutionGuid = {F0390269-188E-3C7C-88B4-E86A0981FF1A}
	EndGlobalSection
	GlobalSection(ExtensibilityAddIns) = postSolution
	EndGlobalSection
EndGlobal
