
Microsoft Visual Studio Solution File, Format Version 12.00
# Visual Studio Version 17
Project("{8BC9CEB8-8B4A-11D0-8D11-00A0C91BC942}") = "ALL_BUILD", "ALL_BUILD.vcxproj", "{5C826545-D92A-35ED-8028-6D5F874F3C38}"
	ProjectSection(ProjectDependencies) = postProject
		{227B7A2B-128B-3EFC-8D93-C23E7D78C6EF} = {227B7A2B-128B-3EFC-8D93-C23E7D78C6EF}
		{9657DE96-DCB6-3674-93D5-569817F12DB8} = {9657DE96-DCB6-3674-93D5-569817F12DB8}
	EndProjectSection
EndProject
Project("{8BC9CEB8-8B4A-11D0-8D11-00A0C91BC942}") = "INSTALL", "INSTALL.vcxproj", "{E8D266DD-8337-3D82-8085-643BB77712CE}"
	ProjectSection(ProjectDependencies) = postProject
		{5C826545-D92A-35ED-8028-6D5F874F3C38} = {5C826545-D92A-35ED-8028-6D5F874F3C38}
		{227B7A2B-128B-3EFC-8D93-C23E7D78C6EF} = {227B7A2B-128B-3EFC-8D93-C23E7D78C6EF}
	EndProjectSection
EndProject
Project("{8BC9CEB8-8B4A-11D0-8D11-00A0C91BC942}") = "RUN_TESTS", "RUN_TESTS.vcxproj", "{FB5CC804-DCA3-338E-B3AC-84FC21914089}"
	ProjectSection(ProjectDependencies) = postProject
		{227B7A2B-128B-3EFC-8D93-C23E7D78C6EF} = {227B7A2B-128B-3EFC-8D93-C23E7D78C6EF}
	EndProjectSection
EndProject
Project("{8BC9CEB8-8B4A-11D0-8D11-00A0C91BC942}") = "ZERO_CHECK", "..\\ZERO_CHECK.vcxproj", "{227B7A2B-128B-3EFC-8D93-C23E7D78C6EF}"
	ProjectSection(ProjectDependencies) = postProject
	EndProjectSection
EndProject
Project("{8BC9CEB8-8B4A-11D0-8D11-00A0C91BC942}") = "dcmdata", "..\dcmdata\libsrc\dcmdata.vcxproj", "{D1FCF2FC-2240-32F9-80C9-1FC470223A4B}"
	ProjectSection(ProjectDependencies) = postProject
		{227B7A2B-128B-3EFC-8D93-C23E7D78C6EF} = {227B7A2B-128B-3EFC-8D93-C23E7D78C6EF}
		{28D5B11C-79E0-3E62-AF2A-763B078637E0} = {28D5B11C-79E0-3E62-AF2A-763B078637E0}
		{2221AE82-6C37-374A-963A-AD3C33D3F0F0} = {2221AE82-6C37-374A-963A-AD3C33D3F0F0}
	EndProjectSection
EndProject
Project("{8BC9CEB8-8B4A-11D0-8D11-00A0C91BC942}") = "dcmfg", "..\dcmfg\libsrc\dcmfg.vcxproj", "{16181AD6-95C4-3D04-8145-C72F76B99140}"
	ProjectSection(ProjectDependencies) = postProject
		{227B7A2B-128B-3EFC-8D93-C23E7D78C6EF} = {227B7A2B-128B-3EFC-8D93-C23E7D78C6EF}
		{D1FCF2FC-2240-32F9-80C9-1FC470223A4B} = {D1FCF2FC-2240-32F9-80C9-1FC470223A4B}
		{045CBDBD-57AA-3E22-8A95-B2028FB432D7} = {045CBDBD-57AA-3E22-8A95-B2028FB432D7}
		{28D5B11C-79E0-3E62-AF2A-763B078637E0} = {28D5B11C-79E0-3E62-AF2A-763B078637E0}
		{2221AE82-6C37-374A-963A-AD3C33D3F0F0} = {2221AE82-6C37-374A-963A-AD3C33D3F0F0}
	EndProjectSection
EndProject
Project("{8BC9CEB8-8B4A-11D0-8D11-00A0C91BC942}") = "dcmiod", "..\dcmiod\libsrc\dcmiod.vcxproj", "{045CBDBD-57AA-3E22-8A95-B2028FB432D7}"
	ProjectSection(ProjectDependencies) = postProject
		{227B7A2B-128B-3EFC-8D93-C23E7D78C6EF} = {227B7A2B-128B-3EFC-8D93-C23E7D78C6EF}
		{D1FCF2FC-2240-32F9-80C9-1FC470223A4B} = {D1FCF2FC-2240-32F9-80C9-1FC470223A4B}
		{28D5B11C-79E0-3E62-AF2A-763B078637E0} = {28D5B11C-79E0-3E62-AF2A-763B078637E0}
		{2221AE82-6C37-374A-963A-AD3C33D3F0F0} = {2221AE82-6C37-374A-963A-AD3C33D3F0F0}
	EndProjectSection
EndProject
Project("{8BC9CEB8-8B4A-11D0-8D11-00A0C91BC942}") = "dcmpmap", "libsrc\dcmpmap.vcxproj", "{9657DE96-DCB6-3674-93D5-569817F12DB8}"
	ProjectSection(ProjectDependencies) = postProject
		{227B7A2B-128B-3EFC-8D93-C23E7D78C6EF} = {227B7A2B-128B-3EFC-8D93-C23E7D78C6EF}
		{D1FCF2FC-2240-32F9-80C9-1FC470223A4B} = {D1FCF2FC-2240-32F9-80C9-1FC470223A4B}
		{16181AD6-95C4-3D04-8145-C72F76B99140} = {16181AD6-95C4-3D04-8145-C72F76B99140}
		{045CBDBD-57AA-3E22-8A95-B2028FB432D7} = {045CBDBD-57AA-3E22-8A95-B2028FB432D7}
		{28D5B11C-79E0-3E62-AF2A-763B078637E0} = {28D5B11C-79E0-3E62-AF2A-763B078637E0}
		{2221AE82-6C37-374A-963A-AD3C33D3F0F0} = {2221AE82-6C37-374A-963A-AD3C33D3F0F0}
	EndProjectSection
EndProject
Project("{8BC9CEB8-8B4A-11D0-8D11-00A0C91BC942}") = "oflog", "..\oflog\libsrc\oflog.vcxproj", "{28D5B11C-79E0-3E62-AF2A-763B078637E0}"
	ProjectSection(ProjectDependencies) = postProject
		{227B7A2B-128B-3EFC-8D93-C23E7D78C6EF} = {227B7A2B-128B-3EFC-8D93-C23E7D78C6EF}
		{2221AE82-6C37-374A-963A-AD3C33D3F0F0} = {2221AE82-6C37-374A-963A-AD3C33D3F0F0}
	EndProjectSection
EndProject
Project("{8BC9CEB8-8B4A-11D0-8D11-00A0C91BC942}") = "ofstd", "..\ofstd\libsrc\ofstd.vcxproj", "{2221AE82-6C37-374A-963A-AD3C33D3F0F0}"
	ProjectSection(ProjectDependencies) = postProject
		{227B7A2B-128B-3EFC-8D93-C23E7D78C6EF} = {227B7A2B-128B-3EFC-8D93-C23E7D78C6EF}
	EndProjectSection
EndProject
Global
	GlobalSection(SolutionConfigurationPlatforms) = preSolution
		Debug|x64 = Debug|x64
		Release|x64 = Release|x64
		MinSizeRel|x64 = MinSizeRel|x64
		RelWithDebInfo|x64 = RelWithDebInfo|x64
	EndGlobalSection
	GlobalSection(ProjectConfigurationPlatforms) = postSolution
		{5C826545-D92A-35ED-8028-6D5F874F3C38}.Debug|x64.ActiveCfg = Debug|x64
		{5C826545-D92A-35ED-8028-6D5F874F3C38}.Debug|x64.Build.0 = Debug|x64
		{5C826545-D92A-35ED-8028-6D5F874F3C38}.Release|x64.ActiveCfg = Release|x64
		{5C826545-D92A-35ED-8028-6D5F874F3C38}.Release|x64.Build.0 = Release|x64
		{5C826545-D92A-35ED-8028-6D5F874F3C38}.MinSizeRel|x64.ActiveCfg = MinSizeRel|x64
		{5C826545-D92A-35ED-8028-6D5F874F3C38}.MinSizeRel|x64.Build.0 = MinSizeRel|x64
		{5C826545-D92A-35ED-8028-6D5F874F3C38}.RelWithDebInfo|x64.ActiveCfg = RelWithDebInfo|x64
		{5C826545-D92A-35ED-8028-6D5F874F3C38}.RelWithDebInfo|x64.Build.0 = RelWithDebInfo|x64
		{E8D266DD-8337-3D82-8085-643BB77712CE}.Debug|x64.ActiveCfg = Debug|x64
		{E8D266DD-8337-3D82-8085-643BB77712CE}.Release|x64.ActiveCfg = Release|x64
		{E8D266DD-8337-3D82-8085-643BB77712CE}.MinSizeRel|x64.ActiveCfg = MinSizeRel|x64
		{E8D266DD-8337-3D82-8085-643BB77712CE}.RelWithDebInfo|x64.ActiveCfg = RelWithDebInfo|x64
		{FB5CC804-DCA3-338E-B3AC-84FC21914089}.Debug|x64.ActiveCfg = Debug|x64
		{FB5CC804-DCA3-338E-B3AC-84FC21914089}.Release|x64.ActiveCfg = Release|x64
		{FB5CC804-DCA3-338E-B3AC-84FC21914089}.MinSizeRel|x64.ActiveCfg = MinSizeRel|x64
		{FB5CC804-DCA3-338E-B3AC-84FC21914089}.RelWithDebInfo|x64.ActiveCfg = RelWithDebInfo|x64
		{227B7A2B-128B-3EFC-8D93-C23E7D78C6EF}.Debug|x64.ActiveCfg = Debug|x64
		{227B7A2B-128B-3EFC-8D93-C23E7D78C6EF}.Debug|x64.Build.0 = Debug|x64
		{227B7A2B-128B-3EFC-8D93-C23E7D78C6EF}.Release|x64.ActiveCfg = Release|x64
		{227B7A2B-128B-3EFC-8D93-C23E7D78C6EF}.Release|x64.Build.0 = Release|x64
		{227B7A2B-128B-3EFC-8D93-C23E7D78C6EF}.MinSizeRel|x64.ActiveCfg = MinSizeRel|x64
		{227B7A2B-128B-3EFC-8D93-C23E7D78C6EF}.MinSizeRel|x64.Build.0 = MinSizeRel|x64
		{227B7A2B-128B-3EFC-8D93-C23E7D78C6EF}.RelWithDebInfo|x64.ActiveCfg = RelWithDebInfo|x64
		{227B7A2B-128B-3EFC-8D93-C23E7D78C6EF}.RelWithDebInfo|x64.Build.0 = RelWithDebInfo|x64
		{D1FCF2FC-2240-32F9-80C9-1FC470223A4B}.Debug|x64.ActiveCfg = Debug|x64
		{D1FCF2FC-2240-32F9-80C9-1FC470223A4B}.Debug|x64.Build.0 = Debug|x64
		{D1FCF2FC-2240-32F9-80C9-1FC470223A4B}.Release|x64.ActiveCfg = Release|x64
		{D1FCF2FC-2240-32F9-80C9-1FC470223A4B}.Release|x64.Build.0 = Release|x64
		{D1FCF2FC-2240-32F9-80C9-1FC470223A4B}.MinSizeRel|x64.ActiveCfg = MinSizeRel|x64
		{D1FCF2FC-2240-32F9-80C9-1FC470223A4B}.MinSizeRel|x64.Build.0 = MinSizeRel|x64
		{D1FCF2FC-2240-32F9-80C9-1FC470223A4B}.RelWithDebInfo|x64.ActiveCfg = RelWithDebInfo|x64
		{D1FCF2FC-2240-32F9-80C9-1FC470223A4B}.RelWithDebInfo|x64.Build.0 = RelWithDebInfo|x64
		{16181AD6-95C4-3D04-8145-C72F76B99140}.Debug|x64.ActiveCfg = Debug|x64
		{16181AD6-95C4-3D04-8145-C72F76B99140}.Debug|x64.Build.0 = Debug|x64
		{16181AD6-95C4-3D04-8145-C72F76B99140}.Release|x64.ActiveCfg = Release|x64
		{16181AD6-95C4-3D04-8145-C72F76B99140}.Release|x64.Build.0 = Release|x64
		{16181AD6-95C4-3D04-8145-C72F76B99140}.MinSizeRel|x64.ActiveCfg = MinSizeRel|x64
		{16181AD6-95C4-3D04-8145-C72F76B99140}.MinSizeRel|x64.Build.0 = MinSizeRel|x64
		{16181AD6-95C4-3D04-8145-C72F76B99140}.RelWithDebInfo|x64.ActiveCfg = RelWithDebInfo|x64
		{16181AD6-95C4-3D04-8145-C72F76B99140}.RelWithDebInfo|x64.Build.0 = RelWithDebInfo|x64
		{045CBDBD-57AA-3E22-8A95-B2028FB432D7}.Debug|x64.ActiveCfg = Debug|x64
		{045CBDBD-57AA-3E22-8A95-B2028FB432D7}.Debug|x64.Build.0 = Debug|x64
		{045CBDBD-57AA-3E22-8A95-B2028FB432D7}.Release|x64.ActiveCfg = Release|x64
		{045CBDBD-57AA-3E22-8A95-B2028FB432D7}.Release|x64.Build.0 = Release|x64
		{045CBDBD-57AA-3E22-8A95-B2028FB432D7}.MinSizeRel|x64.ActiveCfg = MinSizeRel|x64
		{045CBDBD-57AA-3E22-8A95-B2028FB432D7}.MinSizeRel|x64.Build.0 = MinSizeRel|x64
		{045CBDBD-57AA-3E22-8A95-B2028FB432D7}.RelWithDebInfo|x64.ActiveCfg = RelWithDebInfo|x64
		{045CBDBD-57AA-3E22-8A95-B2028FB432D7}.RelWithDebInfo|x64.Build.0 = RelWithDebInfo|x64
		{9657DE96-DCB6-3674-93D5-569817F12DB8}.Debug|x64.ActiveCfg = Debug|x64
		{9657DE96-DCB6-3674-93D5-569817F12DB8}.Debug|x64.Build.0 = Debug|x64
		{9657DE96-DCB6-3674-93D5-569817F12DB8}.Release|x64.ActiveCfg = Release|x64
		{9657DE96-DCB6-3674-93D5-569817F12DB8}.Release|x64.Build.0 = Release|x64
		{9657DE96-DCB6-3674-93D5-569817F12DB8}.MinSizeRel|x64.ActiveCfg = MinSizeRel|x64
		{9657DE96-DCB6-3674-93D5-569817F12DB8}.MinSizeRel|x64.Build.0 = MinSizeRel|x64
		{9657DE96-DCB6-3674-93D5-569817F12DB8}.RelWithDebInfo|x64.ActiveCfg = RelWithDebInfo|x64
		{9657DE96-DCB6-3674-93D5-569817F12DB8}.RelWithDebInfo|x64.Build.0 = RelWithDebInfo|x64
		{28D5B11C-79E0-3E62-AF2A-763B078637E0}.Debug|x64.ActiveCfg = Debug|x64
		{28D5B11C-79E0-3E62-AF2A-763B078637E0}.Debug|x64.Build.0 = Debug|x64
		{28D5B11C-79E0-3E62-AF2A-763B078637E0}.Release|x64.ActiveCfg = Release|x64
		{28D5B11C-79E0-3E62-AF2A-763B078637E0}.Release|x64.Build.0 = Release|x64
		{28D5B11C-79E0-3E62-AF2A-763B078637E0}.MinSizeRel|x64.ActiveCfg = MinSizeRel|x64
		{28D5B11C-79E0-3E62-AF2A-763B078637E0}.MinSizeRel|x64.Build.0 = MinSizeRel|x64
		{28D5B11C-79E0-3E62-AF2A-763B078637E0}.RelWithDebInfo|x64.ActiveCfg = RelWithDebInfo|x64
		{28D5B11C-79E0-3E62-AF2A-763B078637E0}.RelWithDebInfo|x64.Build.0 = RelWithDebInfo|x64
		{2221AE82-6C37-374A-963A-AD3C33D3F0F0}.Debug|x64.ActiveCfg = Debug|x64
		{2221AE82-6C37-374A-963A-AD3C33D3F0F0}.Debug|x64.Build.0 = Debug|x64
		{2221AE82-6C37-374A-963A-AD3C33D3F0F0}.Release|x64.ActiveCfg = Release|x64
		{2221AE82-6C37-374A-963A-AD3C33D3F0F0}.Release|x64.Build.0 = Release|x64
		{2221AE82-6C37-374A-963A-AD3C33D3F0F0}.MinSizeRel|x64.ActiveCfg = MinSizeRel|x64
		{2221AE82-6C37-374A-963A-AD3C33D3F0F0}.MinSizeRel|x64.Build.0 = MinSizeRel|x64
		{2221AE82-6C37-374A-963A-AD3C33D3F0F0}.RelWithDebInfo|x64.ActiveCfg = RelWithDebInfo|x64
		{2221AE82-6C37-374A-963A-AD3C33D3F0F0}.RelWithDebInfo|x64.Build.0 = RelWithDebInfo|x64
	EndGlobalSection
	GlobalSection(ExtensibilityGlobals) = postSolution
		SolutionGuid = {FCF855BA-63F3-3B28-B50F-AAA410933CDA}
	EndGlobalSection
	GlobalSection(ExtensibilityAddIns) = postSolution
	EndGlobalSection
EndGlobal
