<?xml version="1.0" encoding="utf-8"?>
<Project ToolsVersion="17.0" xmlns="http://schemas.microsoft.com/developer/msbuild/2003">
  <ItemGroup>
    <ClCompile Include="C:\__Dev\dcmtk-3.6.7\ofstd\tests\tests.cc">
      <Filter>Source Files</Filter>
    </ClCompile>
    <ClCompile Include="C:\__Dev\dcmtk-3.6.7\ofstd\tests\tatof.cc">
      <Filter>Source Files</Filter>
    </ClCompile>
    <ClCompile Include="C:\__Dev\dcmtk-3.6.7\ofstd\tests\terror.cc">
      <Filter>Source Files</Filter>
    </ClCompile>
    <ClCompile Include="C:\__Dev\dcmtk-3.6.7\ofstd\tests\tmap.cc">
      <Filter>Source Files</Filter>
    </ClCompile>
    <ClCompile Include="C:\__Dev\dcmtk-3.6.7\ofstd\tests\tvec.cc">
      <Filter>Source Files</Filter>
    </ClCompile>
    <ClCompile Include="C:\__Dev\dcmtk-3.6.7\ofstd\tests\tfilsys.cc">
      <Filter>Source Files</Filter>
    </ClCompile>
    <ClCompile Include="C:\__Dev\dcmtk-3.6.7\ofstd\tests\tftoa.cc">
      <Filter>Source Files</Filter>
    </ClCompile>
    <ClCompile Include="C:\__Dev\dcmtk-3.6.7\ofstd\tests\tthread.cc">
      <Filter>Source Files</Filter>
    </ClCompile>
    <ClCompile Include="C:\__Dev\dcmtk-3.6.7\ofstd\tests\tbase64.cc">
      <Filter>Source Files</Filter>
    </ClCompile>
    <ClCompile Include="C:\__Dev\dcmtk-3.6.7\ofstd\tests\tstring.cc">
      <Filter>Source Files</Filter>
    </ClCompile>
    <ClCompile Include="C:\__Dev\dcmtk-3.6.7\ofstd\tests\tstrutl.cc">
      <Filter>Source Files</Filter>
    </ClCompile>
    <ClCompile Include="C:\__Dev\dcmtk-3.6.7\ofstd\tests\tlist.cc">
      <Filter>Source Files</Filter>
    </ClCompile>
    <ClCompile Include="C:\__Dev\dcmtk-3.6.7\ofstd\tests\tstack.cc">
      <Filter>Source Files</Filter>
    </ClCompile>
    <ClCompile Include="C:\__Dev\dcmtk-3.6.7\ofstd\tests\tofdatim.cc">
      <Filter>Source Files</Filter>
    </ClCompile>
    <ClCompile Include="C:\__Dev\dcmtk-3.6.7\ofstd\tests\tofstd.cc">
      <Filter>Source Files</Filter>
    </ClCompile>
    <ClCompile Include="C:\__Dev\dcmtk-3.6.7\ofstd\tests\tmarkup.cc">
      <Filter>Source Files</Filter>
    </ClCompile>
    <ClCompile Include="C:\__Dev\dcmtk-3.6.7\ofstd\tests\tchrenc.cc">
      <Filter>Source Files</Filter>
    </ClCompile>
    <ClCompile Include="C:\__Dev\dcmtk-3.6.7\ofstd\tests\txml.cc">
      <Filter>Source Files</Filter>
    </ClCompile>
    <ClCompile Include="C:\__Dev\dcmtk-3.6.7\ofstd\tests\tuuid.cc">
      <Filter>Source Files</Filter>
    </ClCompile>
    <ClCompile Include="C:\__Dev\dcmtk-3.6.7\ofstd\tests\toffile.cc">
      <Filter>Source Files</Filter>
    </ClCompile>
    <ClCompile Include="C:\__Dev\dcmtk-3.6.7\ofstd\tests\tmem.cc">
      <Filter>Source Files</Filter>
    </ClCompile>
    <ClCompile Include="C:\__Dev\dcmtk-3.6.7\ofstd\tests\toption.cc">
      <Filter>Source Files</Filter>
    </ClCompile>
    <ClCompile Include="C:\__Dev\dcmtk-3.6.7\ofstd\tests\ttuple.cc">
      <Filter>Source Files</Filter>
    </ClCompile>
    <ClCompile Include="C:\__Dev\dcmtk-3.6.7\ofstd\tests\tlimits.cc">
      <Filter>Source Files</Filter>
    </ClCompile>
    <ClCompile Include="C:\__Dev\dcmtk-3.6.7\ofstd\tests\tvariant.cc">
      <Filter>Source Files</Filter>
    </ClCompile>
  </ItemGroup>
  <ItemGroup>
    <CustomBuild Include="C:\__Dev\dcmtk-3.6.7\ofstd\tests\CMakeLists.txt" />
  </ItemGroup>
  <ItemGroup>
    <Filter Include="Source Files">
      <UniqueIdentifier>{85EB232A-9771-304C-AE04-B167E1ACC351}</UniqueIdentifier>
    </Filter>
  </ItemGroup>
</Project>
