<?xml version="1.0" encoding="utf-8"?>
<Project ToolsVersion="17.0" xmlns="http://schemas.microsoft.com/developer/msbuild/2003">
  <ItemGroup>
    <ClCompile Include="C:\__Dev\dcmtk-3.6.7\dcmsign\libsrc\dcsighlp.cc">
      <Filter>Source Files</Filter>
    </ClCompile>
    <ClCompile Include="C:\__Dev\dcmtk-3.6.7\dcmsign\libsrc\dcsignat.cc">
      <Filter>Source Files</Filter>
    </ClCompile>
    <ClCompile Include="C:\__Dev\dcmtk-3.6.7\dcmsign\libsrc\siautopr.cc">
      <Filter>Source Files</Filter>
    </ClCompile>
    <ClCompile Include="C:\__Dev\dcmtk-3.6.7\dcmsign\libsrc\sibrsapr.cc">
      <Filter>Source Files</Filter>
    </ClCompile>
    <ClCompile Include="C:\__Dev\dcmtk-3.6.7\dcmsign\libsrc\sicert.cc">
      <Filter>Source Files</Filter>
    </ClCompile>
    <ClCompile Include="C:\__Dev\dcmtk-3.6.7\dcmsign\libsrc\sicertvf.cc">
      <Filter>Source Files</Filter>
    </ClCompile>
    <ClCompile Include="C:\__Dev\dcmtk-3.6.7\dcmsign\libsrc\sicreapr.cc">
      <Filter>Source Files</Filter>
    </ClCompile>
    <ClCompile Include="C:\__Dev\dcmtk-3.6.7\dcmsign\libsrc\simaccon.cc">
      <Filter>Source Files</Filter>
    </ClCompile>
    <ClCompile Include="C:\__Dev\dcmtk-3.6.7\dcmsign\libsrc\simdmac.cc">
      <Filter>Source Files</Filter>
    </ClCompile>
    <ClCompile Include="C:\__Dev\dcmtk-3.6.7\dcmsign\libsrc\sinullpr.cc">
      <Filter>Source Files</Filter>
    </ClCompile>
    <ClCompile Include="C:\__Dev\dcmtk-3.6.7\dcmsign\libsrc\sipkey.cc">
      <Filter>Source Files</Filter>
    </ClCompile>
    <ClCompile Include="C:\__Dev\dcmtk-3.6.7\dcmsign\libsrc\siprivat.cc">
      <Filter>Source Files</Filter>
    </ClCompile>
    <ClCompile Include="C:\__Dev\dcmtk-3.6.7\dcmsign\libsrc\sipurpos.cc">
      <Filter>Source Files</Filter>
    </ClCompile>
    <ClCompile Include="C:\__Dev\dcmtk-3.6.7\dcmsign\libsrc\sisprof.cc">
      <Filter>Source Files</Filter>
    </ClCompile>
    <ClCompile Include="C:\__Dev\dcmtk-3.6.7\dcmsign\libsrc\sisrpr.cc">
      <Filter>Source Files</Filter>
    </ClCompile>
    <ClCompile Include="C:\__Dev\dcmtk-3.6.7\dcmsign\libsrc\sisrvpr.cc">
      <Filter>Source Files</Filter>
    </ClCompile>
    <ClCompile Include="C:\__Dev\dcmtk-3.6.7\dcmsign\libsrc\sitsfs.cc">
      <Filter>Source Files</Filter>
    </ClCompile>
    <ClCompile Include="C:\__Dev\dcmtk-3.6.7\dcmsign\libsrc\sitstamp.cc">
      <Filter>Source Files</Filter>
    </ClCompile>
    <ClCompile Include="C:\__Dev\dcmtk-3.6.7\dcmsign\libsrc\sitypes.cc">
      <Filter>Source Files</Filter>
    </ClCompile>
  </ItemGroup>
  <ItemGroup>
    <CustomBuild Include="C:\__Dev\dcmtk-3.6.7\dcmsign\libsrc\CMakeLists.txt" />
  </ItemGroup>
  <ItemGroup>
    <Filter Include="Source Files">
      <UniqueIdentifier>{DDF3EA66-5493-3E94-A53C-15DD1E901486}</UniqueIdentifier>
    </Filter>
  </ItemGroup>
</Project>
