<?xml version="1.0" encoding="utf-8"?>
<Project ToolsVersion="17.0" xmlns="http://schemas.microsoft.com/developer/msbuild/2003">
  <ItemGroup>
    <ClCompile Include="C:\__Dev\dcmtk-3.6.7\dcmsr\apps\xml2dsr.cc">
      <Filter>Source Files</Filter>
    </ClCompile>
  </ItemGroup>
  <ItemGroup>
    <CustomBuild Include="C:\__Dev\dcmtk-3.6.7\dcmsr\apps\CMakeLists.txt" />
  </ItemGroup>
  <ItemGroup>
    <Filter Include="Source Files">
      <UniqueIdentifier>{85EB232A-9771-304C-AE04-B167E1ACC351}</UniqueIdentifier>
    </Filter>
  </ItemGroup>
</Project>
