<?xml version="1.0" encoding="utf-8"?>
<Project ToolsVersion="17.0" xmlns="http://schemas.microsoft.com/developer/msbuild/2003">
  <ItemGroup>
    <CustomBuild Include="C:\__Dev\dcmtk-3.6.7\vs2022\CMakeFiles\2dd38edeebe0eabbf6fe49af3704a11e\RUN_TESTS_force.rule">
      <Filter>CMake Rules</Filter>
    </CustomBuild>
  </ItemGroup>
  <ItemGroup>
    <Filter Include="CMake Rules">
      <UniqueIdentifier>{56874E65-1B3E-373F-B25B-F2CB3901BBFE}</UniqueIdentifier>
    </Filter>
  </ItemGroup>
</Project>
