<?xml version="1.0" encoding="utf-8"?>
<Project ToolsVersion="17.0" xmlns="http://schemas.microsoft.com/developer/msbuild/2003">
  <ItemGroup>
    <ClCompile Include="C:\__Dev\dcmtk-3.6.7\dcmpstat\libsrc\dcmpstat.cc">
      <Filter>Source Files</Filter>
    </ClCompile>
    <ClCompile Include="C:\__Dev\dcmtk-3.6.7\dcmpstat\libsrc\dviface.cc">
      <Filter>Source Files</Filter>
    </ClCompile>
    <ClCompile Include="C:\__Dev\dcmtk-3.6.7\dcmpstat\libsrc\dvpsab.cc">
      <Filter>Source Files</Filter>
    </ClCompile>
    <ClCompile Include="C:\__Dev\dcmtk-3.6.7\dcmpstat\libsrc\dvpsabl.cc">
      <Filter>Source Files</Filter>
    </ClCompile>
    <ClCompile Include="C:\__Dev\dcmtk-3.6.7\dcmpstat\libsrc\dvpsal.cc">
      <Filter>Source Files</Filter>
    </ClCompile>
    <ClCompile Include="C:\__Dev\dcmtk-3.6.7\dcmpstat\libsrc\dvpsall.cc">
      <Filter>Source Files</Filter>
    </ClCompile>
    <ClCompile Include="C:\__Dev\dcmtk-3.6.7\dcmpstat\libsrc\dvpscf.cc">
      <Filter>Source Files</Filter>
    </ClCompile>
    <ClCompile Include="C:\__Dev\dcmtk-3.6.7\dcmpstat\libsrc\dvpscu.cc">
      <Filter>Source Files</Filter>
    </ClCompile>
    <ClCompile Include="C:\__Dev\dcmtk-3.6.7\dcmpstat\libsrc\dvpscul.cc">
      <Filter>Source Files</Filter>
    </ClCompile>
    <ClCompile Include="C:\__Dev\dcmtk-3.6.7\dcmpstat\libsrc\dvpsda.cc">
      <Filter>Source Files</Filter>
    </ClCompile>
    <ClCompile Include="C:\__Dev\dcmtk-3.6.7\dcmpstat\libsrc\dvpsdal.cc">
      <Filter>Source Files</Filter>
    </ClCompile>
    <ClCompile Include="C:\__Dev\dcmtk-3.6.7\dcmpstat\libsrc\dvpsfs.cc">
      <Filter>Source Files</Filter>
    </ClCompile>
    <ClCompile Include="C:\__Dev\dcmtk-3.6.7\dcmpstat\libsrc\dvpsga.cc">
      <Filter>Source Files</Filter>
    </ClCompile>
    <ClCompile Include="C:\__Dev\dcmtk-3.6.7\dcmpstat\libsrc\dvpsgal.cc">
      <Filter>Source Files</Filter>
    </ClCompile>
    <ClCompile Include="C:\__Dev\dcmtk-3.6.7\dcmpstat\libsrc\dvpsgl.cc">
      <Filter>Source Files</Filter>
    </ClCompile>
    <ClCompile Include="C:\__Dev\dcmtk-3.6.7\dcmpstat\libsrc\dvpsgll.cc">
      <Filter>Source Files</Filter>
    </ClCompile>
    <ClCompile Include="C:\__Dev\dcmtk-3.6.7\dcmpstat\libsrc\dvpsgr.cc">
      <Filter>Source Files</Filter>
    </ClCompile>
    <ClCompile Include="C:\__Dev\dcmtk-3.6.7\dcmpstat\libsrc\dvpsgrl.cc">
      <Filter>Source Files</Filter>
    </ClCompile>
    <ClCompile Include="C:\__Dev\dcmtk-3.6.7\dcmpstat\libsrc\dvpshlp.cc">
      <Filter>Source Files</Filter>
    </ClCompile>
    <ClCompile Include="C:\__Dev\dcmtk-3.6.7\dcmpstat\libsrc\dvpsib.cc">
      <Filter>Source Files</Filter>
    </ClCompile>
    <ClCompile Include="C:\__Dev\dcmtk-3.6.7\dcmpstat\libsrc\dvpsibl.cc">
      <Filter>Source Files</Filter>
    </ClCompile>
    <ClCompile Include="C:\__Dev\dcmtk-3.6.7\dcmpstat\libsrc\dvpsmsg.cc">
      <Filter>Source Files</Filter>
    </ClCompile>
    <ClCompile Include="C:\__Dev\dcmtk-3.6.7\dcmpstat\libsrc\dvpsov.cc">
      <Filter>Source Files</Filter>
    </ClCompile>
    <ClCompile Include="C:\__Dev\dcmtk-3.6.7\dcmpstat\libsrc\dvpsovl.cc">
      <Filter>Source Files</Filter>
    </ClCompile>
    <ClCompile Include="C:\__Dev\dcmtk-3.6.7\dcmpstat\libsrc\dvpspl.cc">
      <Filter>Source Files</Filter>
    </ClCompile>
    <ClCompile Include="C:\__Dev\dcmtk-3.6.7\dcmpstat\libsrc\dvpspl2.cc">
      <Filter>Source Files</Filter>
    </ClCompile>
    <ClCompile Include="C:\__Dev\dcmtk-3.6.7\dcmpstat\libsrc\dvpspll.cc">
      <Filter>Source Files</Filter>
    </ClCompile>
    <ClCompile Include="C:\__Dev\dcmtk-3.6.7\dcmpstat\libsrc\dvpspr.cc">
      <Filter>Source Files</Filter>
    </ClCompile>
    <ClCompile Include="C:\__Dev\dcmtk-3.6.7\dcmpstat\libsrc\dvpsprt.cc">
      <Filter>Source Files</Filter>
    </ClCompile>
    <ClCompile Include="C:\__Dev\dcmtk-3.6.7\dcmpstat\libsrc\dvpsri.cc">
      <Filter>Source Files</Filter>
    </ClCompile>
    <ClCompile Include="C:\__Dev\dcmtk-3.6.7\dcmpstat\libsrc\dvpsril.cc">
      <Filter>Source Files</Filter>
    </ClCompile>
    <ClCompile Include="C:\__Dev\dcmtk-3.6.7\dcmpstat\libsrc\dvpsrs.cc">
      <Filter>Source Files</Filter>
    </ClCompile>
    <ClCompile Include="C:\__Dev\dcmtk-3.6.7\dcmpstat\libsrc\dvpsrsl.cc">
      <Filter>Source Files</Filter>
    </ClCompile>
    <ClCompile Include="C:\__Dev\dcmtk-3.6.7\dcmpstat\libsrc\dvpssp.cc">
      <Filter>Source Files</Filter>
    </ClCompile>
    <ClCompile Include="C:\__Dev\dcmtk-3.6.7\dcmpstat\libsrc\dvpsspl.cc">
      <Filter>Source Files</Filter>
    </ClCompile>
    <ClCompile Include="C:\__Dev\dcmtk-3.6.7\dcmpstat\libsrc\dvpssv.cc">
      <Filter>Source Files</Filter>
    </ClCompile>
    <ClCompile Include="C:\__Dev\dcmtk-3.6.7\dcmpstat\libsrc\dvpssvl.cc">
      <Filter>Source Files</Filter>
    </ClCompile>
    <ClCompile Include="C:\__Dev\dcmtk-3.6.7\dcmpstat\libsrc\dvpstat.cc">
      <Filter>Source Files</Filter>
    </ClCompile>
    <ClCompile Include="C:\__Dev\dcmtk-3.6.7\dcmpstat\libsrc\dvpstx.cc">
      <Filter>Source Files</Filter>
    </ClCompile>
    <ClCompile Include="C:\__Dev\dcmtk-3.6.7\dcmpstat\libsrc\dvpstxl.cc">
      <Filter>Source Files</Filter>
    </ClCompile>
    <ClCompile Include="C:\__Dev\dcmtk-3.6.7\dcmpstat\libsrc\dvpsvl.cc">
      <Filter>Source Files</Filter>
    </ClCompile>
    <ClCompile Include="C:\__Dev\dcmtk-3.6.7\dcmpstat\libsrc\dvpsvll.cc">
      <Filter>Source Files</Filter>
    </ClCompile>
    <ClCompile Include="C:\__Dev\dcmtk-3.6.7\dcmpstat\libsrc\dvpsvw.cc">
      <Filter>Source Files</Filter>
    </ClCompile>
    <ClCompile Include="C:\__Dev\dcmtk-3.6.7\dcmpstat\libsrc\dvpsvwl.cc">
      <Filter>Source Files</Filter>
    </ClCompile>
    <ClCompile Include="C:\__Dev\dcmtk-3.6.7\dcmpstat\libsrc\dvsighdl.cc">
      <Filter>Source Files</Filter>
    </ClCompile>
  </ItemGroup>
  <ItemGroup>
    <CustomBuild Include="C:\__Dev\dcmtk-3.6.7\dcmpstat\libsrc\CMakeLists.txt" />
  </ItemGroup>
  <ItemGroup>
    <Filter Include="Source Files">
      <UniqueIdentifier>{DDF3EA66-5493-3E94-A53C-15DD1E901486}</UniqueIdentifier>
    </Filter>
  </ItemGroup>
</Project>
